// !$*UTF8*$!
{
	archiveVersion = 1;
	classes = {
	};
	objectVersion = 46;
	objects = {

/* Begin PBXBuildFile section */
		E8456E141B52C29700AE93DC /* CEF.swift.h in Headers */ = {isa = PBXBuildFile; fileRef = E8456E131B52C29700AE93DC /* CEF.swift.h */; settings = {ATTRIBUTES = (Public, ); }; };
		E8476A441B545A3C00DFFD91 /* CEFMainArgs.swift in Sources */ = {isa = PBXBuildFile; fileRef = E8476A431B545A3C00DFFD91 /* CEFMainArgs.swift */; };
		E8476A461B5463DF00DFFD91 /* CEFSettings.swift in Sources */ = {isa = PBXBuildFile; fileRef = E8476A451B5463DF00DFFD91 /* CEFSettings.swift */; };
		E8476A481B56F64B00DFFD91 /* CEFResourceBundleHandler.swift in Sources */ = {isa = PBXBuildFile; fileRef = E8476A471B56F64B00DFFD91 /* CEFResourceBundleHandler.swift */; };
		E8476A4A1B56F66200DFFD91 /* CEFBrowserProcessHandler.swift in Sources */ = {isa = PBXBuildFile; fileRef = E8476A491B56F66200DFFD91 /* CEFBrowserProcessHandler.swift */; };
		E8476A4C1B56F67500DFFD91 /* CEFRenderProcessHandler.swift in Sources */ = {isa = PBXBuildFile; fileRef = E8476A4B1B56F67500DFFD91 /* CEFRenderProcessHandler.swift */; };
		E8613E171B52C46D009BDAC9 /* CEFBase.swift in Sources */ = {isa = PBXBuildFile; fileRef = E8613E0D1B52C46D009BDAC9 /* CEFBase.swift */; };
		E8613E181B52C46D009BDAC9 /* CEFCommandLine.swift in Sources */ = {isa = PBXBuildFile; fileRef = E8613E0E1B52C46D009BDAC9 /* CEFCommandLine.swift */; };
		E8613E191B52C46D009BDAC9 /* CEFPOSTData.swift in Sources */ = {isa = PBXBuildFile; fileRef = E8613E0F1B52C46D009BDAC9 /* CEFPOSTData.swift */; };
		E8613E1A1B52C46D009BDAC9 /* CEFPOSTDataElement.swift in Sources */ = {isa = PBXBuildFile; fileRef = E8613E101B52C46D009BDAC9 /* CEFPOSTDataElement.swift */; };
		E8613E1B1B52C46D009BDAC9 /* CEFRequest.swift in Sources */ = {isa = PBXBuildFile; fileRef = E8613E111B52C46D009BDAC9 /* CEFRequest.swift */; };
		E8613E1C1B52C46D009BDAC9 /* CEFResponse.swift in Sources */ = {isa = PBXBuildFile; fileRef = E8613E121B52C46D009BDAC9 /* CEFResponse.swift */; };
		E8613E1D1B52C46D009BDAC9 /* CEFString.swift in Sources */ = {isa = PBXBuildFile; fileRef = E8613E131B52C46D009BDAC9 /* CEFString.swift */; };
		E8613E1E1B52C46D009BDAC9 /* CEFStringList.swift in Sources */ = {isa = PBXBuildFile; fileRef = E8613E141B52C46D009BDAC9 /* CEFStringList.swift */; };
		E8613E1F1B52C46D009BDAC9 /* CEFStringMap.swift in Sources */ = {isa = PBXBuildFile; fileRef = E8613E151B52C46D009BDAC9 /* CEFStringMap.swift */; };
		E8613E201B52C46D009BDAC9 /* CEFStringMultimap.swift in Sources */ = {isa = PBXBuildFile; fileRef = E8613E161B52C46D009BDAC9 /* CEFStringMultimap.swift */; };
		E8613E241B52C51F009BDAC9 /* Chromium Embedded Framework.framework in Frameworks */ = {isa = PBXBuildFile; fileRef = E8613E231B52C51F009BDAC9 /* Chromium Embedded Framework.framework */; };
		E8613E261B52C5B1009BDAC9 /* CEF.swift-Bridging-Header.h in Headers */ = {isa = PBXBuildFile; fileRef = E8613E251B52C5B1009BDAC9 /* CEF.swift-Bridging-Header.h */; };
		E8613E2A1B5317D2009BDAC9 /* CEFApp.swift in Sources */ = {isa = PBXBuildFile; fileRef = E8613E291B5317D2009BDAC9 /* CEFApp.swift */; };
		E8613E2C1B5318EA009BDAC9 /* CEFSchemeRegistrar.swift in Sources */ = {isa = PBXBuildFile; fileRef = E8613E2B1B5318EA009BDAC9 /* CEFSchemeRegistrar.swift */; };
		E8732E031B5BEEF90068F130 /* Chromium Embedded Framework.framework in CopyFiles */ = {isa = PBXBuildFile; fileRef = E8613E231B52C51F009BDAC9 /* Chromium Embedded Framework.framework */; settings = {ATTRIBUTES = (RemoveHeadersOnCopy, ); }; };
		E8CC9D211B5ABB47002948BD /* CEFListValue.swift in Sources */ = {isa = PBXBuildFile; fileRef = E8CC9D201B5ABB47002948BD /* CEFListValue.swift */; };
		E8CC9D231B5AC3A0002948BD /* CEFValue.swift in Sources */ = {isa = PBXBuildFile; fileRef = E8CC9D221B5AC3A0002948BD /* CEFValue.swift */; };
		E8CC9D251B5AC4F3002948BD /* CEFDictionaryValue.swift in Sources */ = {isa = PBXBuildFile; fileRef = E8CC9D241B5AC4F3002948BD /* CEFDictionaryValue.swift */; };
		E8CC9D271B5AC8E2002948BD /* CEFBinaryValue.swift in Sources */ = {isa = PBXBuildFile; fileRef = E8CC9D261B5AC8E2002948BD /* CEFBinaryValue.swift */; };
		E8CC9D291B5AF157002948BD /* CEFClient.swift in Sources */ = {isa = PBXBuildFile; fileRef = E8CC9D281B5AF157002948BD /* CEFClient.swift */; };
		E8CC9D311B5AF47B002948BD /* AppDelegate.swift in Sources */ = {isa = PBXBuildFile; fileRef = E8CC9D301B5AF47B002948BD /* AppDelegate.swift */; };
		E8CC9D331B5AF47B002948BD /* Assets.xcassets in Resources */ = {isa = PBXBuildFile; fileRef = E8CC9D321B5AF47B002948BD /* Assets.xcassets */; };
		E8CC9D361B5AF47B002948BD /* MainMenu.xib in Resources */ = {isa = PBXBuildFile; fileRef = E8CC9D341B5AF47B002948BD /* MainMenu.xib */; };
		E8CC9D3C1B5AF516002948BD /* main.swift in Sources */ = {isa = PBXBuildFile; fileRef = E8CC9D3B1B5AF516002948BD /* main.swift */; };
		E8CC9D3F1B5AF601002948BD /* CEFswift.framework in Frameworks */ = {isa = PBXBuildFile; fileRef = E8456E101B52C29700AE93DC /* CEFswift.framework */; };
		E8CC9D401B5AF648002948BD /* Chromium Embedded Framework.framework in Frameworks */ = {isa = PBXBuildFile; fileRef = E8613E231B52C51F009BDAC9 /* Chromium Embedded Framework.framework */; };
/* End PBXBuildFile section */

/* Begin PBXContainerItemProxy section */
		E8CC9D3D1B5AF5F9002948BD /* PBXContainerItemProxy */ = {
			isa = PBXContainerItemProxy;
			containerPortal = E8456E071B52C29700AE93DC /* Project object */;
			proxyType = 1;
			remoteGlobalIDString = E8456E0F1B52C29700AE93DC;
			remoteInfo = CEF.swift;
		};
/* End PBXContainerItemProxy section */

/* Begin PBXCopyFilesBuildPhase section */
		E8732E021B5BEEF10068F130 /* CopyFiles */ = {
			isa = PBXCopyFilesBuildPhase;
			buildActionMask = 2147483647;
			dstPath = "";
			dstSubfolderSpec = 10;
			files = (
				E8732E031B5BEEF90068F130 /* Chromium Embedded Framework.framework in CopyFiles */,
			);
			runOnlyForDeploymentPostprocessing = 0;
		};
/* End PBXCopyFilesBuildPhase section */

/* Begin PBXFileReference section */
		E8456E101B52C29700AE93DC /* CEFswift.framework */ = {isa = PBXFileReference; explicitFileType = wrapper.framework; includeInIndex = 0; path = CEFswift.framework; sourceTree = BUILT_PRODUCTS_DIR; };
		E8456E131B52C29700AE93DC /* CEF.swift.h */ = {isa = PBXFileReference; lastKnownFileType = sourcecode.c.h; path = CEF.swift.h; sourceTree = "<group>"; };
		E8456E151B52C29700AE93DC /* Info.plist */ = {isa = PBXFileReference; lastKnownFileType = text.plist.xml; path = Info.plist; sourceTree = "<group>"; };
		E8476A431B545A3C00DFFD91 /* CEFMainArgs.swift */ = {isa = PBXFileReference; fileEncoding = 4; lastKnownFileType = sourcecode.swift; path = CEFMainArgs.swift; sourceTree = "<group>"; };
		E8476A451B5463DF00DFFD91 /* CEFSettings.swift */ = {isa = PBXFileReference; fileEncoding = 4; lastKnownFileType = sourcecode.swift; path = CEFSettings.swift; sourceTree = "<group>"; };
		E8476A471B56F64B00DFFD91 /* CEFResourceBundleHandler.swift */ = {isa = PBXFileReference; fileEncoding = 4; lastKnownFileType = sourcecode.swift; path = CEFResourceBundleHandler.swift; sourceTree = "<group>"; };
		E8476A491B56F66200DFFD91 /* CEFBrowserProcessHandler.swift */ = {isa = PBXFileReference; fileEncoding = 4; lastKnownFileType = sourcecode.swift; path = CEFBrowserProcessHandler.swift; sourceTree = "<group>"; };
		E8476A4B1B56F67500DFFD91 /* CEFRenderProcessHandler.swift */ = {isa = PBXFileReference; fileEncoding = 4; lastKnownFileType = sourcecode.swift; path = CEFRenderProcessHandler.swift; sourceTree = "<group>"; };
		E8613E0D1B52C46D009BDAC9 /* CEFBase.swift */ = {isa = PBXFileReference; fileEncoding = 4; lastKnownFileType = sourcecode.swift; path = CEFBase.swift; sourceTree = "<group>"; };
		E8613E0E1B52C46D009BDAC9 /* CEFCommandLine.swift */ = {isa = PBXFileReference; fileEncoding = 4; lastKnownFileType = sourcecode.swift; path = CEFCommandLine.swift; sourceTree = "<group>"; };
		E8613E0F1B52C46D009BDAC9 /* CEFPOSTData.swift */ = {isa = PBXFileReference; fileEncoding = 4; lastKnownFileType = sourcecode.swift; path = CEFPOSTData.swift; sourceTree = "<group>"; };
		E8613E101B52C46D009BDAC9 /* CEFPOSTDataElement.swift */ = {isa = PBXFileReference; fileEncoding = 4; lastKnownFileType = sourcecode.swift; path = CEFPOSTDataElement.swift; sourceTree = "<group>"; };
		E8613E111B52C46D009BDAC9 /* CEFRequest.swift */ = {isa = PBXFileReference; fileEncoding = 4; lastKnownFileType = sourcecode.swift; path = CEFRequest.swift; sourceTree = "<group>"; };
		E8613E121B52C46D009BDAC9 /* CEFResponse.swift */ = {isa = PBXFileReference; fileEncoding = 4; lastKnownFileType = sourcecode.swift; path = CEFResponse.swift; sourceTree = "<group>"; };
		E8613E131B52C46D009BDAC9 /* CEFString.swift */ = {isa = PBXFileReference; fileEncoding = 4; lastKnownFileType = sourcecode.swift; path = CEFString.swift; sourceTree = "<group>"; };
		E8613E141B52C46D009BDAC9 /* CEFStringList.swift */ = {isa = PBXFileReference; fileEncoding = 4; lastKnownFileType = sourcecode.swift; path = CEFStringList.swift; sourceTree = "<group>"; };
		E8613E151B52C46D009BDAC9 /* CEFStringMap.swift */ = {isa = PBXFileReference; fileEncoding = 4; lastKnownFileType = sourcecode.swift; path = CEFStringMap.swift; sourceTree = "<group>"; };
		E8613E161B52C46D009BDAC9 /* CEFStringMultimap.swift */ = {isa = PBXFileReference; fileEncoding = 4; lastKnownFileType = sourcecode.swift; path = CEFStringMultimap.swift; sourceTree = "<group>"; };
		E8613E231B52C51F009BDAC9 /* Chromium Embedded Framework.framework */ = {isa = PBXFileReference; lastKnownFileType = wrapper.framework; name = "Chromium Embedded Framework.framework"; path = "External/cef_binary/Debug/Chromium Embedded Framework.framework"; sourceTree = SOURCE_ROOT; };
		E8613E251B52C5B1009BDAC9 /* CEF.swift-Bridging-Header.h */ = {isa = PBXFileReference; fileEncoding = 4; lastKnownFileType = sourcecode.c.h; path = "CEF.swift-Bridging-Header.h"; sourceTree = "<group>"; };
		E8613E291B5317D2009BDAC9 /* CEFApp.swift */ = {isa = PBXFileReference; fileEncoding = 4; lastKnownFileType = sourcecode.swift; path = CEFApp.swift; sourceTree = "<group>"; };
		E8613E2B1B5318EA009BDAC9 /* CEFSchemeRegistrar.swift */ = {isa = PBXFileReference; fileEncoding = 4; lastKnownFileType = sourcecode.swift; path = CEFSchemeRegistrar.swift; sourceTree = "<group>"; };
		E8732E011B5BE1E40068F130 /* cef_application_mac_capi.h */ = {isa = PBXFileReference; lastKnownFileType = sourcecode.c.h; path = cef_application_mac_capi.h; sourceTree = "<group>"; };
		E8CC9D201B5ABB47002948BD /* CEFListValue.swift */ = {isa = PBXFileReference; fileEncoding = 4; lastKnownFileType = sourcecode.swift; path = CEFListValue.swift; sourceTree = "<group>"; };
		E8CC9D221B5AC3A0002948BD /* CEFValue.swift */ = {isa = PBXFileReference; fileEncoding = 4; lastKnownFileType = sourcecode.swift; path = CEFValue.swift; sourceTree = "<group>"; };
		E8CC9D241B5AC4F3002948BD /* CEFDictionaryValue.swift */ = {isa = PBXFileReference; fileEncoding = 4; lastKnownFileType = sourcecode.swift; path = CEFDictionaryValue.swift; sourceTree = "<group>"; };
		E8CC9D261B5AC8E2002948BD /* CEFBinaryValue.swift */ = {isa = PBXFileReference; fileEncoding = 4; lastKnownFileType = sourcecode.swift; path = CEFBinaryValue.swift; sourceTree = "<group>"; };
		E8CC9D281B5AF157002948BD /* CEFClient.swift */ = {isa = PBXFileReference; fileEncoding = 4; lastKnownFileType = sourcecode.swift; path = CEFClient.swift; sourceTree = "<group>"; };
		E8CC9D2E1B5AF47B002948BD /* CEFDemo.app */ = {isa = PBXFileReference; explicitFileType = wrapper.application; includeInIndex = 0; path = CEFDemo.app; sourceTree = BUILT_PRODUCTS_DIR; };
		E8CC9D301B5AF47B002948BD /* AppDelegate.swift */ = {isa = PBXFileReference; lastKnownFileType = sourcecode.swift; path = AppDelegate.swift; sourceTree = "<group>"; };
		E8CC9D321B5AF47B002948BD /* Assets.xcassets */ = {isa = PBXFileReference; lastKnownFileType = folder.assetcatalog; path = Assets.xcassets; sourceTree = "<group>"; };
		E8CC9D351B5AF47B002948BD /* Base */ = {isa = PBXFileReference; lastKnownFileType = file.xib; name = Base; path = Base.lproj/MainMenu.xib; sourceTree = "<group>"; };
		E8CC9D371B5AF47B002948BD /* Info.plist */ = {isa = PBXFileReference; lastKnownFileType = text.plist.xml; path = Info.plist; sourceTree = "<group>"; };
		E8CC9D3B1B5AF516002948BD /* main.swift */ = {isa = PBXFileReference; fileEncoding = 4; lastKnownFileType = sourcecode.swift; path = main.swift; sourceTree = "<group>"; };
		E8CC9EA31B5B042D002948BD /* CEFDemo-Bridging-Header.h */ = {isa = PBXFileReference; lastKnownFileType = sourcecode.c.h; path = "CEFDemo-Bridging-Header.h"; sourceTree = "<group>"; };
/* End PBXFileReference section */

/* Begin PBXFrameworksBuildPhase section */
		E8456E0C1B52C29700AE93DC /* Frameworks */ = {
			isa = PBXFrameworksBuildPhase;
			buildActionMask = 2147483647;
			files = (
				E8613E241B52C51F009BDAC9 /* Chromium Embedded Framework.framework in Frameworks */,
			);
			runOnlyForDeploymentPostprocessing = 0;
		};
		E8CC9D2B1B5AF47B002948BD /* Frameworks */ = {
			isa = PBXFrameworksBuildPhase;
			buildActionMask = 2147483647;
			files = (
				E8CC9D401B5AF648002948BD /* Chromium Embedded Framework.framework in Frameworks */,
				E8CC9D3F1B5AF601002948BD /* CEFswift.framework in Frameworks */,
			);
			runOnlyForDeploymentPostprocessing = 0;
		};
/* End PBXFrameworksBuildPhase section */

/* Begin PBXGroup section */
		E8456E061B52C29700AE93DC = {
			isa = PBXGroup;
			children = (
				E8613E231B52C51F009BDAC9 /* Chromium Embedded Framework.framework */,
				E8456E121B52C29700AE93DC /* CEF.swift */,
				E8CC9D2F1B5AF47B002948BD /* CEFDemo */,
				E8456E111B52C29700AE93DC /* Products */,
			);
			sourceTree = "<group>";
		};
		E8456E111B52C29700AE93DC /* Products */ = {
			isa = PBXGroup;
			children = (
				E8456E101B52C29700AE93DC /* CEFswift.framework */,
				E8CC9D2E1B5AF47B002948BD /* CEFDemo.app */,
			);
			name = Products;
			sourceTree = "<group>";
		};
		E8456E121B52C29700AE93DC /* CEF.swift */ = {
			isa = PBXGroup;
			children = (
				E8613E251B52C5B1009BDAC9 /* CEF.swift-Bridging-Header.h */,
				E8456E131B52C29700AE93DC /* CEF.swift.h */,
				E8613E291B5317D2009BDAC9 /* CEFApp.swift */,
				E8613E0D1B52C46D009BDAC9 /* CEFBase.swift */,
				E8CC9D261B5AC8E2002948BD /* CEFBinaryValue.swift */,
				E8476A491B56F66200DFFD91 /* CEFBrowserProcessHandler.swift */,
				E8CC9D281B5AF157002948BD /* CEFClient.swift */,
				E8613E0E1B52C46D009BDAC9 /* CEFCommandLine.swift */,
				E8CC9D241B5AC4F3002948BD /* CEFDictionaryValue.swift */,
				E8CC9D201B5ABB47002948BD /* CEFListValue.swift */,
				E8476A431B545A3C00DFFD91 /* CEFMainArgs.swift */,
				E8613E0F1B52C46D009BDAC9 /* CEFPOSTData.swift */,
				E8613E101B52C46D009BDAC9 /* CEFPOSTDataElement.swift */,
				E8476A4B1B56F67500DFFD91 /* CEFRenderProcessHandler.swift */,
				E8613E111B52C46D009BDAC9 /* CEFRequest.swift */,
				E8476A471B56F64B00DFFD91 /* CEFResourceBundleHandler.swift */,
				E8613E121B52C46D009BDAC9 /* CEFResponse.swift */,
				E8613E2B1B5318EA009BDAC9 /* CEFSchemeRegistrar.swift */,
				E8476A451B5463DF00DFFD91 /* CEFSettings.swift */,
				E8613E131B52C46D009BDAC9 /* CEFString.swift */,
				E8613E141B52C46D009BDAC9 /* CEFStringList.swift */,
				E8613E151B52C46D009BDAC9 /* CEFStringMap.swift */,
				E8613E161B52C46D009BDAC9 /* CEFStringMultimap.swift */,
				E8CC9D221B5AC3A0002948BD /* CEFValue.swift */,
				E8456E151B52C29700AE93DC /* Info.plist */,
			);
			path = CEF.swift;
			sourceTree = "<group>";
		};
		E8CC9D2F1B5AF47B002948BD /* CEFDemo */ = {
			isa = PBXGroup;
			children = (
				E8CC9D301B5AF47B002948BD /* AppDelegate.swift */,
				E8CC9D321B5AF47B002948BD /* Assets.xcassets */,
				E8CC9D341B5AF47B002948BD /* MainMenu.xib */,
				E8CC9D371B5AF47B002948BD /* Info.plist */,
				E8CC9D3B1B5AF516002948BD /* main.swift */,
				E8CC9EA31B5B042D002948BD /* CEFDemo-Bridging-Header.h */,
				E8732E011B5BE1E40068F130 /* cef_application_mac_capi.h */,
			);
			path = CEFDemo;
			sourceTree = "<group>";
		};
/* End PBXGroup section */

/* Begin PBXHeadersBuildPhase section */
		E8456E0D1B52C29700AE93DC /* Headers */ = {
			isa = PBXHeadersBuildPhase;
			buildActionMask = 2147483647;
			files = (
				E8456E141B52C29700AE93DC /* CEF.swift.h in Headers */,
				E8613E261B52C5B1009BDAC9 /* CEF.swift-Bridging-Header.h in Headers */,
			);
			runOnlyForDeploymentPostprocessing = 0;
		};
/* End PBXHeadersBuildPhase section */

/* Begin PBXNativeTarget section */
		E8456E0F1B52C29700AE93DC /* CEF.swift */ = {
			isa = PBXNativeTarget;
			buildConfigurationList = E8456E181B52C29700AE93DC /* Build configuration list for PBXNativeTarget "CEF.swift" */;
			buildPhases = (
				E8456E0B1B52C29700AE93DC /* Sources */,
				E8456E0C1B52C29700AE93DC /* Frameworks */,
				E8456E0D1B52C29700AE93DC /* Headers */,
				E8456E0E1B52C29700AE93DC /* Resources */,
			);
			buildRules = (
			);
			dependencies = (
			);
			name = CEF.swift;
			productName = CEF.swift;
			productReference = E8456E101B52C29700AE93DC /* CEFswift.framework */;
			productType = "com.apple.product-type.framework";
		};
		E8CC9D2D1B5AF47B002948BD /* CEFDemo */ = {
			isa = PBXNativeTarget;
			buildConfigurationList = E8CC9D381B5AF47B002948BD /* Build configuration list for PBXNativeTarget "CEFDemo" */;
			buildPhases = (
				E8CC9D2A1B5AF47B002948BD /* Sources */,
				E8CC9D2B1B5AF47B002948BD /* Frameworks */,
				E8CC9D2C1B5AF47B002948BD /* Resources */,
				E8732E021B5BEEF10068F130 /* CopyFiles */,
			);
			buildRules = (
			);
			dependencies = (
				E8CC9D3E1B5AF5F9002948BD /* PBXTargetDependency */,
			);
			name = CEFDemo;
			productName = CEFDemo;
			productReference = E8CC9D2E1B5AF47B002948BD /* CEFDemo.app */;
			productType = "com.apple.product-type.application";
		};
/* End PBXNativeTarget section */

/* Begin PBXProject section */
		E8456E071B52C29700AE93DC /* Project object */ = {
			isa = PBXProject;
			attributes = {
				LastSwiftUpdateCheck = 0700;
				LastUpgradeCheck = 0700;
				ORGANIZATIONNAME = "Tamas Lustyik";
				TargetAttributes = {
					E8456E0F1B52C29700AE93DC = {
						CreatedOnToolsVersion = 7.0;
					};
					E8CC9D2D1B5AF47B002948BD = {
						CreatedOnToolsVersion = 7.0;
					};
				};
			};
			buildConfigurationList = E8456E0A1B52C29700AE93DC /* Build configuration list for PBXProject "CEF.swift" */;
			compatibilityVersion = "Xcode 3.2";
			developmentRegion = English;
			hasScannedForEncodings = 0;
			knownRegions = (
				en,
				Base,
			);
			mainGroup = E8456E061B52C29700AE93DC;
			productRefGroup = E8456E111B52C29700AE93DC /* Products */;
			projectDirPath = "";
			projectRoot = "";
			targets = (
				E8456E0F1B52C29700AE93DC /* CEF.swift */,
				E8CC9D2D1B5AF47B002948BD /* CEFDemo */,
			);
		};
/* End PBXProject section */

/* Begin PBXResourcesBuildPhase section */
		E8456E0E1B52C29700AE93DC /* Resources */ = {
			isa = PBXResourcesBuildPhase;
			buildActionMask = 2147483647;
			files = (
			);
			runOnlyForDeploymentPostprocessing = 0;
		};
		E8CC9D2C1B5AF47B002948BD /* Resources */ = {
			isa = PBXResourcesBuildPhase;
			buildActionMask = 2147483647;
			files = (
				E8CC9D331B5AF47B002948BD /* Assets.xcassets in Resources */,
				E8CC9D361B5AF47B002948BD /* MainMenu.xib in Resources */,
			);
			runOnlyForDeploymentPostprocessing = 0;
		};
/* End PBXResourcesBuildPhase section */

/* Begin PBXSourcesBuildPhase section */
		E8456E0B1B52C29700AE93DC /* Sources */ = {
			isa = PBXSourcesBuildPhase;
			buildActionMask = 2147483647;
			files = (
				E8613E181B52C46D009BDAC9 /* CEFCommandLine.swift in Sources */,
				E8613E171B52C46D009BDAC9 /* CEFBase.swift in Sources */,
				E8613E1F1B52C46D009BDAC9 /* CEFStringMap.swift in Sources */,
				E8476A481B56F64B00DFFD91 /* CEFResourceBundleHandler.swift in Sources */,
				E8613E191B52C46D009BDAC9 /* CEFPOSTData.swift in Sources */,
				E8613E1B1B52C46D009BDAC9 /* CEFRequest.swift in Sources */,
				E8CC9D231B5AC3A0002948BD /* CEFValue.swift in Sources */,
				E8613E2C1B5318EA009BDAC9 /* CEFSchemeRegistrar.swift in Sources */,
				E8613E1D1B52C46D009BDAC9 /* CEFString.swift in Sources */,
				E8476A4A1B56F66200DFFD91 /* CEFBrowserProcessHandler.swift in Sources */,
				E8476A4C1B56F67500DFFD91 /* CEFRenderProcessHandler.swift in Sources */,
				E8CC9D291B5AF157002948BD /* CEFClient.swift in Sources */,
				E8613E1A1B52C46D009BDAC9 /* CEFPOSTDataElement.swift in Sources */,
				E8613E1C1B52C46D009BDAC9 /* CEFResponse.swift in Sources */,
				E8476A441B545A3C00DFFD91 /* CEFMainArgs.swift in Sources */,
				E8613E2A1B5317D2009BDAC9 /* CEFApp.swift in Sources */,
				E8613E201B52C46D009BDAC9 /* CEFStringMultimap.swift in Sources */,
				E8CC9D271B5AC8E2002948BD /* CEFBinaryValue.swift in Sources */,
				E8CC9D251B5AC4F3002948BD /* CEFDictionaryValue.swift in Sources */,
				E8613E1E1B52C46D009BDAC9 /* CEFStringList.swift in Sources */,
				E8CC9D211B5ABB47002948BD /* CEFListValue.swift in Sources */,
				E8476A461B5463DF00DFFD91 /* CEFSettings.swift in Sources */,
			);
			runOnlyForDeploymentPostprocessing = 0;
		};
		E8CC9D2A1B5AF47B002948BD /* Sources */ = {
			isa = PBXSourcesBuildPhase;
			buildActionMask = 2147483647;
			files = (
				E8CC9D3C1B5AF516002948BD /* main.swift in Sources */,
				E8CC9D311B5AF47B002948BD /* AppDelegate.swift in Sources */,
			);
			runOnlyForDeploymentPostprocessing = 0;
		};
/* End PBXSourcesBuildPhase section */

/* Begin PBXTargetDependency section */
		E8CC9D3E1B5AF5F9002948BD /* PBXTargetDependency */ = {
			isa = PBXTargetDependency;
			target = E8456E0F1B52C29700AE93DC /* CEF.swift */;
			targetProxy = E8CC9D3D1B5AF5F9002948BD /* PBXContainerItemProxy */;
		};
/* End PBXTargetDependency section */

/* Begin PBXVariantGroup section */
		E8CC9D341B5AF47B002948BD /* MainMenu.xib */ = {
			isa = PBXVariantGroup;
			children = (
				E8CC9D351B5AF47B002948BD /* Base */,
			);
			name = MainMenu.xib;
			sourceTree = "<group>";
		};
/* End PBXVariantGroup section */

/* Begin XCBuildConfiguration section */
		E8456E161B52C29700AE93DC /* Debug */ = {
			isa = XCBuildConfiguration;
			buildSettings = {
				ALWAYS_SEARCH_USER_PATHS = NO;
				CEF_BINARY_ROOT = "$(SRCROOT)/External/cef_binary";
				CLANG_CXX_LANGUAGE_STANDARD = "gnu++0x";
				CLANG_CXX_LIBRARY = "libc++";
				CLANG_ENABLE_MODULES = YES;
				CLANG_ENABLE_OBJC_ARC = YES;
				CLANG_WARN_BOOL_CONVERSION = YES;
				CLANG_WARN_CONSTANT_CONVERSION = YES;
				CLANG_WARN_DIRECT_OBJC_ISA_USAGE = YES_ERROR;
				CLANG_WARN_EMPTY_BODY = YES;
				CLANG_WARN_ENUM_CONVERSION = YES;
				CLANG_WARN_INT_CONVERSION = YES;
				CLANG_WARN_OBJC_ROOT_CLASS = YES_ERROR;
				CLANG_WARN_UNREACHABLE_CODE = YES;
				CLANG_WARN__DUPLICATE_METHOD_MATCH = YES;
				COPY_PHASE_STRIP = NO;
				CURRENT_PROJECT_VERSION = 1;
				DEBUG_INFORMATION_FORMAT = dwarf;
				ENABLE_STRICT_OBJC_MSGSEND = YES;
				ENABLE_TESTABILITY = YES;
				GCC_C_LANGUAGE_STANDARD = gnu99;
				GCC_DYNAMIC_NO_PIC = NO;
				GCC_NO_COMMON_BLOCKS = YES;
				GCC_OPTIMIZATION_LEVEL = 0;
				GCC_PREPROCESSOR_DEFINITIONS = (
					"DEBUG=1",
					"$(inherited)",
				);
				GCC_WARN_64_TO_32_BIT_CONVERSION = YES;
				GCC_WARN_ABOUT_RETURN_TYPE = YES_ERROR;
				GCC_WARN_UNDECLARED_SELECTOR = YES;
				GCC_WARN_UNINITIALIZED_AUTOS = YES_AGGRESSIVE;
				GCC_WARN_UNUSED_FUNCTION = YES;
				GCC_WARN_UNUSED_VARIABLE = YES;
				MACOSX_DEPLOYMENT_TARGET = 10.10;
				MTL_ENABLE_DEBUG_INFO = YES;
				ONLY_ACTIVE_ARCH = YES;
				SDKROOT = macosx;
				SWIFT_OPTIMIZATION_LEVEL = "-Onone";
				VERSIONING_SYSTEM = "apple-generic";
				VERSION_INFO_PREFIX = "";
			};
			name = Debug;
		};
		E8456E171B52C29700AE93DC /* Release */ = {
			isa = XCBuildConfiguration;
			buildSettings = {
				ALWAYS_SEARCH_USER_PATHS = NO;
				CEF_BINARY_ROOT = "$(SRCROOT)/External/cef_binary";
				CLANG_CXX_LANGUAGE_STANDARD = "gnu++0x";
				CLANG_CXX_LIBRARY = "libc++";
				CLANG_ENABLE_MODULES = YES;
				CLANG_ENABLE_OBJC_ARC = YES;
				CLANG_WARN_BOOL_CONVERSION = YES;
				CLANG_WARN_CONSTANT_CONVERSION = YES;
				CLANG_WARN_DIRECT_OBJC_ISA_USAGE = YES_ERROR;
				CLANG_WARN_EMPTY_BODY = YES;
				CLANG_WARN_ENUM_CONVERSION = YES;
				CLANG_WARN_INT_CONVERSION = YES;
				CLANG_WARN_OBJC_ROOT_CLASS = YES_ERROR;
				CLANG_WARN_UNREACHABLE_CODE = YES;
				CLANG_WARN__DUPLICATE_METHOD_MATCH = YES;
				COPY_PHASE_STRIP = NO;
				CURRENT_PROJECT_VERSION = 1;
				DEBUG_INFORMATION_FORMAT = "dwarf-with-dsym";
				ENABLE_NS_ASSERTIONS = NO;
				ENABLE_STRICT_OBJC_MSGSEND = YES;
				GCC_C_LANGUAGE_STANDARD = gnu99;
				GCC_NO_COMMON_BLOCKS = YES;
				GCC_WARN_64_TO_32_BIT_CONVERSION = YES;
				GCC_WARN_ABOUT_RETURN_TYPE = YES_ERROR;
				GCC_WARN_UNDECLARED_SELECTOR = YES;
				GCC_WARN_UNINITIALIZED_AUTOS = YES_AGGRESSIVE;
				GCC_WARN_UNUSED_FUNCTION = YES;
				GCC_WARN_UNUSED_VARIABLE = YES;
				MACOSX_DEPLOYMENT_TARGET = 10.10;
				MTL_ENABLE_DEBUG_INFO = NO;
				SDKROOT = macosx;
				VERSIONING_SYSTEM = "apple-generic";
				VERSION_INFO_PREFIX = "";
			};
			name = Release;
		};
		E8456E191B52C29700AE93DC /* Debug */ = {
			isa = XCBuildConfiguration;
			buildSettings = {
				CLANG_ENABLE_MODULES = YES;
				COMBINE_HIDPI_IMAGES = YES;
				DEFINES_MODULE = YES;
				DYLIB_COMPATIBILITY_VERSION = 1;
				DYLIB_CURRENT_VERSION = 1;
				DYLIB_INSTALL_NAME_BASE = "@rpath";
				FRAMEWORK_SEARCH_PATHS = "$(CEF_BINARY_ROOT)/Debug";
				FRAMEWORK_VERSION = A;
				HEADER_SEARCH_PATHS = "$(CEF_BINARY_ROOT)";
				INFOPLIST_FILE = CEF.swift/Info.plist;
				INSTALL_PATH = "$(LOCAL_LIBRARY_DIR)/Frameworks";
				LD_RUNPATH_SEARCH_PATHS = "$(inherited) @executable_path/../Frameworks @loader_path/Frameworks";
				LIBRARY_SEARCH_PATHS = "$(CEF_BINARY_ROOT)/build/Debug";
				PRODUCT_BUNDLE_IDENTIFIER = "me.cocoagrinder.CEF-swift";
				PRODUCT_NAME = CEFswift;
				SKIP_INSTALL = YES;
				SWIFT_OBJC_BRIDGING_HEADER = "CEF.swift/CEF.swift-Bridging-Header.h";
				SWIFT_OPTIMIZATION_LEVEL = "-Onone";
			};
			name = Debug;
		};
		E8456E1A1B52C29700AE93DC /* Release */ = {
			isa = XCBuildConfiguration;
			buildSettings = {
				CLANG_ENABLE_MODULES = YES;
				COMBINE_HIDPI_IMAGES = YES;
				DEFINES_MODULE = YES;
				DYLIB_COMPATIBILITY_VERSION = 1;
				DYLIB_CURRENT_VERSION = 1;
				DYLIB_INSTALL_NAME_BASE = "@rpath";
				FRAMEWORK_SEARCH_PATHS = "$(CEF_BINARY_ROOT)/Debug";
				FRAMEWORK_VERSION = A;
				HEADER_SEARCH_PATHS = "$(CEF_BINARY_ROOT)";
				INFOPLIST_FILE = CEF.swift/Info.plist;
				INSTALL_PATH = "$(LOCAL_LIBRARY_DIR)/Frameworks";
				LD_RUNPATH_SEARCH_PATHS = "$(inherited) @executable_path/../Frameworks @loader_path/Frameworks";
				LIBRARY_SEARCH_PATHS = "$(CEF_BINARY_ROOT)/build/Debug";
				PRODUCT_BUNDLE_IDENTIFIER = "me.cocoagrinder.CEF-swift";
				PRODUCT_NAME = CEFswift;
				SKIP_INSTALL = YES;
				SWIFT_OBJC_BRIDGING_HEADER = "CEF.swift/CEF.swift-Bridging-Header.h";
			};
			name = Release;
		};
		E8CC9D391B5AF47B002948BD /* Debug */ = {
			isa = XCBuildConfiguration;
			buildSettings = {
				ASSETCATALOG_COMPILER_APPICON_NAME = AppIcon;
				COMBINE_HIDPI_IMAGES = YES;
				FRAMEWORK_SEARCH_PATHS = "$(CEF_BINARY_ROOT)/Debug";
				HEADER_SEARCH_PATHS = "$(CEF_BINARY_ROOT)";
				INFOPLIST_FILE = CEFDemo/Info.plist;
				LD_RUNPATH_SEARCH_PATHS = "$(inherited) @executable_path/../Frameworks";
				LIBRARY_SEARCH_PATHS = "$(CEF_BINARY_ROOT)/build/Debug";
				PRODUCT_BUNDLE_IDENTIFIER = me.cocoagrinder.CEFDemo;
				PRODUCT_NAME = "$(TARGET_NAME)";
				SWIFT_OBJC_BRIDGING_HEADER = "CEFDemo/CEFDemo-Bridging-Header.h";
			};
			name = Debug;
		};
		E8CC9D3A1B5AF47B002948BD /* Release */ = {
			isa = XCBuildConfiguration;
			buildSettings = {
				ASSETCATALOG_COMPILER_APPICON_NAME = AppIcon;
				COMBINE_HIDPI_IMAGES = YES;
				FRAMEWORK_SEARCH_PATHS = "$(CEF_BINARY_ROOT)/Debug";
				HEADER_SEARCH_PATHS = "$(CEF_BINARY_ROOT)";
				INFOPLIST_FILE = CEFDemo/Info.plist;
				LD_RUNPATH_SEARCH_PATHS = "$(inherited) @executable_path/../Frameworks";
				LIBRARY_SEARCH_PATHS = "$(CEF_BINARY_ROOT)/build/Debug";
				PRODUCT_BUNDLE_IDENTIFIER = me.cocoagrinder.CEFDemo;
				PRODUCT_NAME = "$(TARGET_NAME)";
				SWIFT_OBJC_BRIDGING_HEADER = "CEFDemo/CEFDemo-Bridging-Header.h";
			};
			name = Release;
		};
/* End XCBuildConfiguration section */

/* Begin XCConfigurationList section */
		E8456E0A1B52C29700AE93DC /* Build configuration list for PBXProject "CEF.swift" */ = {
			isa = XCConfigurationList;
			buildConfigurations = (
				E8456E161B52C29700AE93DC /* Debug */,
				E8456E171B52C29700AE93DC /* Release */,
			);
			defaultConfigurationIsVisible = 0;
			defaultConfigurationName = Release;
		};
		E8456E181B52C29700AE93DC /* Build configuration list for PBXNativeTarget "CEF.swift" */ = {
			isa = XCConfigurationList;
			buildConfigurations = (
				E8456E191B52C29700AE93DC /* Debug */,
				E8456E1A1B52C29700AE93DC /* Release */,
			);
			defaultConfigurationIsVisible = 0;
			defaultConfigurationName = Release;
		};
		E8CC9D381B5AF47B002948BD /* Build configuration list for PBXNativeTarget "CEFDemo" */ = {
			isa = XCConfigurationList;
			buildConfigurations = (
				E8CC9D391B5AF47B002948BD /* Debug */,
				E8CC9D3A1B5AF47B002948BD /* Release */,
			);
			defaultConfigurationIsVisible = 0;
			defaultConfigurationName = Release;
		};
/* End XCConfigurationList section */
	};
	rootObject = E8456E071B52C29700AE93DC /* Project object */;
}
