// !$*UTF8*$!
{
	archiveVersion = 1;
	classes = {
	};
	objectVersion = 46;
	objects = {

/* Begin PBXBuildFile section */
		E8456E141B52C29700AE93DC /* CEF.swift.h in Headers */ = {isa = PBXBuildFile; fileRef = E8456E131B52C29700AE93DC /* CEF.swift.h */; settings = {ATTRIBUTES = (Public, ); }; };
		E8613E241B52C51F009BDAC9 /* Chromium Embedded Framework.framework in Frameworks */ = {isa = PBXBuildFile; fileRef = E8613E231B52C51F009BDAC9 /* Chromium Embedded Framework.framework */; };
		E8613E261B52C5B1009BDAC9 /* CEF.swift-Bridging-Header.h in Headers */ = {isa = PBXBuildFile; fileRef = E8613E251B52C5B1009BDAC9 /* CEF.swift-Bridging-Header.h */; };
		E8732E031B5BEEF90068F130 /* Chromium Embedded Framework.framework in CopyFiles */ = {isa = PBXBuildFile; fileRef = E8613E231B52C51F009BDAC9 /* Chromium Embedded Framework.framework */; settings = {ATTRIBUTES = (RemoveHeadersOnCopy, ); }; };
		E8898B151B69654C009E0DFF /* CEFBase.swift in Sources */ = {isa = PBXBuildFile; fileRef = E8898AED1B69654C009E0DFF /* CEFBase.swift */; };
		E8898B161B69654C009E0DFF /* CEFMarshaller.swift in Sources */ = {isa = PBXBuildFile; fileRef = E8898AEE1B69654C009E0DFF /* CEFMarshaller.swift */; };
		E8898B171B69654C009E0DFF /* CEFApp.swift in Sources */ = {isa = PBXBuildFile; fileRef = E8898AF01B69654C009E0DFF /* CEFApp.swift */; };
		E8898B181B69654C009E0DFF /* CEFBrowserProcessHandler.swift in Sources */ = {isa = PBXBuildFile; fileRef = E8898AF11B69654C009E0DFF /* CEFBrowserProcessHandler.swift */; };
		E8898B191B69654C009E0DFF /* CEFClient.swift in Sources */ = {isa = PBXBuildFile; fileRef = E8898AF21B69654C009E0DFF /* CEFClient.swift */; };
		E8898B1A1B69654C009E0DFF /* CEFLifeSpanHandler.swift in Sources */ = {isa = PBXBuildFile; fileRef = E8898AF31B69654C009E0DFF /* CEFLifeSpanHandler.swift */; };
		E8898B1B1B69654C009E0DFF /* CEFNavigationEntryVisitor.swift in Sources */ = {isa = PBXBuildFile; fileRef = E8898AF41B69654C009E0DFF /* CEFNavigationEntryVisitor.swift */; };
		E8898B1C1B69654C009E0DFF /* CEFRenderProcessHandler.swift in Sources */ = {isa = PBXBuildFile; fileRef = E8898AF51B69654C009E0DFF /* CEFRenderProcessHandler.swift */; };
		E8898B1D1B69654C009E0DFF /* CEFResourceBundleHandler.swift in Sources */ = {isa = PBXBuildFile; fileRef = E8898AF61B69654C009E0DFF /* CEFResourceBundleHandler.swift */; };
		E8898B1E1B69654C009E0DFF /* CEFRunFileDialogCallback.swift in Sources */ = {isa = PBXBuildFile; fileRef = E8898AF71B69654C009E0DFF /* CEFRunFileDialogCallback.swift */; };
		E8898B1F1B69654C009E0DFF /* CEFBinaryValue.swift in Sources */ = {isa = PBXBuildFile; fileRef = E8898AF91B69654C009E0DFF /* CEFBinaryValue.swift */; };
		E8898B201B69654C009E0DFF /* CEFBrowser.swift in Sources */ = {isa = PBXBuildFile; fileRef = E8898AFA1B69654C009E0DFF /* CEFBrowser.swift */; };
		E8898B211B69654C009E0DFF /* CEFBrowserHost.swift in Sources */ = {isa = PBXBuildFile; fileRef = E8898AFB1B69654C009E0DFF /* CEFBrowserHost.swift */; };
		E8898B221B69654C009E0DFF /* CEFCommandLine.swift in Sources */ = {isa = PBXBuildFile; fileRef = E8898AFC1B69654C009E0DFF /* CEFCommandLine.swift */; };
		E8898B231B69654C009E0DFF /* CEFDictionaryValue.swift in Sources */ = {isa = PBXBuildFile; fileRef = E8898AFD1B69654C009E0DFF /* CEFDictionaryValue.swift */; };
		E8898B241B69654C009E0DFF /* CEFDragData.swift in Sources */ = {isa = PBXBuildFile; fileRef = E8898AFE1B69654C009E0DFF /* CEFDragData.swift */; };
		E8898B251B69654C009E0DFF /* CEFFrame.swift in Sources */ = {isa = PBXBuildFile; fileRef = E8898AFF1B69654C009E0DFF /* CEFFrame.swift */; };
		E8898B261B69654C009E0DFF /* CEFListValue.swift in Sources */ = {isa = PBXBuildFile; fileRef = E8898B001B69654C009E0DFF /* CEFListValue.swift */; };
		E8898B271B69654C009E0DFF /* CEFNavigationEntry.swift in Sources */ = {isa = PBXBuildFile; fileRef = E8898B011B69654C009E0DFF /* CEFNavigationEntry.swift */; };
		E8898B281B69654C009E0DFF /* CEFPOSTData.swift in Sources */ = {isa = PBXBuildFile; fileRef = E8898B021B69654C009E0DFF /* CEFPOSTData.swift */; };
		E8898B291B69654C009E0DFF /* CEFPOSTDataElement.swift in Sources */ = {isa = PBXBuildFile; fileRef = E8898B031B69654C009E0DFF /* CEFPOSTDataElement.swift */; };
		E8898B2A1B69654C009E0DFF /* CEFProcessMessage.swift in Sources */ = {isa = PBXBuildFile; fileRef = E8898B041B69654C009E0DFF /* CEFProcessMessage.swift */; };
		E8898B2B1B69654C009E0DFF /* CEFRequest.swift in Sources */ = {isa = PBXBuildFile; fileRef = E8898B051B69654C009E0DFF /* CEFRequest.swift */; };
		E8898B2C1B69654C009E0DFF /* CEFRequestContext.swift in Sources */ = {isa = PBXBuildFile; fileRef = E8898B061B69654C009E0DFF /* CEFRequestContext.swift */; };
		E8898B2D1B69654C009E0DFF /* CEFResponse.swift in Sources */ = {isa = PBXBuildFile; fileRef = E8898B071B69654C009E0DFF /* CEFResponse.swift */; };
		E8898B2E1B69654C009E0DFF /* CEFSchemeRegistrar.swift in Sources */ = {isa = PBXBuildFile; fileRef = E8898B081B69654C009E0DFF /* CEFSchemeRegistrar.swift */; };
		E8898B2F1B69654C009E0DFF /* CEFValue.swift in Sources */ = {isa = PBXBuildFile; fileRef = E8898B091B69654C009E0DFF /* CEFValue.swift */; };
		E8898B301B69654C009E0DFF /* CEFBrowserSettings.swift in Sources */ = {isa = PBXBuildFile; fileRef = E8898B0B1B69654C009E0DFF /* CEFBrowserSettings.swift */; };
		E8898B311B69654C009E0DFF /* CEFMainArgs.swift in Sources */ = {isa = PBXBuildFile; fileRef = E8898B0C1B69654C009E0DFF /* CEFMainArgs.swift */; };
		E8898B321B69654C009E0DFF /* CEFSettings.swift in Sources */ = {isa = PBXBuildFile; fileRef = E8898B0D1B69654C009E0DFF /* CEFSettings.swift */; };
		E8898B331B69654C009E0DFF /* CEFTypes.swift in Sources */ = {isa = PBXBuildFile; fileRef = E8898B0E1B69654C009E0DFF /* CEFTypes.swift */; };
		E8898B341B69654C009E0DFF /* CEFString.swift in Sources */ = {isa = PBXBuildFile; fileRef = E8898B101B69654C009E0DFF /* CEFString.swift */; };
		E8898B351B69654C009E0DFF /* CEFStringList.swift in Sources */ = {isa = PBXBuildFile; fileRef = E8898B111B69654C009E0DFF /* CEFStringList.swift */; };
		E8898B361B69654C009E0DFF /* CEFStringMap.swift in Sources */ = {isa = PBXBuildFile; fileRef = E8898B121B69654C009E0DFF /* CEFStringMap.swift */; };
		E8898B371B69654C009E0DFF /* CEFStringMultimap.swift in Sources */ = {isa = PBXBuildFile; fileRef = E8898B131B69654C009E0DFF /* CEFStringMultimap.swift */; };
		E8898B381B69654C009E0DFF /* CEFTime.swift in Sources */ = {isa = PBXBuildFile; fileRef = E8898B141B69654C009E0DFF /* CEFTime.swift */; };
		E8898B3A1B696F35009E0DFF /* CEFDOMVisitor.swift in Sources */ = {isa = PBXBuildFile; fileRef = E8898B391B696F35009E0DFF /* CEFDOMVisitor.swift */; };
		E8898B3C1B697032009E0DFF /* CEFDOMDocument.swift in Sources */ = {isa = PBXBuildFile; fileRef = E8898B3B1B697032009E0DFF /* CEFDOMDocument.swift */; };
		E8898B3E1B697413009E0DFF /* CEFDOMNode.swift in Sources */ = {isa = PBXBuildFile; fileRef = E8898B3D1B697413009E0DFF /* CEFDOMNode.swift */; };
		E8898B401B697A66009E0DFF /* CEFStringVisitor.swift in Sources */ = {isa = PBXBuildFile; fileRef = E8898B3F1B697A66009E0DFF /* CEFStringVisitor.swift */; };
		E88B85C11B6ABA4100D10E17 /* CEFPoint.swift in Sources */ = {isa = PBXBuildFile; fileRef = E88B85C01B6ABA4100D10E17 /* CEFPoint.swift */; };
		E88B85C31B6ABA9300D10E17 /* CEFKeyEvent.swift in Sources */ = {isa = PBXBuildFile; fileRef = E88B85C21B6ABA9300D10E17 /* CEFKeyEvent.swift */; };
		E88B85C51B6ABAD600D10E17 /* CEFMouseEvent.swift in Sources */ = {isa = PBXBuildFile; fileRef = E88B85C41B6ABAD600D10E17 /* CEFMouseEvent.swift */; };
		E88B85C71B6ABAED00D10E17 /* CEFWindowInfo.swift in Sources */ = {isa = PBXBuildFile; fileRef = E88B85C61B6ABAED00D10E17 /* CEFWindowInfo.swift */; };
		E8CC9D311B5AF47B002948BD /* AppDelegate.swift in Sources */ = {isa = PBXBuildFile; fileRef = E8CC9D301B5AF47B002948BD /* AppDelegate.swift */; };
		E8CC9D331B5AF47B002948BD /* Assets.xcassets in Resources */ = {isa = PBXBuildFile; fileRef = E8CC9D321B5AF47B002948BD /* Assets.xcassets */; };
		E8CC9D361B5AF47B002948BD /* MainMenu.xib in Resources */ = {isa = PBXBuildFile; fileRef = E8CC9D341B5AF47B002948BD /* MainMenu.xib */; };
		E8CC9D3C1B5AF516002948BD /* main.swift in Sources */ = {isa = PBXBuildFile; fileRef = E8CC9D3B1B5AF516002948BD /* main.swift */; };
		E8CC9D3F1B5AF601002948BD /* CEFswift.framework in Frameworks */ = {isa = PBXBuildFile; fileRef = E8456E101B52C29700AE93DC /* CEFswift.framework */; settings = {ATTRIBUTES = (Required, ); }; };
		E8CC9D401B5AF648002948BD /* Chromium Embedded Framework.framework in Frameworks */ = {isa = PBXBuildFile; fileRef = E8613E231B52C51F009BDAC9 /* Chromium Embedded Framework.framework */; };
/* End PBXBuildFile section */

/* Begin PBXContainerItemProxy section */
		E8CC9D3D1B5AF5F9002948BD /* PBXContainerItemProxy */ = {
			isa = PBXContainerItemProxy;
			containerPortal = E8456E071B52C29700AE93DC /* Project object */;
			proxyType = 1;
			remoteGlobalIDString = E8456E0F1B52C29700AE93DC;
			remoteInfo = CEF.swift;
		};
/* End PBXContainerItemProxy section */

/* Begin PBXCopyFilesBuildPhase section */
		E8732E021B5BEEF10068F130 /* CopyFiles */ = {
			isa = PBXCopyFilesBuildPhase;
			buildActionMask = 2147483647;
			dstPath = "";
			dstSubfolderSpec = 10;
			files = (
				E8732E031B5BEEF90068F130 /* Chromium Embedded Framework.framework in CopyFiles */,
			);
			runOnlyForDeploymentPostprocessing = 0;
		};
/* End PBXCopyFilesBuildPhase section */

/* Begin PBXFileReference section */
		E8456E101B52C29700AE93DC /* CEFswift.framework */ = {isa = PBXFileReference; explicitFileType = wrapper.framework; includeInIndex = 0; path = CEFswift.framework; sourceTree = BUILT_PRODUCTS_DIR; };
		E8456E131B52C29700AE93DC /* CEF.swift.h */ = {isa = PBXFileReference; lastKnownFileType = sourcecode.c.h; path = CEF.swift.h; sourceTree = "<group>"; };
		E8456E151B52C29700AE93DC /* Info.plist */ = {isa = PBXFileReference; lastKnownFileType = text.plist.xml; path = Info.plist; sourceTree = "<group>"; };
		E8613E231B52C51F009BDAC9 /* Chromium Embedded Framework.framework */ = {isa = PBXFileReference; lastKnownFileType = wrapper.framework; name = "Chromium Embedded Framework.framework"; path = "External/cef_binary/Debug/Chromium Embedded Framework.framework"; sourceTree = SOURCE_ROOT; };
		E8613E251B52C5B1009BDAC9 /* CEF.swift-Bridging-Header.h */ = {isa = PBXFileReference; fileEncoding = 4; lastKnownFileType = sourcecode.c.h; path = "CEF.swift-Bridging-Header.h"; sourceTree = "<group>"; };
		E8732E011B5BE1E40068F130 /* cef_application_mac_capi.h */ = {isa = PBXFileReference; lastKnownFileType = sourcecode.c.h; path = cef_application_mac_capi.h; sourceTree = "<group>"; };
		E8898AED1B69654C009E0DFF /* CEFBase.swift */ = {isa = PBXFileReference; fileEncoding = 4; lastKnownFileType = sourcecode.swift; path = CEFBase.swift; sourceTree = "<group>"; };
		E8898AEE1B69654C009E0DFF /* CEFMarshaller.swift */ = {isa = PBXFileReference; fileEncoding = 4; lastKnownFileType = sourcecode.swift; path = CEFMarshaller.swift; sourceTree = "<group>"; };
		E8898AF01B69654C009E0DFF /* CEFApp.swift */ = {isa = PBXFileReference; fileEncoding = 4; lastKnownFileType = sourcecode.swift; path = CEFApp.swift; sourceTree = "<group>"; };
		E8898AF11B69654C009E0DFF /* CEFBrowserProcessHandler.swift */ = {isa = PBXFileReference; fileEncoding = 4; lastKnownFileType = sourcecode.swift; path = CEFBrowserProcessHandler.swift; sourceTree = "<group>"; };
		E8898AF21B69654C009E0DFF /* CEFClient.swift */ = {isa = PBXFileReference; fileEncoding = 4; lastKnownFileType = sourcecode.swift; path = CEFClient.swift; sourceTree = "<group>"; };
		E8898AF31B69654C009E0DFF /* CEFLifeSpanHandler.swift */ = {isa = PBXFileReference; fileEncoding = 4; lastKnownFileType = sourcecode.swift; path = CEFLifeSpanHandler.swift; sourceTree = "<group>"; };
		E8898AF41B69654C009E0DFF /* CEFNavigationEntryVisitor.swift */ = {isa = PBXFileReference; fileEncoding = 4; lastKnownFileType = sourcecode.swift; path = CEFNavigationEntryVisitor.swift; sourceTree = "<group>"; };
		E8898AF51B69654C009E0DFF /* CEFRenderProcessHandler.swift */ = {isa = PBXFileReference; fileEncoding = 4; lastKnownFileType = sourcecode.swift; path = CEFRenderProcessHandler.swift; sourceTree = "<group>"; };
		E8898AF61B69654C009E0DFF /* CEFResourceBundleHandler.swift */ = {isa = PBXFileReference; fileEncoding = 4; lastKnownFileType = sourcecode.swift; path = CEFResourceBundleHandler.swift; sourceTree = "<group>"; };
		E8898AF71B69654C009E0DFF /* CEFRunFileDialogCallback.swift */ = {isa = PBXFileReference; fileEncoding = 4; lastKnownFileType = sourcecode.swift; path = CEFRunFileDialogCallback.swift; sourceTree = "<group>"; };
		E8898AF91B69654C009E0DFF /* CEFBinaryValue.swift */ = {isa = PBXFileReference; fileEncoding = 4; lastKnownFileType = sourcecode.swift; path = CEFBinaryValue.swift; sourceTree = "<group>"; };
		E8898AFA1B69654C009E0DFF /* CEFBrowser.swift */ = {isa = PBXFileReference; fileEncoding = 4; lastKnownFileType = sourcecode.swift; path = CEFBrowser.swift; sourceTree = "<group>"; };
		E8898AFB1B69654C009E0DFF /* CEFBrowserHost.swift */ = {isa = PBXFileReference; fileEncoding = 4; lastKnownFileType = sourcecode.swift; path = CEFBrowserHost.swift; sourceTree = "<group>"; };
		E8898AFC1B69654C009E0DFF /* CEFCommandLine.swift */ = {isa = PBXFileReference; fileEncoding = 4; lastKnownFileType = sourcecode.swift; path = CEFCommandLine.swift; sourceTree = "<group>"; };
		E8898AFD1B69654C009E0DFF /* CEFDictionaryValue.swift */ = {isa = PBXFileReference; fileEncoding = 4; lastKnownFileType = sourcecode.swift; path = CEFDictionaryValue.swift; sourceTree = "<group>"; };
		E8898AFE1B69654C009E0DFF /* CEFDragData.swift */ = {isa = PBXFileReference; fileEncoding = 4; lastKnownFileType = sourcecode.swift; path = CEFDragData.swift; sourceTree = "<group>"; };
		E8898AFF1B69654C009E0DFF /* CEFFrame.swift */ = {isa = PBXFileReference; fileEncoding = 4; lastKnownFileType = sourcecode.swift; path = CEFFrame.swift; sourceTree = "<group>"; };
		E8898B001B69654C009E0DFF /* CEFListValue.swift */ = {isa = PBXFileReference; fileEncoding = 4; lastKnownFileType = sourcecode.swift; path = CEFListValue.swift; sourceTree = "<group>"; };
		E8898B011B69654C009E0DFF /* CEFNavigationEntry.swift */ = {isa = PBXFileReference; fileEncoding = 4; lastKnownFileType = sourcecode.swift; path = CEFNavigationEntry.swift; sourceTree = "<group>"; };
		E8898B021B69654C009E0DFF /* CEFPOSTData.swift */ = {isa = PBXFileReference; fileEncoding = 4; lastKnownFileType = sourcecode.swift; path = CEFPOSTData.swift; sourceTree = "<group>"; };
		E8898B031B69654C009E0DFF /* CEFPOSTDataElement.swift */ = {isa = PBXFileReference; fileEncoding = 4; lastKnownFileType = sourcecode.swift; path = CEFPOSTDataElement.swift; sourceTree = "<group>"; };
		E8898B041B69654C009E0DFF /* CEFProcessMessage.swift */ = {isa = PBXFileReference; fileEncoding = 4; lastKnownFileType = sourcecode.swift; path = CEFProcessMessage.swift; sourceTree = "<group>"; };
		E8898B051B69654C009E0DFF /* CEFRequest.swift */ = {isa = PBXFileReference; fileEncoding = 4; lastKnownFileType = sourcecode.swift; path = CEFRequest.swift; sourceTree = "<group>"; };
		E8898B061B69654C009E0DFF /* CEFRequestContext.swift */ = {isa = PBXFileReference; fileEncoding = 4; lastKnownFileType = sourcecode.swift; path = CEFRequestContext.swift; sourceTree = "<group>"; };
		E8898B071B69654C009E0DFF /* CEFResponse.swift */ = {isa = PBXFileReference; fileEncoding = 4; lastKnownFileType = sourcecode.swift; path = CEFResponse.swift; sourceTree = "<group>"; };
		E8898B081B69654C009E0DFF /* CEFSchemeRegistrar.swift */ = {isa = PBXFileReference; fileEncoding = 4; lastKnownFileType = sourcecode.swift; path = CEFSchemeRegistrar.swift; sourceTree = "<group>"; };
		E8898B091B69654C009E0DFF /* CEFValue.swift */ = {isa = PBXFileReference; fileEncoding = 4; lastKnownFileType = sourcecode.swift; path = CEFValue.swift; sourceTree = "<group>"; };
		E8898B0B1B69654C009E0DFF /* CEFBrowserSettings.swift */ = {isa = PBXFileReference; fileEncoding = 4; lastKnownFileType = sourcecode.swift; path = CEFBrowserSettings.swift; sourceTree = "<group>"; };
		E8898B0C1B69654C009E0DFF /* CEFMainArgs.swift */ = {isa = PBXFileReference; fileEncoding = 4; lastKnownFileType = sourcecode.swift; path = CEFMainArgs.swift; sourceTree = "<group>"; };
		E8898B0D1B69654C009E0DFF /* CEFSettings.swift */ = {isa = PBXFileReference; fileEncoding = 4; lastKnownFileType = sourcecode.swift; path = CEFSettings.swift; sourceTree = "<group>"; };
		E8898B0E1B69654C009E0DFF /* CEFTypes.swift */ = {isa = PBXFileReference; fileEncoding = 4; lastKnownFileType = sourcecode.swift; path = CEFTypes.swift; sourceTree = "<group>"; };
		E8898B101B69654C009E0DFF /* CEFString.swift */ = {isa = PBXFileReference; fileEncoding = 4; lastKnownFileType = sourcecode.swift; path = CEFString.swift; sourceTree = "<group>"; };
		E8898B111B69654C009E0DFF /* CEFStringList.swift */ = {isa = PBXFileReference; fileEncoding = 4; lastKnownFileType = sourcecode.swift; path = CEFStringList.swift; sourceTree = "<group>"; };
		E8898B121B69654C009E0DFF /* CEFStringMap.swift */ = {isa = PBXFileReference; fileEncoding = 4; lastKnownFileType = sourcecode.swift; path = CEFStringMap.swift; sourceTree = "<group>"; };
		E8898B131B69654C009E0DFF /* CEFStringMultimap.swift */ = {isa = PBXFileReference; fileEncoding = 4; lastKnownFileType = sourcecode.swift; path = CEFStringMultimap.swift; sourceTree = "<group>"; };
		E8898B141B69654C009E0DFF /* CEFTime.swift */ = {isa = PBXFileReference; fileEncoding = 4; lastKnownFileType = sourcecode.swift; path = CEFTime.swift; sourceTree = "<group>"; };
		E8898B391B696F35009E0DFF /* CEFDOMVisitor.swift */ = {isa = PBXFileReference; fileEncoding = 4; lastKnownFileType = sourcecode.swift; path = CEFDOMVisitor.swift; sourceTree = "<group>"; };
		E8898B3B1B697032009E0DFF /* CEFDOMDocument.swift */ = {isa = PBXFileReference; fileEncoding = 4; lastKnownFileType = sourcecode.swift; path = CEFDOMDocument.swift; sourceTree = "<group>"; };
		E8898B3D1B697413009E0DFF /* CEFDOMNode.swift */ = {isa = PBXFileReference; fileEncoding = 4; lastKnownFileType = sourcecode.swift; path = CEFDOMNode.swift; sourceTree = "<group>"; };
		E8898B3F1B697A66009E0DFF /* CEFStringVisitor.swift */ = {isa = PBXFileReference; fileEncoding = 4; lastKnownFileType = sourcecode.swift; path = CEFStringVisitor.swift; sourceTree = "<group>"; };
		E88B85C01B6ABA4100D10E17 /* CEFPoint.swift */ = {isa = PBXFileReference; fileEncoding = 4; lastKnownFileType = sourcecode.swift; path = CEFPoint.swift; sourceTree = "<group>"; };
		E88B85C21B6ABA9300D10E17 /* CEFKeyEvent.swift */ = {isa = PBXFileReference; fileEncoding = 4; lastKnownFileType = sourcecode.swift; path = CEFKeyEvent.swift; sourceTree = "<group>"; };
		E88B85C41B6ABAD600D10E17 /* CEFMouseEvent.swift */ = {isa = PBXFileReference; fileEncoding = 4; lastKnownFileType = sourcecode.swift; path = CEFMouseEvent.swift; sourceTree = "<group>"; };
		E88B85C61B6ABAED00D10E17 /* CEFWindowInfo.swift */ = {isa = PBXFileReference; fileEncoding = 4; lastKnownFileType = sourcecode.swift; path = CEFWindowInfo.swift; sourceTree = "<group>"; };
		E8CC9D2E1B5AF47B002948BD /* CEFDemo.app */ = {isa = PBXFileReference; explicitFileType = wrapper.application; includeInIndex = 0; path = CEFDemo.app; sourceTree = BUILT_PRODUCTS_DIR; };
		E8CC9D301B5AF47B002948BD /* AppDelegate.swift */ = {isa = PBXFileReference; lastKnownFileType = sourcecode.swift; path = AppDelegate.swift; sourceTree = "<group>"; };
		E8CC9D321B5AF47B002948BD /* Assets.xcassets */ = {isa = PBXFileReference; lastKnownFileType = folder.assetcatalog; path = Assets.xcassets; sourceTree = "<group>"; };
		E8CC9D351B5AF47B002948BD /* Base */ = {isa = PBXFileReference; lastKnownFileType = file.xib; name = Base; path = Base.lproj/MainMenu.xib; sourceTree = "<group>"; };
		E8CC9D371B5AF47B002948BD /* Info.plist */ = {isa = PBXFileReference; lastKnownFileType = text.plist.xml; path = Info.plist; sourceTree = "<group>"; };
		E8CC9D3B1B5AF516002948BD /* main.swift */ = {isa = PBXFileReference; fileEncoding = 4; lastKnownFileType = sourcecode.swift; path = main.swift; sourceTree = "<group>"; };
		E8CC9EA31B5B042D002948BD /* CEFDemo-Bridging-Header.h */ = {isa = PBXFileReference; lastKnownFileType = sourcecode.c.h; path = "CEFDemo-Bridging-Header.h"; sourceTree = "<group>"; };
/* End PBXFileReference section */

/* Begin PBXFrameworksBuildPhase section */
		E8456E0C1B52C29700AE93DC /* Frameworks */ = {
			isa = PBXFrameworksBuildPhase;
			buildActionMask = 2147483647;
			files = (
				E8613E241B52C51F009BDAC9 /* Chromium Embedded Framework.framework in Frameworks */,
			);
			runOnlyForDeploymentPostprocessing = 0;
		};
		E8CC9D2B1B5AF47B002948BD /* Frameworks */ = {
			isa = PBXFrameworksBuildPhase;
			buildActionMask = 2147483647;
			files = (
				E8CC9D401B5AF648002948BD /* Chromium Embedded Framework.framework in Frameworks */,
				E8CC9D3F1B5AF601002948BD /* CEFswift.framework in Frameworks */,
			);
			runOnlyForDeploymentPostprocessing = 0;
		};
/* End PBXFrameworksBuildPhase section */

/* Begin PBXGroup section */
		E8456E061B52C29700AE93DC = {
			isa = PBXGroup;
			children = (
				E8613E231B52C51F009BDAC9 /* Chromium Embedded Framework.framework */,
				E8456E121B52C29700AE93DC /* CEF.swift */,
				E8CC9D2F1B5AF47B002948BD /* CEFDemo */,
				E8456E111B52C29700AE93DC /* Products */,
			);
			sourceTree = "<group>";
		};
		E8456E111B52C29700AE93DC /* Products */ = {
			isa = PBXGroup;
			children = (
				E8456E101B52C29700AE93DC /* CEFswift.framework */,
				E8CC9D2E1B5AF47B002948BD /* CEFDemo.app */,
			);
			name = Products;
			sourceTree = "<group>";
		};
		E8456E121B52C29700AE93DC /* CEF.swift */ = {
			isa = PBXGroup;
			children = (
				E8898AEC1B69654C009E0DFF /* Core */,
				E8898AEF1B69654C009E0DFF /* Handlers */,
				E8898AF81B69654C009E0DFF /* Proxies */,
				E8898B0A1B69654C009E0DFF /* Structs */,
				E8898B0F1B69654C009E0DFF /* Utils */,
				E8613E251B52C5B1009BDAC9 /* CEF.swift-Bridging-Header.h */,
				E8456E131B52C29700AE93DC /* CEF.swift.h */,
				E8456E151B52C29700AE93DC /* Info.plist */,
			);
			path = CEF.swift;
			sourceTree = "<group>";
		};
		E8898AEC1B69654C009E0DFF /* Core */ = {
			isa = PBXGroup;
			children = (
				E8898AED1B69654C009E0DFF /* CEFBase.swift */,
				E8898AEE1B69654C009E0DFF /* CEFMarshaller.swift */,
			);
			path = Core;
			sourceTree = "<group>";
		};
		E8898AEF1B69654C009E0DFF /* Handlers */ = {
			isa = PBXGroup;
			children = (
				E8898AF01B69654C009E0DFF /* CEFApp.swift */,
				E8898AF11B69654C009E0DFF /* CEFBrowserProcessHandler.swift */,
				E8898AF21B69654C009E0DFF /* CEFClient.swift */,
				E8898B391B696F35009E0DFF /* CEFDOMVisitor.swift */,
				E8898AF31B69654C009E0DFF /* CEFLifeSpanHandler.swift */,
				E8898AF41B69654C009E0DFF /* CEFNavigationEntryVisitor.swift */,
				E8898AF51B69654C009E0DFF /* CEFRenderProcessHandler.swift */,
				E8898AF61B69654C009E0DFF /* CEFResourceBundleHandler.swift */,
				E8898AF71B69654C009E0DFF /* CEFRunFileDialogCallback.swift */,
				E8898B3F1B697A66009E0DFF /* CEFStringVisitor.swift */,
			);
			path = Handlers;
			sourceTree = "<group>";
		};
		E8898AF81B69654C009E0DFF /* Proxies */ = {
			isa = PBXGroup;
			children = (
				E8898AF91B69654C009E0DFF /* CEFBinaryValue.swift */,
				E8898AFA1B69654C009E0DFF /* CEFBrowser.swift */,
				E8898AFB1B69654C009E0DFF /* CEFBrowserHost.swift */,
				E8898AFC1B69654C009E0DFF /* CEFCommandLine.swift */,
				E8898AFD1B69654C009E0DFF /* CEFDictionaryValue.swift */,
				E8898B3B1B697032009E0DFF /* CEFDOMDocument.swift */,
				E8898B3D1B697413009E0DFF /* CEFDOMNode.swift */,
				E8898AFE1B69654C009E0DFF /* CEFDragData.swift */,
				E8898AFF1B69654C009E0DFF /* CEFFrame.swift */,
				E8898B001B69654C009E0DFF /* CEFListValue.swift */,
				E8898B011B69654C009E0DFF /* CEFNavigationEntry.swift */,
				E8898B021B69654C009E0DFF /* CEFPOSTData.swift */,
				E8898B031B69654C009E0DFF /* CEFPOSTDataElement.swift */,
				E8898B041B69654C009E0DFF /* CEFProcessMessage.swift */,
				E8898B051B69654C009E0DFF /* CEFRequest.swift */,
				E8898B061B69654C009E0DFF /* CEFRequestContext.swift */,
				E8898B071B69654C009E0DFF /* CEFResponse.swift */,
				E8898B081B69654C009E0DFF /* CEFSchemeRegistrar.swift */,
				E8898B091B69654C009E0DFF /* CEFValue.swift */,
			);
			path = Proxies;
			sourceTree = "<group>";
		};
		E8898B0A1B69654C009E0DFF /* Structs */ = {
			isa = PBXGroup;
			children = (
				E8898B0B1B69654C009E0DFF /* CEFBrowserSettings.swift */,
				E88B85C21B6ABA9300D10E17 /* CEFKeyEvent.swift */,
				E8898B0C1B69654C009E0DFF /* CEFMainArgs.swift */,
				E88B85C41B6ABAD600D10E17 /* CEFMouseEvent.swift */,
				E88B85C01B6ABA4100D10E17 /* CEFPoint.swift */,
				E8898B0D1B69654C009E0DFF /* CEFSettings.swift */,
				E8898B0E1B69654C009E0DFF /* CEFTypes.swift */,
				E88B85C61B6ABAED00D10E17 /* CEFWindowInfo.swift */,
			);
			path = Structs;
			sourceTree = "<group>";
		};
		E8898B0F1B69654C009E0DFF /* Utils */ = {
			isa = PBXGroup;
			children = (
				E8898B101B69654C009E0DFF /* CEFString.swift */,
				E8898B111B69654C009E0DFF /* CEFStringList.swift */,
				E8898B121B69654C009E0DFF /* CEFStringMap.swift */,
				E8898B131B69654C009E0DFF /* CEFStringMultimap.swift */,
				E8898B141B69654C009E0DFF /* CEFTime.swift */,
			);
			path = Utils;
			sourceTree = "<group>";
		};
		E8CC9D2F1B5AF47B002948BD /* CEFDemo */ = {
			isa = PBXGroup;
			children = (
				E8CC9D301B5AF47B002948BD /* AppDelegate.swift */,
				E8CC9D321B5AF47B002948BD /* Assets.xcassets */,
				E8CC9D341B5AF47B002948BD /* MainMenu.xib */,
				E8CC9D371B5AF47B002948BD /* Info.plist */,
				E8CC9D3B1B5AF516002948BD /* main.swift */,
				E8CC9EA31B5B042D002948BD /* CEFDemo-Bridging-Header.h */,
				E8732E011B5BE1E40068F130 /* cef_application_mac_capi.h */,
			);
			path = CEFDemo;
			sourceTree = "<group>";
		};
/* End PBXGroup section */

/* Begin PBXHeadersBuildPhase section */
		E8456E0D1B52C29700AE93DC /* Headers */ = {
			isa = PBXHeadersBuildPhase;
			buildActionMask = 2147483647;
			files = (
				E8456E141B52C29700AE93DC /* CEF.swift.h in Headers */,
				E8613E261B52C5B1009BDAC9 /* CEF.swift-Bridging-Header.h in Headers */,
			);
			runOnlyForDeploymentPostprocessing = 0;
		};
/* End PBXHeadersBuildPhase section */

/* Begin PBXNativeTarget section */
		E8456E0F1B52C29700AE93DC /* CEF.swift */ = {
			isa = PBXNativeTarget;
			buildConfigurationList = E8456E181B52C29700AE93DC /* Build configuration list for PBXNativeTarget "CEF.swift" */;
			buildPhases = (
				E8456E0B1B52C29700AE93DC /* Sources */,
				E8456E0C1B52C29700AE93DC /* Frameworks */,
				E8456E0D1B52C29700AE93DC /* Headers */,
				E8456E0E1B52C29700AE93DC /* Resources */,
			);
			buildRules = (
			);
			dependencies = (
			);
			name = CEF.swift;
			productName = CEF.swift;
			productReference = E8456E101B52C29700AE93DC /* CEFswift.framework */;
			productType = "com.apple.product-type.framework";
		};
		E8CC9D2D1B5AF47B002948BD /* CEFDemo */ = {
			isa = PBXNativeTarget;
			buildConfigurationList = E8CC9D381B5AF47B002948BD /* Build configuration list for PBXNativeTarget "CEFDemo" */;
			buildPhases = (
				E8CC9D2A1B5AF47B002948BD /* Sources */,
				E8CC9D2B1B5AF47B002948BD /* Frameworks */,
				E8CC9D2C1B5AF47B002948BD /* Resources */,
				E8732E021B5BEEF10068F130 /* CopyFiles */,
				E8F5CC281B63C70600B0A295 /* Copy helpers */,
				E8508F8F1B6532960005F13B /* Fix framework link */,
			);
			buildRules = (
			);
			dependencies = (
				E8CC9D3E1B5AF5F9002948BD /* PBXTargetDependency */,
			);
			name = CEFDemo;
			productName = CEFDemo;
			productReference = E8CC9D2E1B5AF47B002948BD /* CEFDemo.app */;
			productType = "com.apple.product-type.application";
		};
/* End PBXNativeTarget section */

/* Begin PBXProject section */
		E8456E071B52C29700AE93DC /* Project object */ = {
			isa = PBXProject;
			attributes = {
				LastSwiftUpdateCheck = 0700;
				LastUpgradeCheck = 0700;
				ORGANIZATIONNAME = "Tamas Lustyik";
				TargetAttributes = {
					E8456E0F1B52C29700AE93DC = {
						CreatedOnToolsVersion = 7.0;
					};
					E8CC9D2D1B5AF47B002948BD = {
						CreatedOnToolsVersion = 7.0;
					};
				};
			};
			buildConfigurationList = E8456E0A1B52C29700AE93DC /* Build configuration list for PBXProject "CEF.swift" */;
			compatibilityVersion = "Xcode 3.2";
			developmentRegion = English;
			hasScannedForEncodings = 0;
			knownRegions = (
				en,
				Base,
			);
			mainGroup = E8456E061B52C29700AE93DC;
			productRefGroup = E8456E111B52C29700AE93DC /* Products */;
			projectDirPath = "";
			projectRoot = "";
			targets = (
				E8456E0F1B52C29700AE93DC /* CEF.swift */,
				E8CC9D2D1B5AF47B002948BD /* CEFDemo */,
			);
		};
/* End PBXProject section */

/* Begin PBXResourcesBuildPhase section */
		E8456E0E1B52C29700AE93DC /* Resources */ = {
			isa = PBXResourcesBuildPhase;
			buildActionMask = 2147483647;
			files = (
			);
			runOnlyForDeploymentPostprocessing = 0;
		};
		E8CC9D2C1B5AF47B002948BD /* Resources */ = {
			isa = PBXResourcesBuildPhase;
			buildActionMask = 2147483647;
			files = (
				E8CC9D331B5AF47B002948BD /* Assets.xcassets in Resources */,
				E8CC9D361B5AF47B002948BD /* MainMenu.xib in Resources */,
			);
			runOnlyForDeploymentPostprocessing = 0;
		};
/* End PBXResourcesBuildPhase section */

/* Begin PBXShellScriptBuildPhase section */
		E8508F8F1B6532960005F13B /* Fix framework link */ = {
			isa = PBXShellScriptBuildPhase;
			buildActionMask = 2147483647;
			files = (
			);
			inputPaths = (
			);
			name = "Fix framework link";
			outputPaths = (
			);
			runOnlyForDeploymentPostprocessing = 0;
			shellPath = /bin/sh;
			shellScript = "install_name_tool -change \"@executable_path/../Frameworks/Chromium Embedded Framework.framework/Chromium Embedded Framework\" \"@executable_path/../../../Chromium Embedded Framework.framework/Chromium Embedded Framework\" \"${BUILT_PRODUCTS_DIR}/${PRODUCT_NAME}.app/Contents/Frameworks/cefsimple Helper.app/Contents/MacOS/cefsimple Helper\"";
		};
		E8F5CC281B63C70600B0A295 /* Copy helpers */ = {
			isa = PBXShellScriptBuildPhase;
			buildActionMask = 2147483647;
			files = (
			);
			inputPaths = (
			);
			name = "Copy helpers";
			outputPaths = (
			);
			runOnlyForDeploymentPostprocessing = 0;
			shellPath = /bin/sh;
			shellScript = "set -e\n\nFRAMEWORKS_DIR=\"${BUILT_PRODUCTS_DIR}/${PRODUCT_NAME}.app/Contents/Frameworks\"\n\ncp -R \"${CEF_BINARY_ROOT}/cefsimple/Debug/cefsimple Helper.app\" \"${FRAMEWORKS_DIR}/\"\n\nif [ ! -e \"${FRAMEWORKS_DIR}/${PRODUCT_NAME} Helper.app\" ]; then\n    ln -s \"cefsimple Helper.app\" \"${FRAMEWORKS_DIR}/${PRODUCT_NAME} Helper.app\"\n    ln -s \"cefsimple Helper\" \"${FRAMEWORKS_DIR}/cefsimple Helper.app/Contents/MacOS/${PRODUCT_NAME} Helper\"\nfi\n";
		};
/* End PBXShellScriptBuildPhase section */

/* Begin PBXSourcesBuildPhase section */
		E8456E0B1B52C29700AE93DC /* Sources */ = {
			isa = PBXSourcesBuildPhase;
			buildActionMask = 2147483647;
			files = (
				E8898B251B69654C009E0DFF /* CEFFrame.swift in Sources */,
				E8898B2E1B69654C009E0DFF /* CEFSchemeRegistrar.swift in Sources */,
				E8898B181B69654C009E0DFF /* CEFBrowserProcessHandler.swift in Sources */,
				E8898B2D1B69654C009E0DFF /* CEFResponse.swift in Sources */,
				E8898B231B69654C009E0DFF /* CEFDictionaryValue.swift in Sources */,
				E8898B321B69654C009E0DFF /* CEFSettings.swift in Sources */,
				E8898B271B69654C009E0DFF /* CEFNavigationEntry.swift in Sources */,
				E8898B301B69654C009E0DFF /* CEFBrowserSettings.swift in Sources */,
				E8898B3C1B697032009E0DFF /* CEFDOMDocument.swift in Sources */,
				E8898B3A1B696F35009E0DFF /* CEFDOMVisitor.swift in Sources */,
				E88B85C51B6ABAD600D10E17 /* CEFMouseEvent.swift in Sources */,
				E8898B241B69654C009E0DFF /* CEFDragData.swift in Sources */,
				E8898B381B69654C009E0DFF /* CEFTime.swift in Sources */,
				E8898B211B69654C009E0DFF /* CEFBrowserHost.swift in Sources */,
				E8898B361B69654C009E0DFF /* CEFStringMap.swift in Sources */,
				E8898B171B69654C009E0DFF /* CEFApp.swift in Sources */,
				E8898B3E1B697413009E0DFF /* CEFDOMNode.swift in Sources */,
				E8898B2F1B69654C009E0DFF /* CEFValue.swift in Sources */,
				E8898B151B69654C009E0DFF /* CEFBase.swift in Sources */,
				E8898B351B69654C009E0DFF /* CEFStringList.swift in Sources */,
				E8898B291B69654C009E0DFF /* CEFPOSTDataElement.swift in Sources */,
				E88B85C11B6ABA4100D10E17 /* CEFPoint.swift in Sources */,
				E8898B1D1B69654C009E0DFF /* CEFResourceBundleHandler.swift in Sources */,
				E8898B341B69654C009E0DFF /* CEFString.swift in Sources */,
				E8898B371B69654C009E0DFF /* CEFStringMultimap.swift in Sources */,
				E8898B1C1B69654C009E0DFF /* CEFRenderProcessHandler.swift in Sources */,
				E8898B281B69654C009E0DFF /* CEFPOSTData.swift in Sources */,
				E8898B201B69654C009E0DFF /* CEFBrowser.swift in Sources */,
				E8898B1E1B69654C009E0DFF /* CEFRunFileDialogCallback.swift in Sources */,
				E8898B2C1B69654C009E0DFF /* CEFRequestContext.swift in Sources */,
				E8898B311B69654C009E0DFF /* CEFMainArgs.swift in Sources */,
				E8898B191B69654C009E0DFF /* CEFClient.swift in Sources */,
				E8898B1B1B69654C009E0DFF /* CEFNavigationEntryVisitor.swift in Sources */,
				E8898B2A1B69654C009E0DFF /* CEFProcessMessage.swift in Sources */,
				E8898B331B69654C009E0DFF /* CEFTypes.swift in Sources */,
				E8898B161B69654C009E0DFF /* CEFMarshaller.swift in Sources */,
				E88B85C71B6ABAED00D10E17 /* CEFWindowInfo.swift in Sources */,
				E8898B2B1B69654C009E0DFF /* CEFRequest.swift in Sources */,
				E8898B1A1B69654C009E0DFF /* CEFLifeSpanHandler.swift in Sources */,
				E8898B221B69654C009E0DFF /* CEFCommandLine.swift in Sources */,
				E8898B261B69654C009E0DFF /* CEFListValue.swift in Sources */,
				E8898B401B697A66009E0DFF /* CEFStringVisitor.swift in Sources */,
				E8898B1F1B69654C009E0DFF /* CEFBinaryValue.swift in Sources */,
				E88B85C31B6ABA9300D10E17 /* CEFKeyEvent.swift in Sources */,
			);
			runOnlyForDeploymentPostprocessing = 0;
		};
		E8CC9D2A1B5AF47B002948BD /* Sources */ = {
			isa = PBXSourcesBuildPhase;
			buildActionMask = 2147483647;
			files = (
				E8CC9D3C1B5AF516002948BD /* main.swift in Sources */,
				E8CC9D311B5AF47B002948BD /* AppDelegate.swift in Sources */,
			);
			runOnlyForDeploymentPostprocessing = 0;
		};
/* End PBXSourcesBuildPhase section */

/* Begin PBXTargetDependency section */
		E8CC9D3E1B5AF5F9002948BD /* PBXTargetDependency */ = {
			isa = PBXTargetDependency;
			target = E8456E0F1B52C29700AE93DC /* CEF.swift */;
			targetProxy = E8CC9D3D1B5AF5F9002948BD /* PBXContainerItemProxy */;
		};
/* End PBXTargetDependency section */

/* Begin PBXVariantGroup section */
		E8CC9D341B5AF47B002948BD /* MainMenu.xib */ = {
			isa = PBXVariantGroup;
			children = (
				E8CC9D351B5AF47B002948BD /* Base */,
			);
			name = MainMenu.xib;
			sourceTree = "<group>";
		};
/* End PBXVariantGroup section */

/* Begin XCBuildConfiguration section */
		E8456E161B52C29700AE93DC /* Debug */ = {
			isa = XCBuildConfiguration;
			buildSettings = {
				ALWAYS_SEARCH_USER_PATHS = NO;
				CEF_BINARY_ROOT = "$(SRCROOT)/External/cef_binary";
				CLANG_CXX_LANGUAGE_STANDARD = "gnu++0x";
				CLANG_CXX_LIBRARY = "libc++";
				CLANG_ENABLE_MODULES = YES;
				CLANG_ENABLE_OBJC_ARC = YES;
				CLANG_WARN_BOOL_CONVERSION = YES;
				CLANG_WARN_CONSTANT_CONVERSION = YES;
				CLANG_WARN_DIRECT_OBJC_ISA_USAGE = YES_ERROR;
				CLANG_WARN_EMPTY_BODY = YES;
				CLANG_WARN_ENUM_CONVERSION = YES;
				CLANG_WARN_INT_CONVERSION = YES;
				CLANG_WARN_OBJC_ROOT_CLASS = YES_ERROR;
				CLANG_WARN_UNREACHABLE_CODE = YES;
				CLANG_WARN__DUPLICATE_METHOD_MATCH = YES;
				COPY_PHASE_STRIP = NO;
				CURRENT_PROJECT_VERSION = 1;
				DEBUG_INFORMATION_FORMAT = dwarf;
				ENABLE_STRICT_OBJC_MSGSEND = YES;
				ENABLE_TESTABILITY = YES;
				GCC_C_LANGUAGE_STANDARD = gnu99;
				GCC_DYNAMIC_NO_PIC = NO;
				GCC_NO_COMMON_BLOCKS = YES;
				GCC_OPTIMIZATION_LEVEL = 0;
				GCC_PREPROCESSOR_DEFINITIONS = (
					"DEBUG=1",
					"$(inherited)",
				);
				GCC_WARN_64_TO_32_BIT_CONVERSION = YES;
				GCC_WARN_ABOUT_RETURN_TYPE = YES_ERROR;
				GCC_WARN_UNDECLARED_SELECTOR = YES;
				GCC_WARN_UNINITIALIZED_AUTOS = YES_AGGRESSIVE;
				GCC_WARN_UNUSED_FUNCTION = YES;
				GCC_WARN_UNUSED_VARIABLE = YES;
				MACOSX_DEPLOYMENT_TARGET = 10.10;
				MTL_ENABLE_DEBUG_INFO = YES;
				ONLY_ACTIVE_ARCH = YES;
				SDKROOT = macosx;
				SWIFT_OPTIMIZATION_LEVEL = "-Onone";
				VERSIONING_SYSTEM = "apple-generic";
				VERSION_INFO_PREFIX = "";
			};
			name = Debug;
		};
		E8456E171B52C29700AE93DC /* Release */ = {
			isa = XCBuildConfiguration;
			buildSettings = {
				ALWAYS_SEARCH_USER_PATHS = NO;
				CEF_BINARY_ROOT = "$(SRCROOT)/External/cef_binary";
				CLANG_CXX_LANGUAGE_STANDARD = "gnu++0x";
				CLANG_CXX_LIBRARY = "libc++";
				CLANG_ENABLE_MODULES = YES;
				CLANG_ENABLE_OBJC_ARC = YES;
				CLANG_WARN_BOOL_CONVERSION = YES;
				CLANG_WARN_CONSTANT_CONVERSION = YES;
				CLANG_WARN_DIRECT_OBJC_ISA_USAGE = YES_ERROR;
				CLANG_WARN_EMPTY_BODY = YES;
				CLANG_WARN_ENUM_CONVERSION = YES;
				CLANG_WARN_INT_CONVERSION = YES;
				CLANG_WARN_OBJC_ROOT_CLASS = YES_ERROR;
				CLANG_WARN_UNREACHABLE_CODE = YES;
				CLANG_WARN__DUPLICATE_METHOD_MATCH = YES;
				COPY_PHASE_STRIP = NO;
				CURRENT_PROJECT_VERSION = 1;
				DEBUG_INFORMATION_FORMAT = "dwarf-with-dsym";
				ENABLE_NS_ASSERTIONS = NO;
				ENABLE_STRICT_OBJC_MSGSEND = YES;
				GCC_C_LANGUAGE_STANDARD = gnu99;
				GCC_NO_COMMON_BLOCKS = YES;
				GCC_WARN_64_TO_32_BIT_CONVERSION = YES;
				GCC_WARN_ABOUT_RETURN_TYPE = YES_ERROR;
				GCC_WARN_UNDECLARED_SELECTOR = YES;
				GCC_WARN_UNINITIALIZED_AUTOS = YES_AGGRESSIVE;
				GCC_WARN_UNUSED_FUNCTION = YES;
				GCC_WARN_UNUSED_VARIABLE = YES;
				MACOSX_DEPLOYMENT_TARGET = 10.10;
				MTL_ENABLE_DEBUG_INFO = NO;
				SDKROOT = macosx;
				VERSIONING_SYSTEM = "apple-generic";
				VERSION_INFO_PREFIX = "";
			};
			name = Release;
		};
		E8456E191B52C29700AE93DC /* Debug */ = {
			isa = XCBuildConfiguration;
			buildSettings = {
				CLANG_ENABLE_MODULES = YES;
				COMBINE_HIDPI_IMAGES = YES;
				DEFINES_MODULE = YES;
				DYLIB_COMPATIBILITY_VERSION = 1;
				DYLIB_CURRENT_VERSION = 1;
				DYLIB_INSTALL_NAME_BASE = "@rpath";
				FRAMEWORK_SEARCH_PATHS = "$(CEF_BINARY_ROOT)/Debug";
				FRAMEWORK_VERSION = A;
				HEADER_SEARCH_PATHS = "$(CEF_BINARY_ROOT)";
				INFOPLIST_FILE = CEF.swift/Info.plist;
				INSTALL_PATH = "$(LOCAL_LIBRARY_DIR)/Frameworks";
				LD_RUNPATH_SEARCH_PATHS = "$(inherited) @executable_path/../Frameworks @loader_path/Frameworks";
				LIBRARY_SEARCH_PATHS = "$(CEF_BINARY_ROOT)/build/Debug";
				PRODUCT_BUNDLE_IDENTIFIER = "me.cocoagrinder.CEF-swift";
				PRODUCT_NAME = CEFswift;
				SKIP_INSTALL = YES;
				STRIP_INSTALLED_PRODUCT = NO;
				SWIFT_OBJC_BRIDGING_HEADER = "CEF.swift/CEF.swift-Bridging-Header.h";
				SWIFT_OPTIMIZATION_LEVEL = "-Onone";
			};
			name = Debug;
		};
		E8456E1A1B52C29700AE93DC /* Release */ = {
			isa = XCBuildConfiguration;
			buildSettings = {
				CLANG_ENABLE_MODULES = YES;
				COMBINE_HIDPI_IMAGES = YES;
				DEFINES_MODULE = YES;
				DYLIB_COMPATIBILITY_VERSION = 1;
				DYLIB_CURRENT_VERSION = 1;
				DYLIB_INSTALL_NAME_BASE = "@rpath";
				FRAMEWORK_SEARCH_PATHS = "$(CEF_BINARY_ROOT)/Debug";
				FRAMEWORK_VERSION = A;
				HEADER_SEARCH_PATHS = "$(CEF_BINARY_ROOT)";
				INFOPLIST_FILE = CEF.swift/Info.plist;
				INSTALL_PATH = "$(LOCAL_LIBRARY_DIR)/Frameworks";
				LD_RUNPATH_SEARCH_PATHS = "$(inherited) @executable_path/../Frameworks @loader_path/Frameworks";
				LIBRARY_SEARCH_PATHS = "$(CEF_BINARY_ROOT)/build/Debug";
				PRODUCT_BUNDLE_IDENTIFIER = "me.cocoagrinder.CEF-swift";
				PRODUCT_NAME = CEFswift;
				SKIP_INSTALL = YES;
				STRIP_INSTALLED_PRODUCT = NO;
				SWIFT_OBJC_BRIDGING_HEADER = "CEF.swift/CEF.swift-Bridging-Header.h";
			};
			name = Release;
		};
		E8CC9D391B5AF47B002948BD /* Debug */ = {
			isa = XCBuildConfiguration;
			buildSettings = {
				ASSETCATALOG_COMPILER_APPICON_NAME = AppIcon;
				COMBINE_HIDPI_IMAGES = YES;
				FRAMEWORK_SEARCH_PATHS = "$(CEF_BINARY_ROOT)/Debug";
				HEADER_SEARCH_PATHS = "$(CEF_BINARY_ROOT)";
				INFOPLIST_FILE = CEFDemo/Info.plist;
				LD_RUNPATH_SEARCH_PATHS = "$(inherited) @executable_path/../Frameworks";
				LIBRARY_SEARCH_PATHS = "$(CEF_BINARY_ROOT)/build/Debug";
				PRODUCT_BUNDLE_IDENTIFIER = me.cocoagrinder.CEFDemo;
				PRODUCT_NAME = "$(TARGET_NAME)";
				STRIP_INSTALLED_PRODUCT = NO;
				SWIFT_OBJC_BRIDGING_HEADER = "CEFDemo/CEFDemo-Bridging-Header.h";
			};
			name = Debug;
		};
		E8CC9D3A1B5AF47B002948BD /* Release */ = {
			isa = XCBuildConfiguration;
			buildSettings = {
				ASSETCATALOG_COMPILER_APPICON_NAME = AppIcon;
				COMBINE_HIDPI_IMAGES = YES;
				FRAMEWORK_SEARCH_PATHS = "$(CEF_BINARY_ROOT)/Debug";
				HEADER_SEARCH_PATHS = "$(CEF_BINARY_ROOT)";
				INFOPLIST_FILE = CEFDemo/Info.plist;
				LD_RUNPATH_SEARCH_PATHS = "$(inherited) @executable_path/../Frameworks";
				LIBRARY_SEARCH_PATHS = "$(CEF_BINARY_ROOT)/build/Debug";
				PRODUCT_BUNDLE_IDENTIFIER = me.cocoagrinder.CEFDemo;
				PRODUCT_NAME = "$(TARGET_NAME)";
				STRIP_INSTALLED_PRODUCT = NO;
				SWIFT_OBJC_BRIDGING_HEADER = "CEFDemo/CEFDemo-Bridging-Header.h";
			};
			name = Release;
		};
/* End XCBuildConfiguration section */

/* Begin XCConfigurationList section */
		E8456E0A1B52C29700AE93DC /* Build configuration list for PBXProject "CEF.swift" */ = {
			isa = XCConfigurationList;
			buildConfigurations = (
				E8456E161B52C29700AE93DC /* Debug */,
				E8456E171B52C29700AE93DC /* Release */,
			);
			defaultConfigurationIsVisible = 0;
			defaultConfigurationName = Release;
		};
		E8456E181B52C29700AE93DC /* Build configuration list for PBXNativeTarget "CEF.swift" */ = {
			isa = XCConfigurationList;
			buildConfigurations = (
				E8456E191B52C29700AE93DC /* Debug */,
				E8456E1A1B52C29700AE93DC /* Release */,
			);
			defaultConfigurationIsVisible = 0;
			defaultConfigurationName = Release;
		};
		E8CC9D381B5AF47B002948BD /* Build configuration list for PBXNativeTarget "CEFDemo" */ = {
			isa = XCConfigurationList;
			buildConfigurations = (
				E8CC9D391B5AF47B002948BD /* Debug */,
				E8CC9D3A1B5AF47B002948BD /* Release */,
			);
			defaultConfigurationIsVisible = 0;
			defaultConfigurationName = Release;
		};
/* End XCConfigurationList section */
	};
	rootObject = E8456E071B52C29700AE93DC /* Project object */;
}
