// !$*UTF8*$!
{
	archiveVersion = 1;
	classes = {
	};
	objectVersion = 46;
	objects = {

/* Begin PBXBuildFile section */
		E8456E141B52C29700AE93DC /* CEF.swift.h in Headers */ = {isa = PBXBuildFile; fileRef = E8456E131B52C29700AE93DC /* CEF.swift.h */; settings = {ATTRIBUTES = (Public, ); }; };
		E8613E241B52C51F009BDAC9 /* Chromium Embedded Framework.framework in Frameworks */ = {isa = PBXBuildFile; fileRef = E8613E231B52C51F009BDAC9 /* Chromium Embedded Framework.framework */; };
		E8613E261B52C5B1009BDAC9 /* CEF.swift-Bridging-Header.h in Headers */ = {isa = PBXBuildFile; fileRef = E8613E251B52C5B1009BDAC9 /* CEF.swift-Bridging-Header.h */; };
		E8732E031B5BEEF90068F130 /* Chromium Embedded Framework.framework in CopyFiles */ = {isa = PBXBuildFile; fileRef = E8613E231B52C51F009BDAC9 /* Chromium Embedded Framework.framework */; settings = {ATTRIBUTES = (RemoveHeadersOnCopy, ); }; };
		E8898B151B69654C009E0DFF /* CEFBase.swift in Sources */ = {isa = PBXBuildFile; fileRef = E8898AED1B69654C009E0DFF /* CEFBase.swift */; };
		E8898B161B69654C009E0DFF /* CEFMarshaller.swift in Sources */ = {isa = PBXBuildFile; fileRef = E8898AEE1B69654C009E0DFF /* CEFMarshaller.swift */; };
		E8898B171B69654C009E0DFF /* CEFApp.swift in Sources */ = {isa = PBXBuildFile; fileRef = E8898AF01B69654C009E0DFF /* CEFApp.swift */; };
		E8898B181B69654C009E0DFF /* CEFBrowserProcessHandler.swift in Sources */ = {isa = PBXBuildFile; fileRef = E8898AF11B69654C009E0DFF /* CEFBrowserProcessHandler.swift */; };
		E8898B191B69654C009E0DFF /* CEFClient.swift in Sources */ = {isa = PBXBuildFile; fileRef = E8898AF21B69654C009E0DFF /* CEFClient.swift */; };
		E8898B1A1B69654C009E0DFF /* CEFLifeSpanHandler.swift in Sources */ = {isa = PBXBuildFile; fileRef = E8898AF31B69654C009E0DFF /* CEFLifeSpanHandler.swift */; };
		E8898B1B1B69654C009E0DFF /* CEFNavigationEntryVisitor.swift in Sources */ = {isa = PBXBuildFile; fileRef = E8898AF41B69654C009E0DFF /* CEFNavigationEntryVisitor.swift */; };
		E8898B1C1B69654C009E0DFF /* CEFRenderProcessHandler.swift in Sources */ = {isa = PBXBuildFile; fileRef = E8898AF51B69654C009E0DFF /* CEFRenderProcessHandler.swift */; };
		E8898B1D1B69654C009E0DFF /* CEFResourceBundleHandler.swift in Sources */ = {isa = PBXBuildFile; fileRef = E8898AF61B69654C009E0DFF /* CEFResourceBundleHandler.swift */; };
		E8898B1E1B69654C009E0DFF /* CEFRunFileDialogCallback.swift in Sources */ = {isa = PBXBuildFile; fileRef = E8898AF71B69654C009E0DFF /* CEFRunFileDialogCallback.swift */; };
		E8898B1F1B69654C009E0DFF /* CEFBinaryValue.swift in Sources */ = {isa = PBXBuildFile; fileRef = E8898AF91B69654C009E0DFF /* CEFBinaryValue.swift */; };
		E8898B201B69654C009E0DFF /* CEFBrowser.swift in Sources */ = {isa = PBXBuildFile; fileRef = E8898AFA1B69654C009E0DFF /* CEFBrowser.swift */; };
		E8898B211B69654C009E0DFF /* CEFBrowserHost.swift in Sources */ = {isa = PBXBuildFile; fileRef = E8898AFB1B69654C009E0DFF /* CEFBrowserHost.swift */; };
		E8898B221B69654C009E0DFF /* CEFCommandLine.swift in Sources */ = {isa = PBXBuildFile; fileRef = E8898AFC1B69654C009E0DFF /* CEFCommandLine.swift */; };
		E8898B231B69654C009E0DFF /* CEFDictionaryValue.swift in Sources */ = {isa = PBXBuildFile; fileRef = E8898AFD1B69654C009E0DFF /* CEFDictionaryValue.swift */; };
		E8898B241B69654C009E0DFF /* CEFDragData.swift in Sources */ = {isa = PBXBuildFile; fileRef = E8898AFE1B69654C009E0DFF /* CEFDragData.swift */; };
		E8898B251B69654C009E0DFF /* CEFFrame.swift in Sources */ = {isa = PBXBuildFile; fileRef = E8898AFF1B69654C009E0DFF /* CEFFrame.swift */; };
		E8898B261B69654C009E0DFF /* CEFListValue.swift in Sources */ = {isa = PBXBuildFile; fileRef = E8898B001B69654C009E0DFF /* CEFListValue.swift */; };
		E8898B271B69654C009E0DFF /* CEFNavigationEntry.swift in Sources */ = {isa = PBXBuildFile; fileRef = E8898B011B69654C009E0DFF /* CEFNavigationEntry.swift */; };
		E8898B281B69654C009E0DFF /* CEFPOSTData.swift in Sources */ = {isa = PBXBuildFile; fileRef = E8898B021B69654C009E0DFF /* CEFPOSTData.swift */; };
		E8898B291B69654C009E0DFF /* CEFPOSTDataElement.swift in Sources */ = {isa = PBXBuildFile; fileRef = E8898B031B69654C009E0DFF /* CEFPOSTDataElement.swift */; };
		E8898B2A1B69654C009E0DFF /* CEFProcessMessage.swift in Sources */ = {isa = PBXBuildFile; fileRef = E8898B041B69654C009E0DFF /* CEFProcessMessage.swift */; };
		E8898B2B1B69654C009E0DFF /* CEFRequest.swift in Sources */ = {isa = PBXBuildFile; fileRef = E8898B051B69654C009E0DFF /* CEFRequest.swift */; };
		E8898B2C1B69654C009E0DFF /* CEFRequestContext.swift in Sources */ = {isa = PBXBuildFile; fileRef = E8898B061B69654C009E0DFF /* CEFRequestContext.swift */; };
		E8898B2D1B69654C009E0DFF /* CEFResponse.swift in Sources */ = {isa = PBXBuildFile; fileRef = E8898B071B69654C009E0DFF /* CEFResponse.swift */; };
		E8898B2E1B69654C009E0DFF /* CEFSchemeRegistrar.swift in Sources */ = {isa = PBXBuildFile; fileRef = E8898B081B69654C009E0DFF /* CEFSchemeRegistrar.swift */; };
		E8898B2F1B69654C009E0DFF /* CEFValue.swift in Sources */ = {isa = PBXBuildFile; fileRef = E8898B091B69654C009E0DFF /* CEFValue.swift */; };
		E8898B301B69654C009E0DFF /* CEFBrowserSettings.swift in Sources */ = {isa = PBXBuildFile; fileRef = E8898B0B1B69654C009E0DFF /* CEFBrowserSettings.swift */; };
		E8898B311B69654C009E0DFF /* CEFMainArgs.swift in Sources */ = {isa = PBXBuildFile; fileRef = E8898B0C1B69654C009E0DFF /* CEFMainArgs.swift */; };
		E8898B321B69654C009E0DFF /* CEFSettings.swift in Sources */ = {isa = PBXBuildFile; fileRef = E8898B0D1B69654C009E0DFF /* CEFSettings.swift */; };
		E8898B331B69654C009E0DFF /* CEFTypes.swift in Sources */ = {isa = PBXBuildFile; fileRef = E8898B0E1B69654C009E0DFF /* CEFTypes.swift */; };
		E8898B341B69654C009E0DFF /* CEFString.swift in Sources */ = {isa = PBXBuildFile; fileRef = E8898B101B69654C009E0DFF /* CEFString.swift */; };
		E8898B351B69654C009E0DFF /* CEFStringList.swift in Sources */ = {isa = PBXBuildFile; fileRef = E8898B111B69654C009E0DFF /* CEFStringList.swift */; };
		E8898B361B69654C009E0DFF /* CEFStringMap.swift in Sources */ = {isa = PBXBuildFile; fileRef = E8898B121B69654C009E0DFF /* CEFStringMap.swift */; };
		E8898B371B69654C009E0DFF /* CEFStringMultimap.swift in Sources */ = {isa = PBXBuildFile; fileRef = E8898B131B69654C009E0DFF /* CEFStringMultimap.swift */; };
		E8898B381B69654C009E0DFF /* CEFTime.swift in Sources */ = {isa = PBXBuildFile; fileRef = E8898B141B69654C009E0DFF /* CEFTime.swift */; };
		E8898B3A1B696F35009E0DFF /* CEFDOMVisitor.swift in Sources */ = {isa = PBXBuildFile; fileRef = E8898B391B696F35009E0DFF /* CEFDOMVisitor.swift */; };
		E8898B3C1B697032009E0DFF /* CEFDOMDocument.swift in Sources */ = {isa = PBXBuildFile; fileRef = E8898B3B1B697032009E0DFF /* CEFDOMDocument.swift */; };
		E8898B3E1B697413009E0DFF /* CEFDOMNode.swift in Sources */ = {isa = PBXBuildFile; fileRef = E8898B3D1B697413009E0DFF /* CEFDOMNode.swift */; };
		E8898B401B697A66009E0DFF /* CEFStringVisitor.swift in Sources */ = {isa = PBXBuildFile; fileRef = E8898B3F1B697A66009E0DFF /* CEFStringVisitor.swift */; };
		E88B85C11B6ABA4100D10E17 /* CEFPoint.swift in Sources */ = {isa = PBXBuildFile; fileRef = E88B85C01B6ABA4100D10E17 /* CEFPoint.swift */; };
		E88B85C31B6ABA9300D10E17 /* CEFKeyEvent.swift in Sources */ = {isa = PBXBuildFile; fileRef = E88B85C21B6ABA9300D10E17 /* CEFKeyEvent.swift */; };
		E88B85C51B6ABAD600D10E17 /* CEFMouseEvent.swift in Sources */ = {isa = PBXBuildFile; fileRef = E88B85C41B6ABAD600D10E17 /* CEFMouseEvent.swift */; };
		E88B85C71B6ABAED00D10E17 /* CEFWindowInfo.swift in Sources */ = {isa = PBXBuildFile; fileRef = E88B85C61B6ABAED00D10E17 /* CEFWindowInfo.swift */; };
		E88B85CA1B6ABCB600D10E17 /* CEFClient.g.swift in Sources */ = {isa = PBXBuildFile; fileRef = E88B85C91B6ABCB600D10E17 /* CEFClient.g.swift */; };
		E88B85CC1B6ABCF800D10E17 /* CEFApp.g.swift in Sources */ = {isa = PBXBuildFile; fileRef = E88B85CB1B6ABCF800D10E17 /* CEFApp.g.swift */; };
		E88B85CE1B6ABDB400D10E17 /* CEFBrowserProcessHandler.g.swift in Sources */ = {isa = PBXBuildFile; fileRef = E88B85CD1B6ABDB400D10E17 /* CEFBrowserProcessHandler.g.swift */; };
		E88B85D01B6ABE0600D10E17 /* CEFDOMVisitor.g.swift in Sources */ = {isa = PBXBuildFile; fileRef = E88B85CF1B6ABE0600D10E17 /* CEFDOMVisitor.g.swift */; };
		E88B85D21B6ABF3100D10E17 /* CEFLifeSpanHandler.g.swift in Sources */ = {isa = PBXBuildFile; fileRef = E88B85D11B6ABF3100D10E17 /* CEFLifeSpanHandler.g.swift */; };
		E88B85D41B6ABF8300D10E17 /* CEFNavigationEntryVisitor.g.swift in Sources */ = {isa = PBXBuildFile; fileRef = E88B85D31B6ABF8300D10E17 /* CEFNavigationEntryVisitor.g.swift */; };
		E88B85D61B6ABFC800D10E17 /* CEFRenderProcessHandler.g.swift in Sources */ = {isa = PBXBuildFile; fileRef = E88B85D51B6ABFC800D10E17 /* CEFRenderProcessHandler.g.swift */; };
		E88B85D81B6AC00100D10E17 /* CEFResourceBundleHandler.g.swift in Sources */ = {isa = PBXBuildFile; fileRef = E88B85D71B6AC00100D10E17 /* CEFResourceBundleHandler.g.swift */; };
		E88B85DA1B6AC05D00D10E17 /* CEFRunFileDialogCallback.g.swift in Sources */ = {isa = PBXBuildFile; fileRef = E88B85D91B6AC05D00D10E17 /* CEFRunFileDialogCallback.g.swift */; };
		E88B85DC1B6AC09A00D10E17 /* CEFStringVisitor.g.swift in Sources */ = {isa = PBXBuildFile; fileRef = E88B85DB1B6AC09A00D10E17 /* CEFStringVisitor.g.swift */; };
		E88B85DE1B6C0D4900D10E17 /* CEFV8Context.swift in Sources */ = {isa = PBXBuildFile; fileRef = E88B85DD1B6C0D4900D10E17 /* CEFV8Context.swift */; };
		E88B85E01B6C0D7800D10E17 /* CEFV8Handler.swift in Sources */ = {isa = PBXBuildFile; fileRef = E88B85DF1B6C0D7800D10E17 /* CEFV8Handler.swift */; };
		E88B85E21B6C0E0800D10E17 /* CEFV8Handler.g.swift in Sources */ = {isa = PBXBuildFile; fileRef = E88B85E11B6C0E0800D10E17 /* CEFV8Handler.g.swift */; };
		E88B85E41B6C11E400D10E17 /* CEFV8Accessor.swift in Sources */ = {isa = PBXBuildFile; fileRef = E88B85E31B6C11E400D10E17 /* CEFV8Accessor.swift */; };
		E88B85E61B6C126A00D10E17 /* CEFV8Accessor.g.swift in Sources */ = {isa = PBXBuildFile; fileRef = E88B85E51B6C126A00D10E17 /* CEFV8Accessor.g.swift */; };
		E88B85E81B6C16CF00D10E17 /* CEFV8Exception.swift in Sources */ = {isa = PBXBuildFile; fileRef = E88B85E71B6C16CF00D10E17 /* CEFV8Exception.swift */; };
		E88B85EA1B6C17D500D10E17 /* CEFV8Value.swift in Sources */ = {isa = PBXBuildFile; fileRef = E88B85E91B6C17D500D10E17 /* CEFV8Value.swift */; };
		E88B85F11B6D423B00D10E17 /* CEFV8StackTrace.swift in Sources */ = {isa = PBXBuildFile; fileRef = E88B85F01B6D423B00D10E17 /* CEFV8StackTrace.swift */; };
		E88B85F31B6D435E00D10E17 /* CEFV8StackFrame.swift in Sources */ = {isa = PBXBuildFile; fileRef = E88B85F21B6D435E00D10E17 /* CEFV8StackFrame.swift */; };
		E88B85F51B6D462500D10E17 /* CEFTask.swift in Sources */ = {isa = PBXBuildFile; fileRef = E88B85F41B6D462500D10E17 /* CEFTask.swift */; };
		E88B85F71B6D466600D10E17 /* CEFTask.g.swift in Sources */ = {isa = PBXBuildFile; fileRef = E88B85F61B6D466600D10E17 /* CEFTask.g.swift */; };
		E88B85F91B6D46D000D10E17 /* CEFTaskRunner.swift in Sources */ = {isa = PBXBuildFile; fileRef = E88B85F81B6D46D000D10E17 /* CEFTaskRunner.swift */; };
		E88B861D1B6E089A00D10E17 /* CEFCookieManager.swift in Sources */ = {isa = PBXBuildFile; fileRef = E88B861C1B6E089A00D10E17 /* CEFCookieManager.swift */; };
		E88B861F1B6E093E00D10E17 /* CEFCompletionCallback.swift in Sources */ = {isa = PBXBuildFile; fileRef = E88B861E1B6E093E00D10E17 /* CEFCompletionCallback.swift */; };
		E88B86211B6E098700D10E17 /* CEFCompletionCallback.g.swift in Sources */ = {isa = PBXBuildFile; fileRef = E88B86201B6E098700D10E17 /* CEFCompletionCallback.g.swift */; };
		E88B86231B6E0CE800D10E17 /* CEFCookieVisitor.swift in Sources */ = {isa = PBXBuildFile; fileRef = E88B86221B6E0CE800D10E17 /* CEFCookieVisitor.swift */; };
		E88B86251B6E0D2C00D10E17 /* CEFCookie.swift in Sources */ = {isa = PBXBuildFile; fileRef = E88B86241B6E0D2C00D10E17 /* CEFCookie.swift */; };
		E88B86271B6E0F2E00D10E17 /* CEFCookieVisitor.g.swift in Sources */ = {isa = PBXBuildFile; fileRef = E88B86261B6E0F2E00D10E17 /* CEFCookieVisitor.g.swift */; };
		E88B86291B6E154200D10E17 /* CEFSetCookieCallback.swift in Sources */ = {isa = PBXBuildFile; fileRef = E88B86281B6E154200D10E17 /* CEFSetCookieCallback.swift */; };
		E88B862B1B6E159900D10E17 /* CEFSetCookieCallback.g.swift in Sources */ = {isa = PBXBuildFile; fileRef = E88B862A1B6E159900D10E17 /* CEFSetCookieCallback.g.swift */; };
		E88B862D1B6E163700D10E17 /* CEFDeleteCookiesCallback.g.swift in Sources */ = {isa = PBXBuildFile; fileRef = E88B862C1B6E163700D10E17 /* CEFDeleteCookiesCallback.g.swift */; };
		E88B862F1B6E167600D10E17 /* CEFDeleteCookiesCallback.swift in Sources */ = {isa = PBXBuildFile; fileRef = E88B862E1B6E167600D10E17 /* CEFDeleteCookiesCallback.swift */; };
		E88B86311B6E1B3D00D10E17 /* CEFRequestContextHandler.swift in Sources */ = {isa = PBXBuildFile; fileRef = E88B86301B6E1B3D00D10E17 /* CEFRequestContextHandler.swift */; };
		E88B86331B6E1B8500D10E17 /* CEFRequestContextHandler.g.swift in Sources */ = {isa = PBXBuildFile; fileRef = E88B86321B6E1B8500D10E17 /* CEFRequestContextHandler.g.swift */; };
		E88B86351B6E1CE400D10E17 /* CEFRequestContextSettings.swift in Sources */ = {isa = PBXBuildFile; fileRef = E88B86341B6E1CE400D10E17 /* CEFRequestContextSettings.swift */; };
		E88B86371B6E219200D10E17 /* CEFSchemeHandlerFactory.swift in Sources */ = {isa = PBXBuildFile; fileRef = E88B86361B6E219200D10E17 /* CEFSchemeHandlerFactory.swift */; };
		E88B86391B6E221A00D10E17 /* CEFResourceHandler.swift in Sources */ = {isa = PBXBuildFile; fileRef = E88B86381B6E221A00D10E17 /* CEFResourceHandler.swift */; };
		E88B863B1B6E227200D10E17 /* CEFSchemeHandlerFactory.g.swift in Sources */ = {isa = PBXBuildFile; fileRef = E88B863A1B6E227200D10E17 /* CEFSchemeHandlerFactory.g.swift */; };
		E88B863D1B6E24EF00D10E17 /* CEFResourceHandler.g.swift in Sources */ = {isa = PBXBuildFile; fileRef = E88B863C1B6E24EF00D10E17 /* CEFResourceHandler.g.swift */; };
		E88B86431B6E3A3800D10E17 /* CEFContextMenuHandler.swift in Sources */ = {isa = PBXBuildFile; fileRef = E88B86421B6E3A3800D10E17 /* CEFContextMenuHandler.swift */; };
		E88B86741B6EA08A00D10E17 /* CEFColorModel.g.swift in Sources */ = {isa = PBXBuildFile; fileRef = E88B86471B6EA08A00D10E17 /* CEFColorModel.g.swift */; };
		E88B86751B6EA08A00D10E17 /* CEFContextMenuEditStateFlags.g.swift in Sources */ = {isa = PBXBuildFile; fileRef = E88B86481B6EA08A00D10E17 /* CEFContextMenuEditStateFlags.g.swift */; };
		E88B86761B6EA08A00D10E17 /* CEFContextMenuMediaStateFlags.g.swift in Sources */ = {isa = PBXBuildFile; fileRef = E88B86491B6EA08A00D10E17 /* CEFContextMenuMediaStateFlags.g.swift */; };
		E88B86771B6EA08A00D10E17 /* CEFContextMenuMediaType.g.swift in Sources */ = {isa = PBXBuildFile; fileRef = E88B864A1B6EA08A00D10E17 /* CEFContextMenuMediaType.g.swift */; };
		E88B86781B6EA08A00D10E17 /* CEFContextMenuTypeFlags.g.swift in Sources */ = {isa = PBXBuildFile; fileRef = E88B864B1B6EA08A00D10E17 /* CEFContextMenuTypeFlags.g.swift */; };
		E88B86791B6EA08A00D10E17 /* CEFCursorType.g.swift in Sources */ = {isa = PBXBuildFile; fileRef = E88B864C1B6EA08A00D10E17 /* CEFCursorType.g.swift */; };
		E88B867A1B6EA08A00D10E17 /* CEFDOMDocumentType.g.swift in Sources */ = {isa = PBXBuildFile; fileRef = E88B864D1B6EA08A00D10E17 /* CEFDOMDocumentType.g.swift */; };
		E88B867B1B6EA08A00D10E17 /* CEFDOMEventCategory.g.swift in Sources */ = {isa = PBXBuildFile; fileRef = E88B864E1B6EA08A00D10E17 /* CEFDOMEventCategory.g.swift */; };
		E88B867C1B6EA08A00D10E17 /* CEFDOMEventPhase.g.swift in Sources */ = {isa = PBXBuildFile; fileRef = E88B864F1B6EA08A00D10E17 /* CEFDOMEventPhase.g.swift */; };
		E88B867D1B6EA08A00D10E17 /* CEFDOMNodeType.g.swift in Sources */ = {isa = PBXBuildFile; fileRef = E88B86501B6EA08A00D10E17 /* CEFDOMNodeType.g.swift */; };
		E88B867E1B6EA08A00D10E17 /* CEFDragOperationsMask.g.swift in Sources */ = {isa = PBXBuildFile; fileRef = E88B86511B6EA08A00D10E17 /* CEFDragOperationsMask.g.swift */; };
		E88B867F1B6EA08A00D10E17 /* CEFDuplexMode.g.swift in Sources */ = {isa = PBXBuildFile; fileRef = E88B86521B6EA08A00D10E17 /* CEFDuplexMode.g.swift */; };
		E88B86801B6EA08A00D10E17 /* CEFErrorCode.g.swift in Sources */ = {isa = PBXBuildFile; fileRef = E88B86531B6EA08A00D10E17 /* CEFErrorCode.g.swift */; };
		E88B86811B6EA08A00D10E17 /* CEFEventFlags.g.swift in Sources */ = {isa = PBXBuildFile; fileRef = E88B86541B6EA08A00D10E17 /* CEFEventFlags.g.swift */; };
		E88B86821B6EA08A00D10E17 /* CEFFocusSource.g.swift in Sources */ = {isa = PBXBuildFile; fileRef = E88B86551B6EA08A00D10E17 /* CEFFocusSource.g.swift */; };
		E88B86831B6EA08A00D10E17 /* CEFGeopositionErrorCode.g.swift in Sources */ = {isa = PBXBuildFile; fileRef = E88B86561B6EA08A00D10E17 /* CEFGeopositionErrorCode.g.swift */; };
		E88B86841B6EA08A00D10E17 /* CEFJSDialogType.g.swift in Sources */ = {isa = PBXBuildFile; fileRef = E88B86571B6EA08A00D10E17 /* CEFJSDialogType.g.swift */; };
		E88B86851B6EA08A00D10E17 /* CEFJSONParserError.g.swift in Sources */ = {isa = PBXBuildFile; fileRef = E88B86581B6EA08A00D10E17 /* CEFJSONParserError.g.swift */; };
		E88B86861B6EA08A00D10E17 /* CEFJSONParserOptions.g.swift in Sources */ = {isa = PBXBuildFile; fileRef = E88B86591B6EA08A00D10E17 /* CEFJSONParserOptions.g.swift */; };
		E88B86871B6EA08A00D10E17 /* CEFJSONWriterOptions.g.swift in Sources */ = {isa = PBXBuildFile; fileRef = E88B865A1B6EA08A00D10E17 /* CEFJSONWriterOptions.g.swift */; };
		E88B86881B6EA08A00D10E17 /* CEFKeyEventType.g.swift in Sources */ = {isa = PBXBuildFile; fileRef = E88B865B1B6EA08A00D10E17 /* CEFKeyEventType.g.swift */; };
		E88B86891B6EA08A00D10E17 /* CEFLogSeverity.g.swift in Sources */ = {isa = PBXBuildFile; fileRef = E88B865C1B6EA08A00D10E17 /* CEFLogSeverity.g.swift */; };
		E88B868A1B6EA08A00D10E17 /* CEFMenuID.g.swift in Sources */ = {isa = PBXBuildFile; fileRef = E88B865D1B6EA08A00D10E17 /* CEFMenuID.g.swift */; };
		E88B868B1B6EA08A00D10E17 /* CEFMenuItemType.g.swift in Sources */ = {isa = PBXBuildFile; fileRef = E88B865E1B6EA08A00D10E17 /* CEFMenuItemType.g.swift */; };
		E88B868C1B6EA08A00D10E17 /* CEFMouseButtonType.g.swift in Sources */ = {isa = PBXBuildFile; fileRef = E88B865F1B6EA08A00D10E17 /* CEFMouseButtonType.g.swift */; };
		E88B868D1B6EA08A00D10E17 /* CEFNavigationType.g.swift in Sources */ = {isa = PBXBuildFile; fileRef = E88B86601B6EA08A00D10E17 /* CEFNavigationType.g.swift */; };
		E88B868E1B6EA08A00D10E17 /* CEFPaintElementType.g.swift in Sources */ = {isa = PBXBuildFile; fileRef = E88B86611B6EA08A00D10E17 /* CEFPaintElementType.g.swift */; };
		E88B868F1B6EA08A00D10E17 /* CEFPathKey.g.swift in Sources */ = {isa = PBXBuildFile; fileRef = E88B86621B6EA08A00D10E17 /* CEFPathKey.g.swift */; };
		E88B86901B6EA08A00D10E17 /* CEFPOSTDataElementType.g.swift in Sources */ = {isa = PBXBuildFile; fileRef = E88B86631B6EA08A00D10E17 /* CEFPOSTDataElementType.g.swift */; };
		E88B86911B6EA08A00D10E17 /* CEFProcessID.g.swift in Sources */ = {isa = PBXBuildFile; fileRef = E88B86641B6EA08A00D10E17 /* CEFProcessID.g.swift */; };
		E88B86921B6EA08A00D10E17 /* CEFResourceType.g.swift in Sources */ = {isa = PBXBuildFile; fileRef = E88B86651B6EA08A00D10E17 /* CEFResourceType.g.swift */; };
		E88B86931B6EA08A00D10E17 /* CEFReturnValue.g.swift in Sources */ = {isa = PBXBuildFile; fileRef = E88B86661B6EA08A00D10E17 /* CEFReturnValue.g.swift */; };
		E88B86941B6EA08A00D10E17 /* CEFState.g.swift in Sources */ = {isa = PBXBuildFile; fileRef = E88B86671B6EA08A00D10E17 /* CEFState.g.swift */; };
		E88B86951B6EA08A00D10E17 /* CEFStorageType.g.swift in Sources */ = {isa = PBXBuildFile; fileRef = E88B86681B6EA08A00D10E17 /* CEFStorageType.g.swift */; };
		E88B86961B6EA08A00D10E17 /* CEFTerminationStatus.g.swift in Sources */ = {isa = PBXBuildFile; fileRef = E88B86691B6EA08A00D10E17 /* CEFTerminationStatus.g.swift */; };
		E88B86971B6EA08A00D10E17 /* CEFThreadID.g.swift in Sources */ = {isa = PBXBuildFile; fileRef = E88B866A1B6EA08A00D10E17 /* CEFThreadID.g.swift */; };
		E88B86981B6EA08A00D10E17 /* CEFURIUnescapeRule.g.swift in Sources */ = {isa = PBXBuildFile; fileRef = E88B866B1B6EA08A00D10E17 /* CEFURIUnescapeRule.g.swift */; };
		E88B86991B6EA08A00D10E17 /* CEFURLRequestFlags.g.swift in Sources */ = {isa = PBXBuildFile; fileRef = E88B866C1B6EA08A00D10E17 /* CEFURLRequestFlags.g.swift */; };
		E88B869A1B6EA08A00D10E17 /* CEFURLRequestStatus.g.swift in Sources */ = {isa = PBXBuildFile; fileRef = E88B866D1B6EA08A00D10E17 /* CEFURLRequestStatus.g.swift */; };
		E88B869B1B6EA08A00D10E17 /* CEFV8AccessControl.g.swift in Sources */ = {isa = PBXBuildFile; fileRef = E88B866E1B6EA08A00D10E17 /* CEFV8AccessControl.g.swift */; };
		E88B869C1B6EA08A00D10E17 /* CEFV8PropertyAttribute.g.swift in Sources */ = {isa = PBXBuildFile; fileRef = E88B866F1B6EA08A00D10E17 /* CEFV8PropertyAttribute.g.swift */; };
		E88B869D1B6EA08A00D10E17 /* CEFValueType.g.swift in Sources */ = {isa = PBXBuildFile; fileRef = E88B86701B6EA08A00D10E17 /* CEFValueType.g.swift */; };
		E88B869E1B6EA08A00D10E17 /* CEFWindowOpenDisposition.g.swift in Sources */ = {isa = PBXBuildFile; fileRef = E88B86711B6EA08A00D10E17 /* CEFWindowOpenDisposition.g.swift */; };
		E88B869F1B6EA08A00D10E17 /* CEFXMLEncodingType.g.swift in Sources */ = {isa = PBXBuildFile; fileRef = E88B86721B6EA08A00D10E17 /* CEFXMLEncodingType.g.swift */; };
		E88B86A01B6EA08A00D10E17 /* CEFXMLNodeType.g.swift in Sources */ = {isa = PBXBuildFile; fileRef = E88B86731B6EA08A00D10E17 /* CEFXMLNodeType.g.swift */; };
		E88B86B81B6EA0CC00D10E17 /* CEFFileDialogMode.swift in Sources */ = {isa = PBXBuildFile; fileRef = E88B86A61B6EA0CC00D10E17 /* CEFFileDialogMode.swift */; };
		E88B86C01B6EA0CC00D10E17 /* CEFTransitionType.swift in Sources */ = {isa = PBXBuildFile; fileRef = E88B86AE1B6EA0CC00D10E17 /* CEFTransitionType.swift */; };
		E890E9891B70018F007DB9C6 /* CEFV8ContextSafetyImplementation.swift in Sources */ = {isa = PBXBuildFile; fileRef = E890E9881B70018F007DB9C6 /* CEFV8ContextSafetyImplementation.swift */; };
		E890E98B1B7001B1007DB9C6 /* CEFColor.swift in Sources */ = {isa = PBXBuildFile; fileRef = E890E98A1B7001B1007DB9C6 /* CEFColor.swift */; };
		E890E98D1B7007D7007DB9C6 /* CEFContextMenuParams.swift in Sources */ = {isa = PBXBuildFile; fileRef = E890E98C1B7007D7007DB9C6 /* CEFContextMenuParams.swift */; };
		E890E98F1B700B93007DB9C6 /* CEFMenuModel.swift in Sources */ = {isa = PBXBuildFile; fileRef = E890E98E1B700B93007DB9C6 /* CEFMenuModel.swift */; };
		E890E9931B71560F007DB9C6 /* CEFMenuItemAccelerator.swift in Sources */ = {isa = PBXBuildFile; fileRef = E890E9921B71560F007DB9C6 /* CEFMenuItemAccelerator.swift */; };
		E890E9951B716195007DB9C6 /* CEFContextMenuHandler.g.swift in Sources */ = {isa = PBXBuildFile; fileRef = E890E9941B716195007DB9C6 /* CEFContextMenuHandler.g.swift */; };
		E890E9971B716202007DB9C6 /* CEFCallback.swift in Sources */ = {isa = PBXBuildFile; fileRef = E890E9961B716202007DB9C6 /* CEFCallback.swift */; };
		E8CC9D311B5AF47B002948BD /* AppDelegate.swift in Sources */ = {isa = PBXBuildFile; fileRef = E8CC9D301B5AF47B002948BD /* AppDelegate.swift */; };
		E8CC9D331B5AF47B002948BD /* Assets.xcassets in Resources */ = {isa = PBXBuildFile; fileRef = E8CC9D321B5AF47B002948BD /* Assets.xcassets */; };
		E8CC9D361B5AF47B002948BD /* MainMenu.xib in Resources */ = {isa = PBXBuildFile; fileRef = E8CC9D341B5AF47B002948BD /* MainMenu.xib */; };
		E8CC9D3C1B5AF516002948BD /* main.swift in Sources */ = {isa = PBXBuildFile; fileRef = E8CC9D3B1B5AF516002948BD /* main.swift */; };
		E8CC9D3F1B5AF601002948BD /* CEFswift.framework in Frameworks */ = {isa = PBXBuildFile; fileRef = E8456E101B52C29700AE93DC /* CEFswift.framework */; settings = {ATTRIBUTES = (Required, ); }; };
		E8CC9D401B5AF648002948BD /* Chromium Embedded Framework.framework in Frameworks */ = {isa = PBXBuildFile; fileRef = E8613E231B52C51F009BDAC9 /* Chromium Embedded Framework.framework */; };
/* End PBXBuildFile section */

/* Begin PBXContainerItemProxy section */
		E8CC9D3D1B5AF5F9002948BD /* PBXContainerItemProxy */ = {
			isa = PBXContainerItemProxy;
			containerPortal = E8456E071B52C29700AE93DC /* Project object */;
			proxyType = 1;
			remoteGlobalIDString = E8456E0F1B52C29700AE93DC;
			remoteInfo = CEF.swift;
		};
/* End PBXContainerItemProxy section */

/* Begin PBXCopyFilesBuildPhase section */
		E8732E021B5BEEF10068F130 /* CopyFiles */ = {
			isa = PBXCopyFilesBuildPhase;
			buildActionMask = 2147483647;
			dstPath = "";
			dstSubfolderSpec = 10;
			files = (
				E8732E031B5BEEF90068F130 /* Chromium Embedded Framework.framework in CopyFiles */,
			);
			runOnlyForDeploymentPostprocessing = 0;
		};
/* End PBXCopyFilesBuildPhase section */

/* Begin PBXFileReference section */
		E8456E101B52C29700AE93DC /* CEFswift.framework */ = {isa = PBXFileReference; explicitFileType = wrapper.framework; includeInIndex = 0; path = CEFswift.framework; sourceTree = BUILT_PRODUCTS_DIR; };
		E8456E131B52C29700AE93DC /* CEF.swift.h */ = {isa = PBXFileReference; lastKnownFileType = sourcecode.c.h; path = CEF.swift.h; sourceTree = "<group>"; };
		E8456E151B52C29700AE93DC /* Info.plist */ = {isa = PBXFileReference; lastKnownFileType = text.plist.xml; path = Info.plist; sourceTree = "<group>"; };
		E8613E231B52C51F009BDAC9 /* Chromium Embedded Framework.framework */ = {isa = PBXFileReference; lastKnownFileType = wrapper.framework; name = "Chromium Embedded Framework.framework"; path = "External/cef_binary/Debug/Chromium Embedded Framework.framework"; sourceTree = SOURCE_ROOT; };
		E8613E251B52C5B1009BDAC9 /* CEF.swift-Bridging-Header.h */ = {isa = PBXFileReference; fileEncoding = 4; lastKnownFileType = sourcecode.c.h; path = "CEF.swift-Bridging-Header.h"; sourceTree = "<group>"; };
		E8732E011B5BE1E40068F130 /* cef_application_mac_capi.h */ = {isa = PBXFileReference; lastKnownFileType = sourcecode.c.h; path = cef_application_mac_capi.h; sourceTree = "<group>"; };
		E8898AED1B69654C009E0DFF /* CEFBase.swift */ = {isa = PBXFileReference; fileEncoding = 4; lastKnownFileType = sourcecode.swift; path = CEFBase.swift; sourceTree = "<group>"; };
		E8898AEE1B69654C009E0DFF /* CEFMarshaller.swift */ = {isa = PBXFileReference; fileEncoding = 4; lastKnownFileType = sourcecode.swift; path = CEFMarshaller.swift; sourceTree = "<group>"; };
		E8898AF01B69654C009E0DFF /* CEFApp.swift */ = {isa = PBXFileReference; fileEncoding = 4; lastKnownFileType = sourcecode.swift; path = CEFApp.swift; sourceTree = "<group>"; };
		E8898AF11B69654C009E0DFF /* CEFBrowserProcessHandler.swift */ = {isa = PBXFileReference; fileEncoding = 4; lastKnownFileType = sourcecode.swift; path = CEFBrowserProcessHandler.swift; sourceTree = "<group>"; };
		E8898AF21B69654C009E0DFF /* CEFClient.swift */ = {isa = PBXFileReference; fileEncoding = 4; lastKnownFileType = sourcecode.swift; path = CEFClient.swift; sourceTree = "<group>"; };
		E8898AF31B69654C009E0DFF /* CEFLifeSpanHandler.swift */ = {isa = PBXFileReference; fileEncoding = 4; lastKnownFileType = sourcecode.swift; path = CEFLifeSpanHandler.swift; sourceTree = "<group>"; };
		E8898AF41B69654C009E0DFF /* CEFNavigationEntryVisitor.swift */ = {isa = PBXFileReference; fileEncoding = 4; lastKnownFileType = sourcecode.swift; path = CEFNavigationEntryVisitor.swift; sourceTree = "<group>"; };
		E8898AF51B69654C009E0DFF /* CEFRenderProcessHandler.swift */ = {isa = PBXFileReference; fileEncoding = 4; lastKnownFileType = sourcecode.swift; path = CEFRenderProcessHandler.swift; sourceTree = "<group>"; };
		E8898AF61B69654C009E0DFF /* CEFResourceBundleHandler.swift */ = {isa = PBXFileReference; fileEncoding = 4; lastKnownFileType = sourcecode.swift; path = CEFResourceBundleHandler.swift; sourceTree = "<group>"; };
		E8898AF71B69654C009E0DFF /* CEFRunFileDialogCallback.swift */ = {isa = PBXFileReference; fileEncoding = 4; lastKnownFileType = sourcecode.swift; path = CEFRunFileDialogCallback.swift; sourceTree = "<group>"; };
		E8898AF91B69654C009E0DFF /* CEFBinaryValue.swift */ = {isa = PBXFileReference; fileEncoding = 4; lastKnownFileType = sourcecode.swift; path = CEFBinaryValue.swift; sourceTree = "<group>"; };
		E8898AFA1B69654C009E0DFF /* CEFBrowser.swift */ = {isa = PBXFileReference; fileEncoding = 4; lastKnownFileType = sourcecode.swift; path = CEFBrowser.swift; sourceTree = "<group>"; };
		E8898AFB1B69654C009E0DFF /* CEFBrowserHost.swift */ = {isa = PBXFileReference; fileEncoding = 4; lastKnownFileType = sourcecode.swift; path = CEFBrowserHost.swift; sourceTree = "<group>"; };
		E8898AFC1B69654C009E0DFF /* CEFCommandLine.swift */ = {isa = PBXFileReference; fileEncoding = 4; lastKnownFileType = sourcecode.swift; path = CEFCommandLine.swift; sourceTree = "<group>"; };
		E8898AFD1B69654C009E0DFF /* CEFDictionaryValue.swift */ = {isa = PBXFileReference; fileEncoding = 4; lastKnownFileType = sourcecode.swift; path = CEFDictionaryValue.swift; sourceTree = "<group>"; };
		E8898AFE1B69654C009E0DFF /* CEFDragData.swift */ = {isa = PBXFileReference; fileEncoding = 4; lastKnownFileType = sourcecode.swift; path = CEFDragData.swift; sourceTree = "<group>"; };
		E8898AFF1B69654C009E0DFF /* CEFFrame.swift */ = {isa = PBXFileReference; fileEncoding = 4; lastKnownFileType = sourcecode.swift; path = CEFFrame.swift; sourceTree = "<group>"; };
		E8898B001B69654C009E0DFF /* CEFListValue.swift */ = {isa = PBXFileReference; fileEncoding = 4; lastKnownFileType = sourcecode.swift; path = CEFListValue.swift; sourceTree = "<group>"; };
		E8898B011B69654C009E0DFF /* CEFNavigationEntry.swift */ = {isa = PBXFileReference; fileEncoding = 4; lastKnownFileType = sourcecode.swift; path = CEFNavigationEntry.swift; sourceTree = "<group>"; };
		E8898B021B69654C009E0DFF /* CEFPOSTData.swift */ = {isa = PBXFileReference; fileEncoding = 4; lastKnownFileType = sourcecode.swift; path = CEFPOSTData.swift; sourceTree = "<group>"; };
		E8898B031B69654C009E0DFF /* CEFPOSTDataElement.swift */ = {isa = PBXFileReference; fileEncoding = 4; lastKnownFileType = sourcecode.swift; path = CEFPOSTDataElement.swift; sourceTree = "<group>"; };
		E8898B041B69654C009E0DFF /* CEFProcessMessage.swift */ = {isa = PBXFileReference; fileEncoding = 4; lastKnownFileType = sourcecode.swift; path = CEFProcessMessage.swift; sourceTree = "<group>"; };
		E8898B051B69654C009E0DFF /* CEFRequest.swift */ = {isa = PBXFileReference; fileEncoding = 4; lastKnownFileType = sourcecode.swift; path = CEFRequest.swift; sourceTree = "<group>"; };
		E8898B061B69654C009E0DFF /* CEFRequestContext.swift */ = {isa = PBXFileReference; fileEncoding = 4; lastKnownFileType = sourcecode.swift; path = CEFRequestContext.swift; sourceTree = "<group>"; };
		E8898B071B69654C009E0DFF /* CEFResponse.swift */ = {isa = PBXFileReference; fileEncoding = 4; lastKnownFileType = sourcecode.swift; path = CEFResponse.swift; sourceTree = "<group>"; };
		E8898B081B69654C009E0DFF /* CEFSchemeRegistrar.swift */ = {isa = PBXFileReference; fileEncoding = 4; lastKnownFileType = sourcecode.swift; path = CEFSchemeRegistrar.swift; sourceTree = "<group>"; };
		E8898B091B69654C009E0DFF /* CEFValue.swift */ = {isa = PBXFileReference; fileEncoding = 4; lastKnownFileType = sourcecode.swift; path = CEFValue.swift; sourceTree = "<group>"; };
		E8898B0B1B69654C009E0DFF /* CEFBrowserSettings.swift */ = {isa = PBXFileReference; fileEncoding = 4; lastKnownFileType = sourcecode.swift; path = CEFBrowserSettings.swift; sourceTree = "<group>"; };
		E8898B0C1B69654C009E0DFF /* CEFMainArgs.swift */ = {isa = PBXFileReference; fileEncoding = 4; lastKnownFileType = sourcecode.swift; path = CEFMainArgs.swift; sourceTree = "<group>"; };
		E8898B0D1B69654C009E0DFF /* CEFSettings.swift */ = {isa = PBXFileReference; fileEncoding = 4; lastKnownFileType = sourcecode.swift; path = CEFSettings.swift; sourceTree = "<group>"; };
		E8898B0E1B69654C009E0DFF /* CEFTypes.swift */ = {isa = PBXFileReference; fileEncoding = 4; lastKnownFileType = sourcecode.swift; path = CEFTypes.swift; sourceTree = "<group>"; };
		E8898B101B69654C009E0DFF /* CEFString.swift */ = {isa = PBXFileReference; fileEncoding = 4; lastKnownFileType = sourcecode.swift; path = CEFString.swift; sourceTree = "<group>"; };
		E8898B111B69654C009E0DFF /* CEFStringList.swift */ = {isa = PBXFileReference; fileEncoding = 4; lastKnownFileType = sourcecode.swift; path = CEFStringList.swift; sourceTree = "<group>"; };
		E8898B121B69654C009E0DFF /* CEFStringMap.swift */ = {isa = PBXFileReference; fileEncoding = 4; lastKnownFileType = sourcecode.swift; path = CEFStringMap.swift; sourceTree = "<group>"; };
		E8898B131B69654C009E0DFF /* CEFStringMultimap.swift */ = {isa = PBXFileReference; fileEncoding = 4; lastKnownFileType = sourcecode.swift; path = CEFStringMultimap.swift; sourceTree = "<group>"; };
		E8898B141B69654C009E0DFF /* CEFTime.swift */ = {isa = PBXFileReference; fileEncoding = 4; lastKnownFileType = sourcecode.swift; path = CEFTime.swift; sourceTree = "<group>"; };
		E8898B391B696F35009E0DFF /* CEFDOMVisitor.swift */ = {isa = PBXFileReference; fileEncoding = 4; lastKnownFileType = sourcecode.swift; path = CEFDOMVisitor.swift; sourceTree = "<group>"; };
		E8898B3B1B697032009E0DFF /* CEFDOMDocument.swift */ = {isa = PBXFileReference; fileEncoding = 4; lastKnownFileType = sourcecode.swift; path = CEFDOMDocument.swift; sourceTree = "<group>"; };
		E8898B3D1B697413009E0DFF /* CEFDOMNode.swift */ = {isa = PBXFileReference; fileEncoding = 4; lastKnownFileType = sourcecode.swift; path = CEFDOMNode.swift; sourceTree = "<group>"; };
		E8898B3F1B697A66009E0DFF /* CEFStringVisitor.swift */ = {isa = PBXFileReference; fileEncoding = 4; lastKnownFileType = sourcecode.swift; path = CEFStringVisitor.swift; sourceTree = "<group>"; };
		E88B85C01B6ABA4100D10E17 /* CEFPoint.swift */ = {isa = PBXFileReference; fileEncoding = 4; lastKnownFileType = sourcecode.swift; path = CEFPoint.swift; sourceTree = "<group>"; };
		E88B85C21B6ABA9300D10E17 /* CEFKeyEvent.swift */ = {isa = PBXFileReference; fileEncoding = 4; lastKnownFileType = sourcecode.swift; path = CEFKeyEvent.swift; sourceTree = "<group>"; };
		E88B85C41B6ABAD600D10E17 /* CEFMouseEvent.swift */ = {isa = PBXFileReference; fileEncoding = 4; lastKnownFileType = sourcecode.swift; path = CEFMouseEvent.swift; sourceTree = "<group>"; };
		E88B85C61B6ABAED00D10E17 /* CEFWindowInfo.swift */ = {isa = PBXFileReference; fileEncoding = 4; lastKnownFileType = sourcecode.swift; path = CEFWindowInfo.swift; sourceTree = "<group>"; };
		E88B85C91B6ABCB600D10E17 /* CEFClient.g.swift */ = {isa = PBXFileReference; fileEncoding = 4; lastKnownFileType = sourcecode.swift; path = CEFClient.g.swift; sourceTree = "<group>"; };
		E88B85CB1B6ABCF800D10E17 /* CEFApp.g.swift */ = {isa = PBXFileReference; fileEncoding = 4; lastKnownFileType = sourcecode.swift; path = CEFApp.g.swift; sourceTree = "<group>"; };
		E88B85CD1B6ABDB400D10E17 /* CEFBrowserProcessHandler.g.swift */ = {isa = PBXFileReference; fileEncoding = 4; lastKnownFileType = sourcecode.swift; path = CEFBrowserProcessHandler.g.swift; sourceTree = "<group>"; };
		E88B85CF1B6ABE0600D10E17 /* CEFDOMVisitor.g.swift */ = {isa = PBXFileReference; fileEncoding = 4; lastKnownFileType = sourcecode.swift; path = CEFDOMVisitor.g.swift; sourceTree = "<group>"; };
		E88B85D11B6ABF3100D10E17 /* CEFLifeSpanHandler.g.swift */ = {isa = PBXFileReference; fileEncoding = 4; lastKnownFileType = sourcecode.swift; path = CEFLifeSpanHandler.g.swift; sourceTree = "<group>"; };
		E88B85D31B6ABF8300D10E17 /* CEFNavigationEntryVisitor.g.swift */ = {isa = PBXFileReference; fileEncoding = 4; lastKnownFileType = sourcecode.swift; path = CEFNavigationEntryVisitor.g.swift; sourceTree = "<group>"; };
		E88B85D51B6ABFC800D10E17 /* CEFRenderProcessHandler.g.swift */ = {isa = PBXFileReference; fileEncoding = 4; lastKnownFileType = sourcecode.swift; path = CEFRenderProcessHandler.g.swift; sourceTree = "<group>"; };
		E88B85D71B6AC00100D10E17 /* CEFResourceBundleHandler.g.swift */ = {isa = PBXFileReference; fileEncoding = 4; lastKnownFileType = sourcecode.swift; path = CEFResourceBundleHandler.g.swift; sourceTree = "<group>"; };
		E88B85D91B6AC05D00D10E17 /* CEFRunFileDialogCallback.g.swift */ = {isa = PBXFileReference; fileEncoding = 4; lastKnownFileType = sourcecode.swift; path = CEFRunFileDialogCallback.g.swift; sourceTree = "<group>"; };
		E88B85DB1B6AC09A00D10E17 /* CEFStringVisitor.g.swift */ = {isa = PBXFileReference; fileEncoding = 4; lastKnownFileType = sourcecode.swift; path = CEFStringVisitor.g.swift; sourceTree = "<group>"; };
		E88B85DD1B6C0D4900D10E17 /* CEFV8Context.swift */ = {isa = PBXFileReference; fileEncoding = 4; lastKnownFileType = sourcecode.swift; path = CEFV8Context.swift; sourceTree = "<group>"; };
		E88B85DF1B6C0D7800D10E17 /* CEFV8Handler.swift */ = {isa = PBXFileReference; fileEncoding = 4; lastKnownFileType = sourcecode.swift; path = CEFV8Handler.swift; sourceTree = "<group>"; };
		E88B85E11B6C0E0800D10E17 /* CEFV8Handler.g.swift */ = {isa = PBXFileReference; fileEncoding = 4; lastKnownFileType = sourcecode.swift; path = CEFV8Handler.g.swift; sourceTree = "<group>"; };
		E88B85E31B6C11E400D10E17 /* CEFV8Accessor.swift */ = {isa = PBXFileReference; fileEncoding = 4; lastKnownFileType = sourcecode.swift; path = CEFV8Accessor.swift; sourceTree = "<group>"; };
		E88B85E51B6C126A00D10E17 /* CEFV8Accessor.g.swift */ = {isa = PBXFileReference; fileEncoding = 4; lastKnownFileType = sourcecode.swift; path = CEFV8Accessor.g.swift; sourceTree = "<group>"; };
		E88B85E71B6C16CF00D10E17 /* CEFV8Exception.swift */ = {isa = PBXFileReference; fileEncoding = 4; lastKnownFileType = sourcecode.swift; path = CEFV8Exception.swift; sourceTree = "<group>"; };
		E88B85E91B6C17D500D10E17 /* CEFV8Value.swift */ = {isa = PBXFileReference; fileEncoding = 4; lastKnownFileType = sourcecode.swift; path = CEFV8Value.swift; sourceTree = "<group>"; };
		E88B85F01B6D423B00D10E17 /* CEFV8StackTrace.swift */ = {isa = PBXFileReference; fileEncoding = 4; lastKnownFileType = sourcecode.swift; path = CEFV8StackTrace.swift; sourceTree = "<group>"; };
		E88B85F21B6D435E00D10E17 /* CEFV8StackFrame.swift */ = {isa = PBXFileReference; fileEncoding = 4; lastKnownFileType = sourcecode.swift; path = CEFV8StackFrame.swift; sourceTree = "<group>"; };
		E88B85F41B6D462500D10E17 /* CEFTask.swift */ = {isa = PBXFileReference; fileEncoding = 4; lastKnownFileType = sourcecode.swift; path = CEFTask.swift; sourceTree = "<group>"; };
		E88B85F61B6D466600D10E17 /* CEFTask.g.swift */ = {isa = PBXFileReference; fileEncoding = 4; lastKnownFileType = sourcecode.swift; path = CEFTask.g.swift; sourceTree = "<group>"; };
		E88B85F81B6D46D000D10E17 /* CEFTaskRunner.swift */ = {isa = PBXFileReference; fileEncoding = 4; lastKnownFileType = sourcecode.swift; path = CEFTaskRunner.swift; sourceTree = "<group>"; };
		E88B861C1B6E089A00D10E17 /* CEFCookieManager.swift */ = {isa = PBXFileReference; fileEncoding = 4; lastKnownFileType = sourcecode.swift; path = CEFCookieManager.swift; sourceTree = "<group>"; };
		E88B861E1B6E093E00D10E17 /* CEFCompletionCallback.swift */ = {isa = PBXFileReference; fileEncoding = 4; lastKnownFileType = sourcecode.swift; path = CEFCompletionCallback.swift; sourceTree = "<group>"; };
		E88B86201B6E098700D10E17 /* CEFCompletionCallback.g.swift */ = {isa = PBXFileReference; fileEncoding = 4; lastKnownFileType = sourcecode.swift; path = CEFCompletionCallback.g.swift; sourceTree = "<group>"; };
		E88B86221B6E0CE800D10E17 /* CEFCookieVisitor.swift */ = {isa = PBXFileReference; fileEncoding = 4; lastKnownFileType = sourcecode.swift; path = CEFCookieVisitor.swift; sourceTree = "<group>"; };
		E88B86241B6E0D2C00D10E17 /* CEFCookie.swift */ = {isa = PBXFileReference; fileEncoding = 4; lastKnownFileType = sourcecode.swift; path = CEFCookie.swift; sourceTree = "<group>"; };
		E88B86261B6E0F2E00D10E17 /* CEFCookieVisitor.g.swift */ = {isa = PBXFileReference; fileEncoding = 4; lastKnownFileType = sourcecode.swift; path = CEFCookieVisitor.g.swift; sourceTree = "<group>"; };
		E88B86281B6E154200D10E17 /* CEFSetCookieCallback.swift */ = {isa = PBXFileReference; fileEncoding = 4; lastKnownFileType = sourcecode.swift; path = CEFSetCookieCallback.swift; sourceTree = "<group>"; };
		E88B862A1B6E159900D10E17 /* CEFSetCookieCallback.g.swift */ = {isa = PBXFileReference; fileEncoding = 4; lastKnownFileType = sourcecode.swift; path = CEFSetCookieCallback.g.swift; sourceTree = "<group>"; };
		E88B862C1B6E163700D10E17 /* CEFDeleteCookiesCallback.g.swift */ = {isa = PBXFileReference; fileEncoding = 4; lastKnownFileType = sourcecode.swift; path = CEFDeleteCookiesCallback.g.swift; sourceTree = "<group>"; };
		E88B862E1B6E167600D10E17 /* CEFDeleteCookiesCallback.swift */ = {isa = PBXFileReference; fileEncoding = 4; lastKnownFileType = sourcecode.swift; path = CEFDeleteCookiesCallback.swift; sourceTree = "<group>"; };
		E88B86301B6E1B3D00D10E17 /* CEFRequestContextHandler.swift */ = {isa = PBXFileReference; fileEncoding = 4; lastKnownFileType = sourcecode.swift; path = CEFRequestContextHandler.swift; sourceTree = "<group>"; };
		E88B86321B6E1B8500D10E17 /* CEFRequestContextHandler.g.swift */ = {isa = PBXFileReference; fileEncoding = 4; lastKnownFileType = sourcecode.swift; path = CEFRequestContextHandler.g.swift; sourceTree = "<group>"; };
		E88B86341B6E1CE400D10E17 /* CEFRequestContextSettings.swift */ = {isa = PBXFileReference; fileEncoding = 4; lastKnownFileType = sourcecode.swift; path = CEFRequestContextSettings.swift; sourceTree = "<group>"; };
		E88B86361B6E219200D10E17 /* CEFSchemeHandlerFactory.swift */ = {isa = PBXFileReference; fileEncoding = 4; lastKnownFileType = sourcecode.swift; path = CEFSchemeHandlerFactory.swift; sourceTree = "<group>"; };
		E88B86381B6E221A00D10E17 /* CEFResourceHandler.swift */ = {isa = PBXFileReference; fileEncoding = 4; lastKnownFileType = sourcecode.swift; path = CEFResourceHandler.swift; sourceTree = "<group>"; };
		E88B863A1B6E227200D10E17 /* CEFSchemeHandlerFactory.g.swift */ = {isa = PBXFileReference; fileEncoding = 4; lastKnownFileType = sourcecode.swift; path = CEFSchemeHandlerFactory.g.swift; sourceTree = "<group>"; };
		E88B863C1B6E24EF00D10E17 /* CEFResourceHandler.g.swift */ = {isa = PBXFileReference; fileEncoding = 4; lastKnownFileType = sourcecode.swift; path = CEFResourceHandler.g.swift; sourceTree = "<group>"; };
		E88B86421B6E3A3800D10E17 /* CEFContextMenuHandler.swift */ = {isa = PBXFileReference; fileEncoding = 4; lastKnownFileType = sourcecode.swift; path = CEFContextMenuHandler.swift; sourceTree = "<group>"; };
		E88B86471B6EA08A00D10E17 /* CEFColorModel.g.swift */ = {isa = PBXFileReference; fileEncoding = 4; lastKnownFileType = sourcecode.swift; path = CEFColorModel.g.swift; sourceTree = "<group>"; };
		E88B86481B6EA08A00D10E17 /* CEFContextMenuEditStateFlags.g.swift */ = {isa = PBXFileReference; fileEncoding = 4; lastKnownFileType = sourcecode.swift; path = CEFContextMenuEditStateFlags.g.swift; sourceTree = "<group>"; };
		E88B86491B6EA08A00D10E17 /* CEFContextMenuMediaStateFlags.g.swift */ = {isa = PBXFileReference; fileEncoding = 4; lastKnownFileType = sourcecode.swift; path = CEFContextMenuMediaStateFlags.g.swift; sourceTree = "<group>"; };
		E88B864A1B6EA08A00D10E17 /* CEFContextMenuMediaType.g.swift */ = {isa = PBXFileReference; fileEncoding = 4; lastKnownFileType = sourcecode.swift; path = CEFContextMenuMediaType.g.swift; sourceTree = "<group>"; };
		E88B864B1B6EA08A00D10E17 /* CEFContextMenuTypeFlags.g.swift */ = {isa = PBXFileReference; fileEncoding = 4; lastKnownFileType = sourcecode.swift; path = CEFContextMenuTypeFlags.g.swift; sourceTree = "<group>"; };
		E88B864C1B6EA08A00D10E17 /* CEFCursorType.g.swift */ = {isa = PBXFileReference; fileEncoding = 4; lastKnownFileType = sourcecode.swift; path = CEFCursorType.g.swift; sourceTree = "<group>"; };
		E88B864D1B6EA08A00D10E17 /* CEFDOMDocumentType.g.swift */ = {isa = PBXFileReference; fileEncoding = 4; lastKnownFileType = sourcecode.swift; path = CEFDOMDocumentType.g.swift; sourceTree = "<group>"; };
		E88B864E1B6EA08A00D10E17 /* CEFDOMEventCategory.g.swift */ = {isa = PBXFileReference; fileEncoding = 4; lastKnownFileType = sourcecode.swift; path = CEFDOMEventCategory.g.swift; sourceTree = "<group>"; };
		E88B864F1B6EA08A00D10E17 /* CEFDOMEventPhase.g.swift */ = {isa = PBXFileReference; fileEncoding = 4; lastKnownFileType = sourcecode.swift; path = CEFDOMEventPhase.g.swift; sourceTree = "<group>"; };
		E88B86501B6EA08A00D10E17 /* CEFDOMNodeType.g.swift */ = {isa = PBXFileReference; fileEncoding = 4; lastKnownFileType = sourcecode.swift; path = CEFDOMNodeType.g.swift; sourceTree = "<group>"; };
		E88B86511B6EA08A00D10E17 /* CEFDragOperationsMask.g.swift */ = {isa = PBXFileReference; fileEncoding = 4; lastKnownFileType = sourcecode.swift; path = CEFDragOperationsMask.g.swift; sourceTree = "<group>"; };
		E88B86521B6EA08A00D10E17 /* CEFDuplexMode.g.swift */ = {isa = PBXFileReference; fileEncoding = 4; lastKnownFileType = sourcecode.swift; path = CEFDuplexMode.g.swift; sourceTree = "<group>"; };
		E88B86531B6EA08A00D10E17 /* CEFErrorCode.g.swift */ = {isa = PBXFileReference; fileEncoding = 4; lastKnownFileType = sourcecode.swift; path = CEFErrorCode.g.swift; sourceTree = "<group>"; };
		E88B86541B6EA08A00D10E17 /* CEFEventFlags.g.swift */ = {isa = PBXFileReference; fileEncoding = 4; lastKnownFileType = sourcecode.swift; path = CEFEventFlags.g.swift; sourceTree = "<group>"; };
		E88B86551B6EA08A00D10E17 /* CEFFocusSource.g.swift */ = {isa = PBXFileReference; fileEncoding = 4; lastKnownFileType = sourcecode.swift; path = CEFFocusSource.g.swift; sourceTree = "<group>"; };
		E88B86561B6EA08A00D10E17 /* CEFGeopositionErrorCode.g.swift */ = {isa = PBXFileReference; fileEncoding = 4; lastKnownFileType = sourcecode.swift; path = CEFGeopositionErrorCode.g.swift; sourceTree = "<group>"; };
		E88B86571B6EA08A00D10E17 /* CEFJSDialogType.g.swift */ = {isa = PBXFileReference; fileEncoding = 4; lastKnownFileType = sourcecode.swift; path = CEFJSDialogType.g.swift; sourceTree = "<group>"; };
		E88B86581B6EA08A00D10E17 /* CEFJSONParserError.g.swift */ = {isa = PBXFileReference; fileEncoding = 4; lastKnownFileType = sourcecode.swift; path = CEFJSONParserError.g.swift; sourceTree = "<group>"; };
		E88B86591B6EA08A00D10E17 /* CEFJSONParserOptions.g.swift */ = {isa = PBXFileReference; fileEncoding = 4; lastKnownFileType = sourcecode.swift; path = CEFJSONParserOptions.g.swift; sourceTree = "<group>"; };
		E88B865A1B6EA08A00D10E17 /* CEFJSONWriterOptions.g.swift */ = {isa = PBXFileReference; fileEncoding = 4; lastKnownFileType = sourcecode.swift; path = CEFJSONWriterOptions.g.swift; sourceTree = "<group>"; };
		E88B865B1B6EA08A00D10E17 /* CEFKeyEventType.g.swift */ = {isa = PBXFileReference; fileEncoding = 4; lastKnownFileType = sourcecode.swift; path = CEFKeyEventType.g.swift; sourceTree = "<group>"; };
		E88B865C1B6EA08A00D10E17 /* CEFLogSeverity.g.swift */ = {isa = PBXFileReference; fileEncoding = 4; lastKnownFileType = sourcecode.swift; path = CEFLogSeverity.g.swift; sourceTree = "<group>"; };
		E88B865D1B6EA08A00D10E17 /* CEFMenuID.g.swift */ = {isa = PBXFileReference; fileEncoding = 4; lastKnownFileType = sourcecode.swift; path = CEFMenuID.g.swift; sourceTree = "<group>"; };
		E88B865E1B6EA08A00D10E17 /* CEFMenuItemType.g.swift */ = {isa = PBXFileReference; fileEncoding = 4; lastKnownFileType = sourcecode.swift; path = CEFMenuItemType.g.swift; sourceTree = "<group>"; };
		E88B865F1B6EA08A00D10E17 /* CEFMouseButtonType.g.swift */ = {isa = PBXFileReference; fileEncoding = 4; lastKnownFileType = sourcecode.swift; path = CEFMouseButtonType.g.swift; sourceTree = "<group>"; };
		E88B86601B6EA08A00D10E17 /* CEFNavigationType.g.swift */ = {isa = PBXFileReference; fileEncoding = 4; lastKnownFileType = sourcecode.swift; path = CEFNavigationType.g.swift; sourceTree = "<group>"; };
		E88B86611B6EA08A00D10E17 /* CEFPaintElementType.g.swift */ = {isa = PBXFileReference; fileEncoding = 4; lastKnownFileType = sourcecode.swift; path = CEFPaintElementType.g.swift; sourceTree = "<group>"; };
		E88B86621B6EA08A00D10E17 /* CEFPathKey.g.swift */ = {isa = PBXFileReference; fileEncoding = 4; lastKnownFileType = sourcecode.swift; path = CEFPathKey.g.swift; sourceTree = "<group>"; };
		E88B86631B6EA08A00D10E17 /* CEFPOSTDataElementType.g.swift */ = {isa = PBXFileReference; fileEncoding = 4; lastKnownFileType = sourcecode.swift; path = CEFPOSTDataElementType.g.swift; sourceTree = "<group>"; };
		E88B86641B6EA08A00D10E17 /* CEFProcessID.g.swift */ = {isa = PBXFileReference; fileEncoding = 4; lastKnownFileType = sourcecode.swift; path = CEFProcessID.g.swift; sourceTree = "<group>"; };
		E88B86651B6EA08A00D10E17 /* CEFResourceType.g.swift */ = {isa = PBXFileReference; fileEncoding = 4; lastKnownFileType = sourcecode.swift; path = CEFResourceType.g.swift; sourceTree = "<group>"; };
		E88B86661B6EA08A00D10E17 /* CEFReturnValue.g.swift */ = {isa = PBXFileReference; fileEncoding = 4; lastKnownFileType = sourcecode.swift; path = CEFReturnValue.g.swift; sourceTree = "<group>"; };
		E88B86671B6EA08A00D10E17 /* CEFState.g.swift */ = {isa = PBXFileReference; fileEncoding = 4; lastKnownFileType = sourcecode.swift; path = CEFState.g.swift; sourceTree = "<group>"; };
		E88B86681B6EA08A00D10E17 /* CEFStorageType.g.swift */ = {isa = PBXFileReference; fileEncoding = 4; lastKnownFileType = sourcecode.swift; path = CEFStorageType.g.swift; sourceTree = "<group>"; };
		E88B86691B6EA08A00D10E17 /* CEFTerminationStatus.g.swift */ = {isa = PBXFileReference; fileEncoding = 4; lastKnownFileType = sourcecode.swift; path = CEFTerminationStatus.g.swift; sourceTree = "<group>"; };
		E88B866A1B6EA08A00D10E17 /* CEFThreadID.g.swift */ = {isa = PBXFileReference; fileEncoding = 4; lastKnownFileType = sourcecode.swift; path = CEFThreadID.g.swift; sourceTree = "<group>"; };
		E88B866B1B6EA08A00D10E17 /* CEFURIUnescapeRule.g.swift */ = {isa = PBXFileReference; fileEncoding = 4; lastKnownFileType = sourcecode.swift; path = CEFURIUnescapeRule.g.swift; sourceTree = "<group>"; };
		E88B866C1B6EA08A00D10E17 /* CEFURLRequestFlags.g.swift */ = {isa = PBXFileReference; fileEncoding = 4; lastKnownFileType = sourcecode.swift; path = CEFURLRequestFlags.g.swift; sourceTree = "<group>"; };
		E88B866D1B6EA08A00D10E17 /* CEFURLRequestStatus.g.swift */ = {isa = PBXFileReference; fileEncoding = 4; lastKnownFileType = sourcecode.swift; path = CEFURLRequestStatus.g.swift; sourceTree = "<group>"; };
		E88B866E1B6EA08A00D10E17 /* CEFV8AccessControl.g.swift */ = {isa = PBXFileReference; fileEncoding = 4; lastKnownFileType = sourcecode.swift; path = CEFV8AccessControl.g.swift; sourceTree = "<group>"; };
		E88B866F1B6EA08A00D10E17 /* CEFV8PropertyAttribute.g.swift */ = {isa = PBXFileReference; fileEncoding = 4; lastKnownFileType = sourcecode.swift; path = CEFV8PropertyAttribute.g.swift; sourceTree = "<group>"; };
		E88B86701B6EA08A00D10E17 /* CEFValueType.g.swift */ = {isa = PBXFileReference; fileEncoding = 4; lastKnownFileType = sourcecode.swift; path = CEFValueType.g.swift; sourceTree = "<group>"; };
		E88B86711B6EA08A00D10E17 /* CEFWindowOpenDisposition.g.swift */ = {isa = PBXFileReference; fileEncoding = 4; lastKnownFileType = sourcecode.swift; path = CEFWindowOpenDisposition.g.swift; sourceTree = "<group>"; };
		E88B86721B6EA08A00D10E17 /* CEFXMLEncodingType.g.swift */ = {isa = PBXFileReference; fileEncoding = 4; lastKnownFileType = sourcecode.swift; path = CEFXMLEncodingType.g.swift; sourceTree = "<group>"; };
		E88B86731B6EA08A00D10E17 /* CEFXMLNodeType.g.swift */ = {isa = PBXFileReference; fileEncoding = 4; lastKnownFileType = sourcecode.swift; path = CEFXMLNodeType.g.swift; sourceTree = "<group>"; };
		E88B86A61B6EA0CC00D10E17 /* CEFFileDialogMode.swift */ = {isa = PBXFileReference; fileEncoding = 4; lastKnownFileType = sourcecode.swift; path = CEFFileDialogMode.swift; sourceTree = "<group>"; };
		E88B86AE1B6EA0CC00D10E17 /* CEFTransitionType.swift */ = {isa = PBXFileReference; fileEncoding = 4; lastKnownFileType = sourcecode.swift; path = CEFTransitionType.swift; sourceTree = "<group>"; };
		E890E9881B70018F007DB9C6 /* CEFV8ContextSafetyImplementation.swift */ = {isa = PBXFileReference; fileEncoding = 4; lastKnownFileType = sourcecode.swift; path = CEFV8ContextSafetyImplementation.swift; sourceTree = "<group>"; };
		E890E98A1B7001B1007DB9C6 /* CEFColor.swift */ = {isa = PBXFileReference; fileEncoding = 4; lastKnownFileType = sourcecode.swift; path = CEFColor.swift; sourceTree = "<group>"; };
		E890E98C1B7007D7007DB9C6 /* CEFContextMenuParams.swift */ = {isa = PBXFileReference; fileEncoding = 4; lastKnownFileType = sourcecode.swift; path = CEFContextMenuParams.swift; sourceTree = "<group>"; };
		E890E98E1B700B93007DB9C6 /* CEFMenuModel.swift */ = {isa = PBXFileReference; fileEncoding = 4; lastKnownFileType = sourcecode.swift; path = CEFMenuModel.swift; sourceTree = "<group>"; };
		E890E9921B71560F007DB9C6 /* CEFMenuItemAccelerator.swift */ = {isa = PBXFileReference; fileEncoding = 4; lastKnownFileType = sourcecode.swift; path = CEFMenuItemAccelerator.swift; sourceTree = "<group>"; };
		E890E9941B716195007DB9C6 /* CEFContextMenuHandler.g.swift */ = {isa = PBXFileReference; fileEncoding = 4; lastKnownFileType = sourcecode.swift; path = CEFContextMenuHandler.g.swift; sourceTree = "<group>"; };
		E890E9961B716202007DB9C6 /* CEFCallback.swift */ = {isa = PBXFileReference; fileEncoding = 4; lastKnownFileType = sourcecode.swift; path = CEFCallback.swift; sourceTree = "<group>"; };
		E8CC9D2E1B5AF47B002948BD /* CEFDemo.app */ = {isa = PBXFileReference; explicitFileType = wrapper.application; includeInIndex = 0; path = CEFDemo.app; sourceTree = BUILT_PRODUCTS_DIR; };
		E8CC9D301B5AF47B002948BD /* AppDelegate.swift */ = {isa = PBXFileReference; lastKnownFileType = sourcecode.swift; path = AppDelegate.swift; sourceTree = "<group>"; };
		E8CC9D321B5AF47B002948BD /* Assets.xcassets */ = {isa = PBXFileReference; lastKnownFileType = folder.assetcatalog; path = Assets.xcassets; sourceTree = "<group>"; };
		E8CC9D351B5AF47B002948BD /* Base */ = {isa = PBXFileReference; lastKnownFileType = file.xib; name = Base; path = Base.lproj/MainMenu.xib; sourceTree = "<group>"; };
		E8CC9D371B5AF47B002948BD /* Info.plist */ = {isa = PBXFileReference; lastKnownFileType = text.plist.xml; path = Info.plist; sourceTree = "<group>"; };
		E8CC9D3B1B5AF516002948BD /* main.swift */ = {isa = PBXFileReference; fileEncoding = 4; lastKnownFileType = sourcecode.swift; path = main.swift; sourceTree = "<group>"; };
		E8CC9EA31B5B042D002948BD /* CEFDemo-Bridging-Header.h */ = {isa = PBXFileReference; lastKnownFileType = sourcecode.c.h; path = "CEFDemo-Bridging-Header.h"; sourceTree = "<group>"; };
/* End PBXFileReference section */

/* Begin PBXFrameworksBuildPhase section */
		E8456E0C1B52C29700AE93DC /* Frameworks */ = {
			isa = PBXFrameworksBuildPhase;
			buildActionMask = 2147483647;
			files = (
				E8613E241B52C51F009BDAC9 /* Chromium Embedded Framework.framework in Frameworks */,
			);
			runOnlyForDeploymentPostprocessing = 0;
		};
		E8CC9D2B1B5AF47B002948BD /* Frameworks */ = {
			isa = PBXFrameworksBuildPhase;
			buildActionMask = 2147483647;
			files = (
				E8CC9D401B5AF648002948BD /* Chromium Embedded Framework.framework in Frameworks */,
				E8CC9D3F1B5AF601002948BD /* CEFswift.framework in Frameworks */,
			);
			runOnlyForDeploymentPostprocessing = 0;
		};
/* End PBXFrameworksBuildPhase section */

/* Begin PBXGroup section */
		E8456E061B52C29700AE93DC = {
			isa = PBXGroup;
			children = (
				E8613E231B52C51F009BDAC9 /* Chromium Embedded Framework.framework */,
				E8456E121B52C29700AE93DC /* CEF.swift */,
				E8CC9D2F1B5AF47B002948BD /* CEFDemo */,
				E8456E111B52C29700AE93DC /* Products */,
			);
			sourceTree = "<group>";
		};
		E8456E111B52C29700AE93DC /* Products */ = {
			isa = PBXGroup;
			children = (
				E8456E101B52C29700AE93DC /* CEFswift.framework */,
				E8CC9D2E1B5AF47B002948BD /* CEFDemo.app */,
			);
			name = Products;
			sourceTree = "<group>";
		};
		E8456E121B52C29700AE93DC /* CEF.swift */ = {
			isa = PBXGroup;
			children = (
				E8898AEC1B69654C009E0DFF /* Core */,
				E88B86A11B6EA0CC00D10E17 /* Enums */,
				E88B86461B6EA08A00D10E17 /* Enums.g */,
				E8898AEF1B69654C009E0DFF /* Handlers */,
				E88B85C81B6ABC9C00D10E17 /* Interop */,
				E8898AF81B69654C009E0DFF /* Proxies */,
				E8898B0A1B69654C009E0DFF /* Structs */,
				E8898B0F1B69654C009E0DFF /* Utils */,
				E8613E251B52C5B1009BDAC9 /* CEF.swift-Bridging-Header.h */,
				E8456E131B52C29700AE93DC /* CEF.swift.h */,
				E8456E151B52C29700AE93DC /* Info.plist */,
			);
			path = CEF.swift;
			sourceTree = "<group>";
		};
		E8898AEC1B69654C009E0DFF /* Core */ = {
			isa = PBXGroup;
			children = (
				E8898AED1B69654C009E0DFF /* CEFBase.swift */,
				E8898AEE1B69654C009E0DFF /* CEFMarshaller.swift */,
			);
			path = Core;
			sourceTree = "<group>";
		};
		E8898AEF1B69654C009E0DFF /* Handlers */ = {
			isa = PBXGroup;
			children = (
				E8898AF01B69654C009E0DFF /* CEFApp.swift */,
				E8898AF11B69654C009E0DFF /* CEFBrowserProcessHandler.swift */,
				E8898AF21B69654C009E0DFF /* CEFClient.swift */,
				E88B861E1B6E093E00D10E17 /* CEFCompletionCallback.swift */,
				E88B86421B6E3A3800D10E17 /* CEFContextMenuHandler.swift */,
				E88B86221B6E0CE800D10E17 /* CEFCookieVisitor.swift */,
				E88B862E1B6E167600D10E17 /* CEFDeleteCookiesCallback.swift */,
				E8898B391B696F35009E0DFF /* CEFDOMVisitor.swift */,
				E8898AF31B69654C009E0DFF /* CEFLifeSpanHandler.swift */,
				E8898AF41B69654C009E0DFF /* CEFNavigationEntryVisitor.swift */,
				E8898AF51B69654C009E0DFF /* CEFRenderProcessHandler.swift */,
				E88B86301B6E1B3D00D10E17 /* CEFRequestContextHandler.swift */,
				E8898AF61B69654C009E0DFF /* CEFResourceBundleHandler.swift */,
				E88B86381B6E221A00D10E17 /* CEFResourceHandler.swift */,
				E8898AF71B69654C009E0DFF /* CEFRunFileDialogCallback.swift */,
				E88B86361B6E219200D10E17 /* CEFSchemeHandlerFactory.swift */,
				E88B86281B6E154200D10E17 /* CEFSetCookieCallback.swift */,
				E8898B3F1B697A66009E0DFF /* CEFStringVisitor.swift */,
				E88B85F41B6D462500D10E17 /* CEFTask.swift */,
				E88B85DF1B6C0D7800D10E17 /* CEFV8Handler.swift */,
				E88B85E31B6C11E400D10E17 /* CEFV8Accessor.swift */,
			);
			path = Handlers;
			sourceTree = "<group>";
		};
		E8898AF81B69654C009E0DFF /* Proxies */ = {
			isa = PBXGroup;
			children = (
				E8898AF91B69654C009E0DFF /* CEFBinaryValue.swift */,
				E8898AFA1B69654C009E0DFF /* CEFBrowser.swift */,
				E8898AFB1B69654C009E0DFF /* CEFBrowserHost.swift */,
				E890E9961B716202007DB9C6 /* CEFCallback.swift */,
				E8898AFC1B69654C009E0DFF /* CEFCommandLine.swift */,
				E890E98C1B7007D7007DB9C6 /* CEFContextMenuParams.swift */,
				E88B861C1B6E089A00D10E17 /* CEFCookieManager.swift */,
				E8898AFD1B69654C009E0DFF /* CEFDictionaryValue.swift */,
				E8898B3B1B697032009E0DFF /* CEFDOMDocument.swift */,
				E8898B3D1B697413009E0DFF /* CEFDOMNode.swift */,
				E8898AFE1B69654C009E0DFF /* CEFDragData.swift */,
				E8898AFF1B69654C009E0DFF /* CEFFrame.swift */,
				E8898B001B69654C009E0DFF /* CEFListValue.swift */,
				E890E98E1B700B93007DB9C6 /* CEFMenuModel.swift */,
				E8898B011B69654C009E0DFF /* CEFNavigationEntry.swift */,
				E8898B021B69654C009E0DFF /* CEFPOSTData.swift */,
				E8898B031B69654C009E0DFF /* CEFPOSTDataElement.swift */,
				E8898B041B69654C009E0DFF /* CEFProcessMessage.swift */,
				E8898B051B69654C009E0DFF /* CEFRequest.swift */,
				E8898B061B69654C009E0DFF /* CEFRequestContext.swift */,
				E8898B071B69654C009E0DFF /* CEFResponse.swift */,
				E8898B081B69654C009E0DFF /* CEFSchemeRegistrar.swift */,
				E88B85F81B6D46D000D10E17 /* CEFTaskRunner.swift */,
				E88B85DD1B6C0D4900D10E17 /* CEFV8Context.swift */,
				E88B85E71B6C16CF00D10E17 /* CEFV8Exception.swift */,
				E88B85F21B6D435E00D10E17 /* CEFV8StackFrame.swift */,
				E88B85F01B6D423B00D10E17 /* CEFV8StackTrace.swift */,
				E88B85E91B6C17D500D10E17 /* CEFV8Value.swift */,
				E8898B091B69654C009E0DFF /* CEFValue.swift */,
			);
			path = Proxies;
			sourceTree = "<group>";
		};
		E8898B0A1B69654C009E0DFF /* Structs */ = {
			isa = PBXGroup;
			children = (
				E8898B0B1B69654C009E0DFF /* CEFBrowserSettings.swift */,
				E890E98A1B7001B1007DB9C6 /* CEFColor.swift */,
				E88B86241B6E0D2C00D10E17 /* CEFCookie.swift */,
				E88B85C21B6ABA9300D10E17 /* CEFKeyEvent.swift */,
				E8898B0C1B69654C009E0DFF /* CEFMainArgs.swift */,
				E890E9921B71560F007DB9C6 /* CEFMenuItemAccelerator.swift */,
				E88B85C41B6ABAD600D10E17 /* CEFMouseEvent.swift */,
				E88B85C01B6ABA4100D10E17 /* CEFPoint.swift */,
				E88B86341B6E1CE400D10E17 /* CEFRequestContextSettings.swift */,
				E8898B0D1B69654C009E0DFF /* CEFSettings.swift */,
				E8898B0E1B69654C009E0DFF /* CEFTypes.swift */,
				E88B85C61B6ABAED00D10E17 /* CEFWindowInfo.swift */,
			);
			path = Structs;
			sourceTree = "<group>";
		};
		E8898B0F1B69654C009E0DFF /* Utils */ = {
			isa = PBXGroup;
			children = (
				E8898B101B69654C009E0DFF /* CEFString.swift */,
				E8898B111B69654C009E0DFF /* CEFStringList.swift */,
				E8898B121B69654C009E0DFF /* CEFStringMap.swift */,
				E8898B131B69654C009E0DFF /* CEFStringMultimap.swift */,
				E8898B141B69654C009E0DFF /* CEFTime.swift */,
			);
			path = Utils;
			sourceTree = "<group>";
		};
		E88B85C81B6ABC9C00D10E17 /* Interop */ = {
			isa = PBXGroup;
			children = (
				E88B85CB1B6ABCF800D10E17 /* CEFApp.g.swift */,
				E88B85CD1B6ABDB400D10E17 /* CEFBrowserProcessHandler.g.swift */,
				E88B85C91B6ABCB600D10E17 /* CEFClient.g.swift */,
				E88B86201B6E098700D10E17 /* CEFCompletionCallback.g.swift */,
				E890E9941B716195007DB9C6 /* CEFContextMenuHandler.g.swift */,
				E88B86261B6E0F2E00D10E17 /* CEFCookieVisitor.g.swift */,
				E88B862C1B6E163700D10E17 /* CEFDeleteCookiesCallback.g.swift */,
				E88B85CF1B6ABE0600D10E17 /* CEFDOMVisitor.g.swift */,
				E88B85D11B6ABF3100D10E17 /* CEFLifeSpanHandler.g.swift */,
				E88B85D31B6ABF8300D10E17 /* CEFNavigationEntryVisitor.g.swift */,
				E88B85D51B6ABFC800D10E17 /* CEFRenderProcessHandler.g.swift */,
				E88B86321B6E1B8500D10E17 /* CEFRequestContextHandler.g.swift */,
				E88B85D71B6AC00100D10E17 /* CEFResourceBundleHandler.g.swift */,
				E88B863C1B6E24EF00D10E17 /* CEFResourceHandler.g.swift */,
				E88B85D91B6AC05D00D10E17 /* CEFRunFileDialogCallback.g.swift */,
				E88B863A1B6E227200D10E17 /* CEFSchemeHandlerFactory.g.swift */,
				E88B862A1B6E159900D10E17 /* CEFSetCookieCallback.g.swift */,
				E88B85DB1B6AC09A00D10E17 /* CEFStringVisitor.g.swift */,
				E88B85F61B6D466600D10E17 /* CEFTask.g.swift */,
				E88B85E11B6C0E0800D10E17 /* CEFV8Handler.g.swift */,
				E88B85E51B6C126A00D10E17 /* CEFV8Accessor.g.swift */,
			);
			path = Interop;
			sourceTree = "<group>";
		};
		E88B86461B6EA08A00D10E17 /* Enums.g */ = {
			isa = PBXGroup;
			children = (
				E88B86471B6EA08A00D10E17 /* CEFColorModel.g.swift */,
				E88B86481B6EA08A00D10E17 /* CEFContextMenuEditStateFlags.g.swift */,
				E88B86491B6EA08A00D10E17 /* CEFContextMenuMediaStateFlags.g.swift */,
				E88B864A1B6EA08A00D10E17 /* CEFContextMenuMediaType.g.swift */,
				E88B864B1B6EA08A00D10E17 /* CEFContextMenuTypeFlags.g.swift */,
				E88B864C1B6EA08A00D10E17 /* CEFCursorType.g.swift */,
				E88B864D1B6EA08A00D10E17 /* CEFDOMDocumentType.g.swift */,
				E88B864E1B6EA08A00D10E17 /* CEFDOMEventCategory.g.swift */,
				E88B864F1B6EA08A00D10E17 /* CEFDOMEventPhase.g.swift */,
				E88B86501B6EA08A00D10E17 /* CEFDOMNodeType.g.swift */,
				E88B86511B6EA08A00D10E17 /* CEFDragOperationsMask.g.swift */,
				E88B86521B6EA08A00D10E17 /* CEFDuplexMode.g.swift */,
				E88B86531B6EA08A00D10E17 /* CEFErrorCode.g.swift */,
				E88B86541B6EA08A00D10E17 /* CEFEventFlags.g.swift */,
				E88B86551B6EA08A00D10E17 /* CEFFocusSource.g.swift */,
				E88B86561B6EA08A00D10E17 /* CEFGeopositionErrorCode.g.swift */,
				E88B86571B6EA08A00D10E17 /* CEFJSDialogType.g.swift */,
				E88B86581B6EA08A00D10E17 /* CEFJSONParserError.g.swift */,
				E88B86591B6EA08A00D10E17 /* CEFJSONParserOptions.g.swift */,
				E88B865A1B6EA08A00D10E17 /* CEFJSONWriterOptions.g.swift */,
				E88B865B1B6EA08A00D10E17 /* CEFKeyEventType.g.swift */,
				E88B865C1B6EA08A00D10E17 /* CEFLogSeverity.g.swift */,
				E88B865D1B6EA08A00D10E17 /* CEFMenuID.g.swift */,
				E88B865E1B6EA08A00D10E17 /* CEFMenuItemType.g.swift */,
				E88B865F1B6EA08A00D10E17 /* CEFMouseButtonType.g.swift */,
				E88B86601B6EA08A00D10E17 /* CEFNavigationType.g.swift */,
				E88B86611B6EA08A00D10E17 /* CEFPaintElementType.g.swift */,
				E88B86621B6EA08A00D10E17 /* CEFPathKey.g.swift */,
				E88B86631B6EA08A00D10E17 /* CEFPOSTDataElementType.g.swift */,
				E88B86641B6EA08A00D10E17 /* CEFProcessID.g.swift */,
				E88B86651B6EA08A00D10E17 /* CEFResourceType.g.swift */,
				E88B86661B6EA08A00D10E17 /* CEFReturnValue.g.swift */,
				E88B86671B6EA08A00D10E17 /* CEFState.g.swift */,
				E88B86681B6EA08A00D10E17 /* CEFStorageType.g.swift */,
				E88B86691B6EA08A00D10E17 /* CEFTerminationStatus.g.swift */,
				E88B866A1B6EA08A00D10E17 /* CEFThreadID.g.swift */,
				E88B866B1B6EA08A00D10E17 /* CEFURIUnescapeRule.g.swift */,
				E88B866C1B6EA08A00D10E17 /* CEFURLRequestFlags.g.swift */,
				E88B866D1B6EA08A00D10E17 /* CEFURLRequestStatus.g.swift */,
				E88B866E1B6EA08A00D10E17 /* CEFV8AccessControl.g.swift */,
				E88B866F1B6EA08A00D10E17 /* CEFV8PropertyAttribute.g.swift */,
				E88B86701B6EA08A00D10E17 /* CEFValueType.g.swift */,
				E88B86711B6EA08A00D10E17 /* CEFWindowOpenDisposition.g.swift */,
				E88B86721B6EA08A00D10E17 /* CEFXMLEncodingType.g.swift */,
				E88B86731B6EA08A00D10E17 /* CEFXMLNodeType.g.swift */,
			);
			path = Enums.g;
			sourceTree = "<group>";
		};
		E88B86A11B6EA0CC00D10E17 /* Enums */ = {
			isa = PBXGroup;
			children = (
				E88B86A61B6EA0CC00D10E17 /* CEFFileDialogMode.swift */,
				E88B86AE1B6EA0CC00D10E17 /* CEFTransitionType.swift */,
				E890E9881B70018F007DB9C6 /* CEFV8ContextSafetyImplementation.swift */,
			);
			path = Enums;
			sourceTree = "<group>";
		};
		E8CC9D2F1B5AF47B002948BD /* CEFDemo */ = {
			isa = PBXGroup;
			children = (
				E8CC9D301B5AF47B002948BD /* AppDelegate.swift */,
				E8CC9D321B5AF47B002948BD /* Assets.xcassets */,
				E8CC9D341B5AF47B002948BD /* MainMenu.xib */,
				E8CC9D371B5AF47B002948BD /* Info.plist */,
				E8CC9D3B1B5AF516002948BD /* main.swift */,
				E8CC9EA31B5B042D002948BD /* CEFDemo-Bridging-Header.h */,
				E8732E011B5BE1E40068F130 /* cef_application_mac_capi.h */,
			);
			path = CEFDemo;
			sourceTree = "<group>";
		};
/* End PBXGroup section */

/* Begin PBXHeadersBuildPhase section */
		E8456E0D1B52C29700AE93DC /* Headers */ = {
			isa = PBXHeadersBuildPhase;
			buildActionMask = 2147483647;
			files = (
				E8456E141B52C29700AE93DC /* CEF.swift.h in Headers */,
				E8613E261B52C5B1009BDAC9 /* CEF.swift-Bridging-Header.h in Headers */,
			);
			runOnlyForDeploymentPostprocessing = 0;
		};
/* End PBXHeadersBuildPhase section */

/* Begin PBXNativeTarget section */
		E8456E0F1B52C29700AE93DC /* CEF.swift */ = {
			isa = PBXNativeTarget;
			buildConfigurationList = E8456E181B52C29700AE93DC /* Build configuration list for PBXNativeTarget "CEF.swift" */;
			buildPhases = (
				E8456E0B1B52C29700AE93DC /* Sources */,
				E8456E0C1B52C29700AE93DC /* Frameworks */,
				E8456E0D1B52C29700AE93DC /* Headers */,
				E8456E0E1B52C29700AE93DC /* Resources */,
			);
			buildRules = (
			);
			dependencies = (
			);
			name = CEF.swift;
			productName = CEF.swift;
			productReference = E8456E101B52C29700AE93DC /* CEFswift.framework */;
			productType = "com.apple.product-type.framework";
		};
		E8CC9D2D1B5AF47B002948BD /* CEFDemo */ = {
			isa = PBXNativeTarget;
			buildConfigurationList = E8CC9D381B5AF47B002948BD /* Build configuration list for PBXNativeTarget "CEFDemo" */;
			buildPhases = (
				E8CC9D2A1B5AF47B002948BD /* Sources */,
				E8CC9D2B1B5AF47B002948BD /* Frameworks */,
				E8CC9D2C1B5AF47B002948BD /* Resources */,
				E8732E021B5BEEF10068F130 /* CopyFiles */,
				E8F5CC281B63C70600B0A295 /* Copy helpers */,
				E8508F8F1B6532960005F13B /* Fix framework link */,
			);
			buildRules = (
			);
			dependencies = (
				E8CC9D3E1B5AF5F9002948BD /* PBXTargetDependency */,
			);
			name = CEFDemo;
			productName = CEFDemo;
			productReference = E8CC9D2E1B5AF47B002948BD /* CEFDemo.app */;
			productType = "com.apple.product-type.application";
		};
/* End PBXNativeTarget section */

/* Begin PBXProject section */
		E8456E071B52C29700AE93DC /* Project object */ = {
			isa = PBXProject;
			attributes = {
				LastSwiftUpdateCheck = 0700;
				LastUpgradeCheck = 0700;
				ORGANIZATIONNAME = "Tamas Lustyik";
				TargetAttributes = {
					E8456E0F1B52C29700AE93DC = {
						CreatedOnToolsVersion = 7.0;
					};
					E8CC9D2D1B5AF47B002948BD = {
						CreatedOnToolsVersion = 7.0;
					};
				};
			};
			buildConfigurationList = E8456E0A1B52C29700AE93DC /* Build configuration list for PBXProject "CEF.swift" */;
			compatibilityVersion = "Xcode 3.2";
			developmentRegion = English;
			hasScannedForEncodings = 0;
			knownRegions = (
				en,
				Base,
			);
			mainGroup = E8456E061B52C29700AE93DC;
			productRefGroup = E8456E111B52C29700AE93DC /* Products */;
			projectDirPath = "";
			projectRoot = "";
			targets = (
				E8456E0F1B52C29700AE93DC /* CEF.swift */,
				E8CC9D2D1B5AF47B002948BD /* CEFDemo */,
			);
		};
/* End PBXProject section */

/* Begin PBXResourcesBuildPhase section */
		E8456E0E1B52C29700AE93DC /* Resources */ = {
			isa = PBXResourcesBuildPhase;
			buildActionMask = 2147483647;
			files = (
			);
			runOnlyForDeploymentPostprocessing = 0;
		};
		E8CC9D2C1B5AF47B002948BD /* Resources */ = {
			isa = PBXResourcesBuildPhase;
			buildActionMask = 2147483647;
			files = (
				E8CC9D331B5AF47B002948BD /* Assets.xcassets in Resources */,
				E8CC9D361B5AF47B002948BD /* MainMenu.xib in Resources */,
			);
			runOnlyForDeploymentPostprocessing = 0;
		};
/* End PBXResourcesBuildPhase section */

/* Begin PBXShellScriptBuildPhase section */
		E8508F8F1B6532960005F13B /* Fix framework link */ = {
			isa = PBXShellScriptBuildPhase;
			buildActionMask = 2147483647;
			files = (
			);
			inputPaths = (
			);
			name = "Fix framework link";
			outputPaths = (
			);
			runOnlyForDeploymentPostprocessing = 0;
			shellPath = /bin/sh;
			shellScript = "install_name_tool -change \"@executable_path/../Frameworks/Chromium Embedded Framework.framework/Chromium Embedded Framework\" \"@executable_path/../../../Chromium Embedded Framework.framework/Chromium Embedded Framework\" \"${BUILT_PRODUCTS_DIR}/${PRODUCT_NAME}.app/Contents/Frameworks/cefsimple Helper.app/Contents/MacOS/cefsimple Helper\"";
		};
		E8F5CC281B63C70600B0A295 /* Copy helpers */ = {
			isa = PBXShellScriptBuildPhase;
			buildActionMask = 2147483647;
			files = (
			);
			inputPaths = (
			);
			name = "Copy helpers";
			outputPaths = (
			);
			runOnlyForDeploymentPostprocessing = 0;
			shellPath = /bin/sh;
			shellScript = "set -e\n\nFRAMEWORKS_DIR=\"${BUILT_PRODUCTS_DIR}/${PRODUCT_NAME}.app/Contents/Frameworks\"\n\ncp -R \"${CEF_BINARY_ROOT}/cefsimple/Debug/cefsimple Helper.app\" \"${FRAMEWORKS_DIR}/\"\n\nif [ ! -e \"${FRAMEWORKS_DIR}/${PRODUCT_NAME} Helper.app\" ]; then\n    ln -s \"cefsimple Helper.app\" \"${FRAMEWORKS_DIR}/${PRODUCT_NAME} Helper.app\"\n    ln -s \"cefsimple Helper\" \"${FRAMEWORKS_DIR}/cefsimple Helper.app/Contents/MacOS/${PRODUCT_NAME} Helper\"\nfi\n";
		};
/* End PBXShellScriptBuildPhase section */

/* Begin PBXSourcesBuildPhase section */
		E8456E0B1B52C29700AE93DC /* Sources */ = {
			isa = PBXSourcesBuildPhase;
			buildActionMask = 2147483647;
			files = (
				E8898B251B69654C009E0DFF /* CEFFrame.swift in Sources */,
				E88B86391B6E221A00D10E17 /* CEFResourceHandler.swift in Sources */,
				E88B86911B6EA08A00D10E17 /* CEFProcessID.g.swift in Sources */,
				E88B86231B6E0CE800D10E17 /* CEFCookieVisitor.swift in Sources */,
				E88B867A1B6EA08A00D10E17 /* CEFDOMDocumentType.g.swift in Sources */,
				E88B86B81B6EA0CC00D10E17 /* CEFFileDialogMode.swift in Sources */,
				E88B862D1B6E163700D10E17 /* CEFDeleteCookiesCallback.g.swift in Sources */,
				E8898B2E1B69654C009E0DFF /* CEFSchemeRegistrar.swift in Sources */,
				E88B85EA1B6C17D500D10E17 /* CEFV8Value.swift in Sources */,
				E8898B181B69654C009E0DFF /* CEFBrowserProcessHandler.swift in Sources */,
				E88B86981B6EA08A00D10E17 /* CEFURIUnescapeRule.g.swift in Sources */,
				E8898B2D1B69654C009E0DFF /* CEFResponse.swift in Sources */,
				E88B868B1B6EA08A00D10E17 /* CEFMenuItemType.g.swift in Sources */,
				E88B86C01B6EA0CC00D10E17 /* CEFTransitionType.swift in Sources */,
				E88B86851B6EA08A00D10E17 /* CEFJSONParserError.g.swift in Sources */,
				E88B86881B6EA08A00D10E17 /* CEFKeyEventType.g.swift in Sources */,
				E8898B231B69654C009E0DFF /* CEFDictionaryValue.swift in Sources */,
				E88B86801B6EA08A00D10E17 /* CEFErrorCode.g.swift in Sources */,
				E8898B321B69654C009E0DFF /* CEFSettings.swift in Sources */,
				E8898B271B69654C009E0DFF /* CEFNavigationEntry.swift in Sources */,
				E8898B301B69654C009E0DFF /* CEFBrowserSettings.swift in Sources */,
				E8898B3C1B697032009E0DFF /* CEFDOMDocument.swift in Sources */,
				E88B85CE1B6ABDB400D10E17 /* CEFBrowserProcessHandler.g.swift in Sources */,
				E88B869B1B6EA08A00D10E17 /* CEFV8AccessControl.g.swift in Sources */,
				E88B86871B6EA08A00D10E17 /* CEFJSONWriterOptions.g.swift in Sources */,
				E8898B3A1B696F35009E0DFF /* CEFDOMVisitor.swift in Sources */,
				E88B85DA1B6AC05D00D10E17 /* CEFRunFileDialogCallback.g.swift in Sources */,
				E88B86751B6EA08A00D10E17 /* CEFContextMenuEditStateFlags.g.swift in Sources */,
				E88B85D21B6ABF3100D10E17 /* CEFLifeSpanHandler.g.swift in Sources */,
				E88B86901B6EA08A00D10E17 /* CEFPOSTDataElementType.g.swift in Sources */,
				E88B869F1B6EA08A00D10E17 /* CEFXMLEncodingType.g.swift in Sources */,
				E88B86251B6E0D2C00D10E17 /* CEFCookie.swift in Sources */,
				E88B85D41B6ABF8300D10E17 /* CEFNavigationEntryVisitor.g.swift in Sources */,
				E88B85C51B6ABAD600D10E17 /* CEFMouseEvent.swift in Sources */,
				E88B86861B6EA08A00D10E17 /* CEFJSONParserOptions.g.swift in Sources */,
				E88B867F1B6EA08A00D10E17 /* CEFDuplexMode.g.swift in Sources */,
				E8898B241B69654C009E0DFF /* CEFDragData.swift in Sources */,
				E8898B381B69654C009E0DFF /* CEFTime.swift in Sources */,
				E88B869C1B6EA08A00D10E17 /* CEFV8PropertyAttribute.g.swift in Sources */,
				E88B85CC1B6ABCF800D10E17 /* CEFApp.g.swift in Sources */,
				E88B86821B6EA08A00D10E17 /* CEFFocusSource.g.swift in Sources */,
				E88B86831B6EA08A00D10E17 /* CEFGeopositionErrorCode.g.swift in Sources */,
				E8898B211B69654C009E0DFF /* CEFBrowserHost.swift in Sources */,
				E890E9971B716202007DB9C6 /* CEFCallback.swift in Sources */,
				E88B869E1B6EA08A00D10E17 /* CEFWindowOpenDisposition.g.swift in Sources */,
				E88B85F31B6D435E00D10E17 /* CEFV8StackFrame.swift in Sources */,
				E88B85F71B6D466600D10E17 /* CEFTask.g.swift in Sources */,
				E88B86811B6EA08A00D10E17 /* CEFEventFlags.g.swift in Sources */,
				E88B86991B6EA08A00D10E17 /* CEFURLRequestFlags.g.swift in Sources */,
				E88B867D1B6EA08A00D10E17 /* CEFDOMNodeType.g.swift in Sources */,
				E88B86741B6EA08A00D10E17 /* CEFColorModel.g.swift in Sources */,
				E8898B361B69654C009E0DFF /* CEFStringMap.swift in Sources */,
				E88B86941B6EA08A00D10E17 /* CEFState.g.swift in Sources */,
				E8898B171B69654C009E0DFF /* CEFApp.swift in Sources */,
				E88B86761B6EA08A00D10E17 /* CEFContextMenuMediaStateFlags.g.swift in Sources */,
				E88B862F1B6E167600D10E17 /* CEFDeleteCookiesCallback.swift in Sources */,
				E8898B3E1B697413009E0DFF /* CEFDOMNode.swift in Sources */,
				E88B86271B6E0F2E00D10E17 /* CEFCookieVisitor.g.swift in Sources */,
				E88B863B1B6E227200D10E17 /* CEFSchemeHandlerFactory.g.swift in Sources */,
				E88B86A01B6EA08A00D10E17 /* CEFXMLNodeType.g.swift in Sources */,
				E88B861D1B6E089A00D10E17 /* CEFCookieManager.swift in Sources */,
				E88B86921B6EA08A00D10E17 /* CEFResourceType.g.swift in Sources */,
				E8898B2F1B69654C009E0DFF /* CEFValue.swift in Sources */,
				E8898B151B69654C009E0DFF /* CEFBase.swift in Sources */,
				E88B867E1B6EA08A00D10E17 /* CEFDragOperationsMask.g.swift in Sources */,
				E890E9931B71560F007DB9C6 /* CEFMenuItemAccelerator.swift in Sources */,
				E88B85D61B6ABFC800D10E17 /* CEFRenderProcessHandler.g.swift in Sources */,
				E890E98B1B7001B1007DB9C6 /* CEFColor.swift in Sources */,
				E88B86771B6EA08A00D10E17 /* CEFContextMenuMediaType.g.swift in Sources */,
				E88B86351B6E1CE400D10E17 /* CEFRequestContextSettings.swift in Sources */,
				E88B86891B6EA08A00D10E17 /* CEFLogSeverity.g.swift in Sources */,
				E8898B351B69654C009E0DFF /* CEFStringList.swift in Sources */,
				E88B86781B6EA08A00D10E17 /* CEFContextMenuTypeFlags.g.swift in Sources */,
				E8898B291B69654C009E0DFF /* CEFPOSTDataElement.swift in Sources */,
				E88B86291B6E154200D10E17 /* CEFSetCookieCallback.swift in Sources */,
				E88B85C11B6ABA4100D10E17 /* CEFPoint.swift in Sources */,
				E8898B1D1B69654C009E0DFF /* CEFResourceBundleHandler.swift in Sources */,
				E890E98F1B700B93007DB9C6 /* CEFMenuModel.swift in Sources */,
				E88B85DC1B6AC09A00D10E17 /* CEFStringVisitor.g.swift in Sources */,
				E88B86311B6E1B3D00D10E17 /* CEFRequestContextHandler.swift in Sources */,
				E88B86951B6EA08A00D10E17 /* CEFStorageType.g.swift in Sources */,
				E88B86961B6EA08A00D10E17 /* CEFTerminationStatus.g.swift in Sources */,
				E88B861F1B6E093E00D10E17 /* CEFCompletionCallback.swift in Sources */,
				E8898B341B69654C009E0DFF /* CEFString.swift in Sources */,
				E8898B371B69654C009E0DFF /* CEFStringMultimap.swift in Sources */,
				E8898B1C1B69654C009E0DFF /* CEFRenderProcessHandler.swift in Sources */,
				E88B86371B6E219200D10E17 /* CEFSchemeHandlerFactory.swift in Sources */,
				E8898B281B69654C009E0DFF /* CEFPOSTData.swift in Sources */,
				E8898B201B69654C009E0DFF /* CEFBrowser.swift in Sources */,
				E8898B1E1B69654C009E0DFF /* CEFRunFileDialogCallback.swift in Sources */,
				E8898B2C1B69654C009E0DFF /* CEFRequestContext.swift in Sources */,
				E8898B311B69654C009E0DFF /* CEFMainArgs.swift in Sources */,
				E88B868D1B6EA08A00D10E17 /* CEFNavigationType.g.swift in Sources */,
				E88B863D1B6E24EF00D10E17 /* CEFResourceHandler.g.swift in Sources */,
				E8898B191B69654C009E0DFF /* CEFClient.swift in Sources */,
				E8898B1B1B69654C009E0DFF /* CEFNavigationEntryVisitor.swift in Sources */,
				E88B86971B6EA08A00D10E17 /* CEFThreadID.g.swift in Sources */,
				E8898B2A1B69654C009E0DFF /* CEFProcessMessage.swift in Sources */,
				E88B85CA1B6ABCB600D10E17 /* CEFClient.g.swift in Sources */,
				E88B868F1B6EA08A00D10E17 /* CEFPathKey.g.swift in Sources */,
				E8898B331B69654C009E0DFF /* CEFTypes.swift in Sources */,
				E88B85F51B6D462500D10E17 /* CEFTask.swift in Sources */,
				E88B868C1B6EA08A00D10E17 /* CEFMouseButtonType.g.swift in Sources */,
				E88B868E1B6EA08A00D10E17 /* CEFPaintElementType.g.swift in Sources */,
				E88B85DE1B6C0D4900D10E17 /* CEFV8Context.swift in Sources */,
				E8898B161B69654C009E0DFF /* CEFMarshaller.swift in Sources */,
				E88B867B1B6EA08A00D10E17 /* CEFDOMEventCategory.g.swift in Sources */,
				E88B85C71B6ABAED00D10E17 /* CEFWindowInfo.swift in Sources */,
				E88B868A1B6EA08A00D10E17 /* CEFMenuID.g.swift in Sources */,
				E88B85F11B6D423B00D10E17 /* CEFV8StackTrace.swift in Sources */,
				E8898B2B1B69654C009E0DFF /* CEFRequest.swift in Sources */,
				E88B85E61B6C126A00D10E17 /* CEFV8Accessor.g.swift in Sources */,
				E890E9891B70018F007DB9C6 /* CEFV8ContextSafetyImplementation.swift in Sources */,
				E88B867C1B6EA08A00D10E17 /* CEFDOMEventPhase.g.swift in Sources */,
				E890E98D1B7007D7007DB9C6 /* CEFContextMenuParams.swift in Sources */,
				E88B85E01B6C0D7800D10E17 /* CEFV8Handler.swift in Sources */,
				E88B85D81B6AC00100D10E17 /* CEFResourceBundleHandler.g.swift in Sources */,
				E88B86211B6E098700D10E17 /* CEFCompletionCallback.g.swift in Sources */,
				E88B85F91B6D46D000D10E17 /* CEFTaskRunner.swift in Sources */,
				E88B869A1B6EA08A00D10E17 /* CEFURLRequestStatus.g.swift in Sources */,
				E88B86331B6E1B8500D10E17 /* CEFRequestContextHandler.g.swift in Sources */,
				E88B86931B6EA08A00D10E17 /* CEFReturnValue.g.swift in Sources */,
				E88B869D1B6EA08A00D10E17 /* CEFValueType.g.swift in Sources */,
				E88B86431B6E3A3800D10E17 /* CEFContextMenuHandler.swift in Sources */,
				E8898B1A1B69654C009E0DFF /* CEFLifeSpanHandler.swift in Sources */,
				E8898B221B69654C009E0DFF /* CEFCommandLine.swift in Sources */,
				E8898B261B69654C009E0DFF /* CEFListValue.swift in Sources */,
				E88B86791B6EA08A00D10E17 /* CEFCursorType.g.swift in Sources */,
				E88B85D01B6ABE0600D10E17 /* CEFDOMVisitor.g.swift in Sources */,
				E88B862B1B6E159900D10E17 /* CEFSetCookieCallback.g.swift in Sources */,
				E88B85E81B6C16CF00D10E17 /* CEFV8Exception.swift in Sources */,
				E8898B401B697A66009E0DFF /* CEFStringVisitor.swift in Sources */,
				E890E9951B716195007DB9C6 /* CEFContextMenuHandler.g.swift in Sources */,
				E8898B1F1B69654C009E0DFF /* CEFBinaryValue.swift in Sources */,
				E88B85E41B6C11E400D10E17 /* CEFV8Accessor.swift in Sources */,
				E88B86841B6EA08A00D10E17 /* CEFJSDialogType.g.swift in Sources */,
				E88B85C31B6ABA9300D10E17 /* CEFKeyEvent.swift in Sources */,
				E88B85E21B6C0E0800D10E17 /* CEFV8Handler.g.swift in Sources */,
			);
			runOnlyForDeploymentPostprocessing = 0;
		};
		E8CC9D2A1B5AF47B002948BD /* Sources */ = {
			isa = PBXSourcesBuildPhase;
			buildActionMask = 2147483647;
			files = (
				E8CC9D3C1B5AF516002948BD /* main.swift in Sources */,
				E8CC9D311B5AF47B002948BD /* AppDelegate.swift in Sources */,
			);
			runOnlyForDeploymentPostprocessing = 0;
		};
/* End PBXSourcesBuildPhase section */

/* Begin PBXTargetDependency section */
		E8CC9D3E1B5AF5F9002948BD /* PBXTargetDependency */ = {
			isa = PBXTargetDependency;
			target = E8456E0F1B52C29700AE93DC /* CEF.swift */;
			targetProxy = E8CC9D3D1B5AF5F9002948BD /* PBXContainerItemProxy */;
		};
/* End PBXTargetDependency section */

/* Begin PBXVariantGroup section */
		E8CC9D341B5AF47B002948BD /* MainMenu.xib */ = {
			isa = PBXVariantGroup;
			children = (
				E8CC9D351B5AF47B002948BD /* Base */,
			);
			name = MainMenu.xib;
			sourceTree = "<group>";
		};
/* End PBXVariantGroup section */

/* Begin XCBuildConfiguration section */
		E8456E161B52C29700AE93DC /* Debug */ = {
			isa = XCBuildConfiguration;
			buildSettings = {
				ALWAYS_SEARCH_USER_PATHS = NO;
				CEF_BINARY_ROOT = "$(SRCROOT)/External/cef_binary";
				CLANG_CXX_LANGUAGE_STANDARD = "gnu++0x";
				CLANG_CXX_LIBRARY = "libc++";
				CLANG_ENABLE_MODULES = YES;
				CLANG_ENABLE_OBJC_ARC = YES;
				CLANG_WARN_BOOL_CONVERSION = YES;
				CLANG_WARN_CONSTANT_CONVERSION = YES;
				CLANG_WARN_DIRECT_OBJC_ISA_USAGE = YES_ERROR;
				CLANG_WARN_EMPTY_BODY = YES;
				CLANG_WARN_ENUM_CONVERSION = YES;
				CLANG_WARN_INT_CONVERSION = YES;
				CLANG_WARN_OBJC_ROOT_CLASS = YES_ERROR;
				CLANG_WARN_UNREACHABLE_CODE = YES;
				CLANG_WARN__DUPLICATE_METHOD_MATCH = YES;
				COPY_PHASE_STRIP = NO;
				CURRENT_PROJECT_VERSION = 1;
				DEBUG_INFORMATION_FORMAT = dwarf;
				ENABLE_STRICT_OBJC_MSGSEND = YES;
				ENABLE_TESTABILITY = YES;
				GCC_C_LANGUAGE_STANDARD = gnu99;
				GCC_DYNAMIC_NO_PIC = NO;
				GCC_NO_COMMON_BLOCKS = YES;
				GCC_OPTIMIZATION_LEVEL = 0;
				GCC_PREPROCESSOR_DEFINITIONS = (
					"DEBUG=1",
					"$(inherited)",
				);
				GCC_WARN_64_TO_32_BIT_CONVERSION = YES;
				GCC_WARN_ABOUT_RETURN_TYPE = YES_ERROR;
				GCC_WARN_UNDECLARED_SELECTOR = YES;
				GCC_WARN_UNINITIALIZED_AUTOS = YES_AGGRESSIVE;
				GCC_WARN_UNUSED_FUNCTION = YES;
				GCC_WARN_UNUSED_VARIABLE = YES;
				MACOSX_DEPLOYMENT_TARGET = 10.10;
				MTL_ENABLE_DEBUG_INFO = YES;
				ONLY_ACTIVE_ARCH = YES;
				SDKROOT = macosx;
				SWIFT_OPTIMIZATION_LEVEL = "-Onone";
				VERSIONING_SYSTEM = "apple-generic";
				VERSION_INFO_PREFIX = "";
			};
			name = Debug;
		};
		E8456E171B52C29700AE93DC /* Release */ = {
			isa = XCBuildConfiguration;
			buildSettings = {
				ALWAYS_SEARCH_USER_PATHS = NO;
				CEF_BINARY_ROOT = "$(SRCROOT)/External/cef_binary";
				CLANG_CXX_LANGUAGE_STANDARD = "gnu++0x";
				CLANG_CXX_LIBRARY = "libc++";
				CLANG_ENABLE_MODULES = YES;
				CLANG_ENABLE_OBJC_ARC = YES;
				CLANG_WARN_BOOL_CONVERSION = YES;
				CLANG_WARN_CONSTANT_CONVERSION = YES;
				CLANG_WARN_DIRECT_OBJC_ISA_USAGE = YES_ERROR;
				CLANG_WARN_EMPTY_BODY = YES;
				CLANG_WARN_ENUM_CONVERSION = YES;
				CLANG_WARN_INT_CONVERSION = YES;
				CLANG_WARN_OBJC_ROOT_CLASS = YES_ERROR;
				CLANG_WARN_UNREACHABLE_CODE = YES;
				CLANG_WARN__DUPLICATE_METHOD_MATCH = YES;
				COPY_PHASE_STRIP = NO;
				CURRENT_PROJECT_VERSION = 1;
				DEBUG_INFORMATION_FORMAT = "dwarf-with-dsym";
				ENABLE_NS_ASSERTIONS = NO;
				ENABLE_STRICT_OBJC_MSGSEND = YES;
				GCC_C_LANGUAGE_STANDARD = gnu99;
				GCC_NO_COMMON_BLOCKS = YES;
				GCC_WARN_64_TO_32_BIT_CONVERSION = YES;
				GCC_WARN_ABOUT_RETURN_TYPE = YES_ERROR;
				GCC_WARN_UNDECLARED_SELECTOR = YES;
				GCC_WARN_UNINITIALIZED_AUTOS = YES_AGGRESSIVE;
				GCC_WARN_UNUSED_FUNCTION = YES;
				GCC_WARN_UNUSED_VARIABLE = YES;
				MACOSX_DEPLOYMENT_TARGET = 10.10;
				MTL_ENABLE_DEBUG_INFO = NO;
				SDKROOT = macosx;
				VERSIONING_SYSTEM = "apple-generic";
				VERSION_INFO_PREFIX = "";
			};
			name = Release;
		};
		E8456E191B52C29700AE93DC /* Debug */ = {
			isa = XCBuildConfiguration;
			buildSettings = {
				CLANG_ENABLE_MODULES = YES;
				COMBINE_HIDPI_IMAGES = YES;
				DEFINES_MODULE = YES;
				DYLIB_COMPATIBILITY_VERSION = 1;
				DYLIB_CURRENT_VERSION = 1;
				DYLIB_INSTALL_NAME_BASE = "@rpath";
				FRAMEWORK_SEARCH_PATHS = "$(CEF_BINARY_ROOT)/Debug";
				FRAMEWORK_VERSION = A;
				HEADER_SEARCH_PATHS = "$(CEF_BINARY_ROOT)";
				INFOPLIST_FILE = CEF.swift/Info.plist;
				INSTALL_PATH = "$(LOCAL_LIBRARY_DIR)/Frameworks";
				LD_RUNPATH_SEARCH_PATHS = "$(inherited) @executable_path/../Frameworks @loader_path/Frameworks";
				LIBRARY_SEARCH_PATHS = "$(CEF_BINARY_ROOT)/build/Debug";
				PRODUCT_BUNDLE_IDENTIFIER = "me.cocoagrinder.CEF-swift";
				PRODUCT_NAME = CEFswift;
				SKIP_INSTALL = YES;
				STRIP_INSTALLED_PRODUCT = NO;
				SWIFT_OBJC_BRIDGING_HEADER = "CEF.swift/CEF.swift-Bridging-Header.h";
				SWIFT_OPTIMIZATION_LEVEL = "-Onone";
			};
			name = Debug;
		};
		E8456E1A1B52C29700AE93DC /* Release */ = {
			isa = XCBuildConfiguration;
			buildSettings = {
				CLANG_ENABLE_MODULES = YES;
				COMBINE_HIDPI_IMAGES = YES;
				DEFINES_MODULE = YES;
				DYLIB_COMPATIBILITY_VERSION = 1;
				DYLIB_CURRENT_VERSION = 1;
				DYLIB_INSTALL_NAME_BASE = "@rpath";
				FRAMEWORK_SEARCH_PATHS = "$(CEF_BINARY_ROOT)/Debug";
				FRAMEWORK_VERSION = A;
				HEADER_SEARCH_PATHS = "$(CEF_BINARY_ROOT)";
				INFOPLIST_FILE = CEF.swift/Info.plist;
				INSTALL_PATH = "$(LOCAL_LIBRARY_DIR)/Frameworks";
				LD_RUNPATH_SEARCH_PATHS = "$(inherited) @executable_path/../Frameworks @loader_path/Frameworks";
				LIBRARY_SEARCH_PATHS = "$(CEF_BINARY_ROOT)/build/Debug";
				PRODUCT_BUNDLE_IDENTIFIER = "me.cocoagrinder.CEF-swift";
				PRODUCT_NAME = CEFswift;
				SKIP_INSTALL = YES;
				STRIP_INSTALLED_PRODUCT = NO;
				SWIFT_OBJC_BRIDGING_HEADER = "CEF.swift/CEF.swift-Bridging-Header.h";
			};
			name = Release;
		};
		E8CC9D391B5AF47B002948BD /* Debug */ = {
			isa = XCBuildConfiguration;
			buildSettings = {
				ASSETCATALOG_COMPILER_APPICON_NAME = AppIcon;
				COMBINE_HIDPI_IMAGES = YES;
				FRAMEWORK_SEARCH_PATHS = "$(CEF_BINARY_ROOT)/Debug";
				HEADER_SEARCH_PATHS = "$(CEF_BINARY_ROOT)";
				INFOPLIST_FILE = CEFDemo/Info.plist;
				LD_RUNPATH_SEARCH_PATHS = "$(inherited) @executable_path/../Frameworks";
				LIBRARY_SEARCH_PATHS = "$(CEF_BINARY_ROOT)/build/Debug";
				PRODUCT_BUNDLE_IDENTIFIER = me.cocoagrinder.CEFDemo;
				PRODUCT_NAME = "$(TARGET_NAME)";
				STRIP_INSTALLED_PRODUCT = NO;
				SWIFT_OBJC_BRIDGING_HEADER = "CEFDemo/CEFDemo-Bridging-Header.h";
			};
			name = Debug;
		};
		E8CC9D3A1B5AF47B002948BD /* Release */ = {
			isa = XCBuildConfiguration;
			buildSettings = {
				ASSETCATALOG_COMPILER_APPICON_NAME = AppIcon;
				COMBINE_HIDPI_IMAGES = YES;
				FRAMEWORK_SEARCH_PATHS = "$(CEF_BINARY_ROOT)/Debug";
				HEADER_SEARCH_PATHS = "$(CEF_BINARY_ROOT)";
				INFOPLIST_FILE = CEFDemo/Info.plist;
				LD_RUNPATH_SEARCH_PATHS = "$(inherited) @executable_path/../Frameworks";
				LIBRARY_SEARCH_PATHS = "$(CEF_BINARY_ROOT)/build/Debug";
				PRODUCT_BUNDLE_IDENTIFIER = me.cocoagrinder.CEFDemo;
				PRODUCT_NAME = "$(TARGET_NAME)";
				STRIP_INSTALLED_PRODUCT = NO;
				SWIFT_OBJC_BRIDGING_HEADER = "CEFDemo/CEFDemo-Bridging-Header.h";
			};
			name = Release;
		};
/* End XCBuildConfiguration section */

/* Begin XCConfigurationList section */
		E8456E0A1B52C29700AE93DC /* Build configuration list for PBXProject "CEF.swift" */ = {
			isa = XCConfigurationList;
			buildConfigurations = (
				E8456E161B52C29700AE93DC /* Debug */,
				E8456E171B52C29700AE93DC /* Release */,
			);
			defaultConfigurationIsVisible = 0;
			defaultConfigurationName = Release;
		};
		E8456E181B52C29700AE93DC /* Build configuration list for PBXNativeTarget "CEF.swift" */ = {
			isa = XCConfigurationList;
			buildConfigurations = (
				E8456E191B52C29700AE93DC /* Debug */,
				E8456E1A1B52C29700AE93DC /* Release */,
			);
			defaultConfigurationIsVisible = 0;
			defaultConfigurationName = Release;
		};
		E8CC9D381B5AF47B002948BD /* Build configuration list for PBXNativeTarget "CEFDemo" */ = {
			isa = XCConfigurationList;
			buildConfigurations = (
				E8CC9D391B5AF47B002948BD /* Debug */,
				E8CC9D3A1B5AF47B002948BD /* Release */,
			);
			defaultConfigurationIsVisible = 0;
			defaultConfigurationName = Release;
		};
/* End XCConfigurationList section */
	};
	rootObject = E8456E071B52C29700AE93DC /* Project object */;
}
