// !$*UTF8*$!
{
	archiveVersion = 1;
	classes = {
	};
	objectVersion = 46;
	objects = {

/* Begin PBXBuildFile section */
		A5EC028B205BBF3800A6CB6E /* main.swift in Sources */ = {isa = PBXBuildFile; fileRef = A5EC0283205BBF3800A6CB6E /* main.swift */; };
		A5EC028C205BBF3800A6CB6E /* AppDelegate.swift in Sources */ = {isa = PBXBuildFile; fileRef = A5EC0284205BBF3800A6CB6E /* AppDelegate.swift */; };
		A5EC028D205BBF3800A6CB6E /* Assets.xcassets in Resources */ = {isa = PBXBuildFile; fileRef = A5EC0285205BBF3800A6CB6E /* Assets.xcassets */; };
		A5EC028E205BBF3800A6CB6E /* Info.plist in Resources */ = {isa = PBXBuildFile; fileRef = A5EC0287205BBF3800A6CB6E /* Info.plist */; };
		A5EC028F205BBF3800A6CB6E /* MainMenu.xib in Resources */ = {isa = PBXBuildFile; fileRef = A5EC0289205BBF3800A6CB6E /* MainMenu.xib */; };
		A5EC029D205BBF8B00A6CB6E /* CEFswift.framework in CopyFiles */ = {isa = PBXBuildFile; fileRef = A5EC0296205BBF6A00A6CB6E /* CEFswift.framework */; settings = {ATTRIBUTES = (CodeSignOnCopy, RemoveHeadersOnCopy, ); }; };
		A5EC029E205BBF8B00A6CB6E /* CEFHelper.app in CopyFiles */ = {isa = PBXBuildFile; fileRef = A5EC0298205BBF6A00A6CB6E /* CEFHelper.app */; settings = {ATTRIBUTES = (RemoveHeadersOnCopy, ); }; };
		A5EC02A1205BBFA200A6CB6E /* CEFswift.framework in Frameworks */ = {isa = PBXBuildFile; fileRef = A5EC0296205BBF6A00A6CB6E /* CEFswift.framework */; };
		A5EC0784205BCAFE00A6CB6E /* Chromium Embedded Framework.framework in Frameworks */ = {isa = PBXBuildFile; fileRef = A5EC0780205BCAFE00A6CB6E /* Chromium Embedded Framework.framework */; };
		A5EC0787205BCB1800A6CB6E /* Chromium Embedded Framework.framework in CopyFiles */ = {isa = PBXBuildFile; fileRef = A5EC0780205BCAFE00A6CB6E /* Chromium Embedded Framework.framework */; settings = {ATTRIBUTES = (CodeSignOnCopy, RemoveHeadersOnCopy, ); }; };
/* End PBXBuildFile section */

/* Begin PBXContainerItemProxy section */
		A5EC0295205BBF6A00A6CB6E /* PBXContainerItemProxy */ = {
			isa = PBXContainerItemProxy;
			containerPortal = A5EC0290205BBF6900A6CB6E /* CEF.swift.xcodeproj */;
			proxyType = 2;
			remoteGlobalIDString = E8456E101B52C29700AE93DC;
			remoteInfo = CEF.swift;
		};
		A5EC0297205BBF6A00A6CB6E /* PBXContainerItemProxy */ = {
			isa = PBXContainerItemProxy;
			containerPortal = A5EC0290205BBF6900A6CB6E /* CEF.swift.xcodeproj */;
			proxyType = 2;
			remoteGlobalIDString = A56DA911205A39620024CC85;
			remoteInfo = CEFHelper;
		};
/* End PBXContainerItemProxy section */

/* Begin PBXCopyFilesBuildPhase section */
		E87836811B94E45600555EC2 /* CopyFiles */ = {
			isa = PBXCopyFilesBuildPhase;
			buildActionMask = 2147483647;
			dstPath = "";
			dstSubfolderSpec = 10;
			files = (
				A5EC029D205BBF8B00A6CB6E /* CEFswift.framework in CopyFiles */,
				A5EC029E205BBF8B00A6CB6E /* CEFHelper.app in CopyFiles */,
				A5EC0787205BCB1800A6CB6E /* Chromium Embedded Framework.framework in CopyFiles */,
			);
			runOnlyForDeploymentPostprocessing = 0;
		};
/* End PBXCopyFilesBuildPhase section */

/* Begin PBXFileReference section */
		A5EC0276205BBF0100A6CB6E /* CEFDemo-Bridging-Header.h */ = {isa = PBXFileReference; lastKnownFileType = sourcecode.c.h; path = "CEFDemo-Bridging-Header.h"; sourceTree = "<group>"; };
		A5EC0283205BBF3800A6CB6E /* main.swift */ = {isa = PBXFileReference; fileEncoding = 4; lastKnownFileType = sourcecode.swift; path = main.swift; sourceTree = "<group>"; };
		A5EC0284205BBF3800A6CB6E /* AppDelegate.swift */ = {isa = PBXFileReference; fileEncoding = 4; lastKnownFileType = sourcecode.swift; path = AppDelegate.swift; sourceTree = "<group>"; };
		A5EC0285205BBF3800A6CB6E /* Assets.xcassets */ = {isa = PBXFileReference; lastKnownFileType = folder.assetcatalog; path = Assets.xcassets; sourceTree = "<group>"; };
		A5EC0286205BBF3800A6CB6E /* CEFDemo-Bridging-Header.h */ = {isa = PBXFileReference; fileEncoding = 4; lastKnownFileType = sourcecode.c.h; path = "CEFDemo-Bridging-Header.h"; sourceTree = "<group>"; };
		A5EC0287205BBF3800A6CB6E /* Info.plist */ = {isa = PBXFileReference; fileEncoding = 4; lastKnownFileType = text.plist.xml; path = Info.plist; sourceTree = "<group>"; };
		A5EC028A205BBF3800A6CB6E /* Base */ = {isa = PBXFileReference; lastKnownFileType = file.xib; name = Base; path = MainMenu.xib; sourceTree = "<group>"; };
		A5EC0290205BBF6900A6CB6E /* CEF.swift.xcodeproj */ = {isa = PBXFileReference; lastKnownFileType = "wrapper.pb-project"; name = CEF.swift.xcodeproj; path = ../CEF.swift.xcodeproj; sourceTree = "<group>"; };
		A5EC077D205BCAFE00A6CB6E /* Chromium Embedded Framework.framework */ = {isa = PBXFileReference; lastKnownFileType = wrapper.framework; path = "Chromium Embedded Framework.framework"; sourceTree = "<group>"; };
		A5EC077E205BCAFE00A6CB6E /* widevinecdmadapter.plugin */ = {isa = PBXFileReference; lastKnownFileType = "compiled.mach-o.bundle"; path = widevinecdmadapter.plugin; sourceTree = "<group>"; };
		A5EC0780205BCAFE00A6CB6E /* Chromium Embedded Framework.framework */ = {isa = PBXFileReference; lastKnownFileType = wrapper.framework; path = "Chromium Embedded Framework.framework"; sourceTree = "<group>"; };
		A5EC0781205BCAFE00A6CB6E /* widevinecdmadapter.plugin */ = {isa = PBXFileReference; lastKnownFileType = "compiled.mach-o.bundle"; path = widevinecdmadapter.plugin; sourceTree = "<group>"; };
		E878366A1B93B26400555EC2 /* CEFDemo.app */ = {isa = PBXFileReference; explicitFileType = wrapper.application; includeInIndex = 0; path = CEFDemo.app; sourceTree = BUILT_PRODUCTS_DIR; };
/* End PBXFileReference section */

/* Begin PBXFrameworksBuildPhase section */
		E87836671B93B26400555EC2 /* Frameworks */ = {
			isa = PBXFrameworksBuildPhase;
			buildActionMask = 2147483647;
			files = (
				A5EC0784205BCAFE00A6CB6E /* Chromium Embedded Framework.framework in Frameworks */,
				A5EC02A1205BBFA200A6CB6E /* CEFswift.framework in Frameworks */,
			);
			runOnlyForDeploymentPostprocessing = 0;
		};
/* End PBXFrameworksBuildPhase section */

/* Begin PBXGroup section */
		A5EC0288205BBF3800A6CB6E /* Base.lproj */ = {
			isa = PBXGroup;
			children = (
				A5EC0289205BBF3800A6CB6E /* MainMenu.xib */,
			);
			path = Base.lproj;
			sourceTree = "<group>";
		};
		A5EC0291205BBF6900A6CB6E /* Products */ = {
			isa = PBXGroup;
			children = (
				A5EC0296205BBF6A00A6CB6E /* CEFswift.framework */,
				A5EC0298205BBF6A00A6CB6E /* CEFHelper.app */,
			);
			name = Products;
			sourceTree = "<group>";
		};
		A5EC077B205BCAFE00A6CB6E /* cef_binary */ = {
			isa = PBXGroup;
			children = (
				A5EC077C205BCAFE00A6CB6E /* Release */,
				A5EC077F205BCAFE00A6CB6E /* Debug */,
			);
			name = cef_binary;
			path = ../External/cef_binary;
			sourceTree = "<group>";
		};
		A5EC077C205BCAFE00A6CB6E /* Release */ = {
			isa = PBXGroup;
			children = (
				A5EC077D205BCAFE00A6CB6E /* Chromium Embedded Framework.framework */,
				A5EC077E205BCAFE00A6CB6E /* widevinecdmadapter.plugin */,
			);
			path = Release;
			sourceTree = "<group>";
		};
		A5EC077F205BCAFE00A6CB6E /* Debug */ = {
			isa = PBXGroup;
			children = (
				A5EC0780205BCAFE00A6CB6E /* Chromium Embedded Framework.framework */,
				A5EC0781205BCAFE00A6CB6E /* widevinecdmadapter.plugin */,
			);
			path = Debug;
			sourceTree = "<group>";
		};
		E87836611B93B26400555EC2 = {
			isa = PBXGroup;
			children = (
				A5EC0290205BBF6900A6CB6E /* CEF.swift.xcodeproj */,
				A5EC0288205BBF3800A6CB6E /* Base.lproj */,
				A5EC0276205BBF0100A6CB6E /* CEFDemo-Bridging-Header.h */,
				A5EC0284205BBF3800A6CB6E /* AppDelegate.swift */,
				A5EC0285205BBF3800A6CB6E /* Assets.xcassets */,
				A5EC0286205BBF3800A6CB6E /* CEFDemo-Bridging-Header.h */,
				A5EC0287205BBF3800A6CB6E /* Info.plist */,
				A5EC0283205BBF3800A6CB6E /* main.swift */,
				A5EC077B205BCAFE00A6CB6E /* cef_binary */,
				E878366B1B93B26400555EC2 /* Products */,
			);
			sourceTree = "<group>";
		};
		E878366B1B93B26400555EC2 /* Products */ = {
			isa = PBXGroup;
			children = (
				E878366A1B93B26400555EC2 /* CEFDemo.app */,
			);
			name = Products;
			sourceTree = "<group>";
		};
/* End PBXGroup section */

/* Begin PBXNativeTarget section */
		E87836691B93B26400555EC2 /* CEFDemo */ = {
			isa = PBXNativeTarget;
			buildConfigurationList = E87836771B93B26500555EC2 /* Build configuration list for PBXNativeTarget "CEFDemo" */;
			buildPhases = (
				E87836661B93B26400555EC2 /* Sources */,
				E87836671B93B26400555EC2 /* Frameworks */,
				E87836681B93B26400555EC2 /* Resources */,
				E87836811B94E45600555EC2 /* CopyFiles */,
			);
			buildRules = (
			);
			dependencies = (
			);
			name = CEFDemo;
			productName = CEFDemoExt;
			productReference = E878366A1B93B26400555EC2 /* CEFDemo.app */;
			productType = "com.apple.product-type.application";
		};
/* End PBXNativeTarget section */

/* Begin PBXProject section */
		E87836621B93B26400555EC2 /* Project object */ = {
			isa = PBXProject;
			attributes = {
				LastSwiftUpdateCheck = 0910;
				LastUpgradeCheck = 0900;
				ORGANIZATIONNAME = "Tamas Lustyik";
				TargetAttributes = {
					E87836691B93B26400555EC2 = {
						CreatedOnToolsVersion = 7.0;
						LastSwiftMigration = 0920;
					};
				};
			};
			buildConfigurationList = E87836651B93B26400555EC2 /* Build configuration list for PBXProject "CEFDemo" */;
			compatibilityVersion = "Xcode 3.2";
			developmentRegion = English;
			hasScannedForEncodings = 0;
			knownRegions = (
				en,
				Base,
				English,
			);
			mainGroup = E87836611B93B26400555EC2;
			productRefGroup = E878366B1B93B26400555EC2 /* Products */;
			projectDirPath = "";
			projectReferences = (
				{
					ProductGroup = A5EC0291205BBF6900A6CB6E /* Products */;
					ProjectRef = A5EC0290205BBF6900A6CB6E /* CEF.swift.xcodeproj */;
				},
			);
			projectRoot = "";
			targets = (
				E87836691B93B26400555EC2 /* CEFDemo */,
			);
		};
/* End PBXProject section */

/* Begin PBXReferenceProxy section */
		A5EC0296205BBF6A00A6CB6E /* CEFswift.framework */ = {
			isa = PBXReferenceProxy;
			fileType = wrapper.framework;
			path = CEFswift.framework;
			remoteRef = A5EC0295205BBF6A00A6CB6E /* PBXContainerItemProxy */;
			sourceTree = BUILT_PRODUCTS_DIR;
		};
		A5EC0298205BBF6A00A6CB6E /* CEFHelper.app */ = {
			isa = PBXReferenceProxy;
			fileType = wrapper.application;
			path = CEFHelper.app;
			remoteRef = A5EC0297205BBF6A00A6CB6E /* PBXContainerItemProxy */;
			sourceTree = BUILT_PRODUCTS_DIR;
		};
/* End PBXReferenceProxy section */

/* Begin PBXResourcesBuildPhase section */
		E87836681B93B26400555EC2 /* Resources */ = {
			isa = PBXResourcesBuildPhase;
			buildActionMask = 2147483647;
			files = (
				A5EC028E205BBF3800A6CB6E /* Info.plist in Resources */,
				A5EC028D205BBF3800A6CB6E /* Assets.xcassets in Resources */,
				A5EC028F205BBF3800A6CB6E /* MainMenu.xib in Resources */,
			);
			runOnlyForDeploymentPostprocessing = 0;
		};
/* End PBXResourcesBuildPhase section */

/* Begin PBXSourcesBuildPhase section */
		E87836661B93B26400555EC2 /* Sources */ = {
			isa = PBXSourcesBuildPhase;
			buildActionMask = 2147483647;
			files = (
				A5EC028C205BBF3800A6CB6E /* AppDelegate.swift in Sources */,
				A5EC028B205BBF3800A6CB6E /* main.swift in Sources */,
			);
			runOnlyForDeploymentPostprocessing = 0;
		};
/* End PBXSourcesBuildPhase section */

/* Begin PBXVariantGroup section */
		A5EC0289205BBF3800A6CB6E /* MainMenu.xib */ = {
			isa = PBXVariantGroup;
			children = (
				A5EC028A205BBF3800A6CB6E /* Base */,
			);
			name = MainMenu.xib;
			sourceTree = "<group>";
		};
/* End PBXVariantGroup section */

/* Begin XCBuildConfiguration section */
		E87836751B93B26500555EC2 /* Debug */ = {
			isa = XCBuildConfiguration;
			buildSettings = {
				ALWAYS_SEARCH_USER_PATHS = NO;
				CLANG_CXX_LANGUAGE_STANDARD = "gnu++0x";
				CLANG_CXX_LIBRARY = "libc++";
				CLANG_ENABLE_MODULES = YES;
				CLANG_ENABLE_OBJC_ARC = YES;
				CLANG_WARN_BLOCK_CAPTURE_AUTORELEASING = YES;
				CLANG_WARN_BOOL_CONVERSION = YES;
				CLANG_WARN_COMMA = YES;
				CLANG_WARN_CONSTANT_CONVERSION = YES;
				CLANG_WARN_DIRECT_OBJC_ISA_USAGE = YES_ERROR;
				CLANG_WARN_EMPTY_BODY = YES;
				CLANG_WARN_ENUM_CONVERSION = YES;
				CLANG_WARN_INFINITE_RECURSION = YES;
				CLANG_WARN_INT_CONVERSION = YES;
				CLANG_WARN_NON_LITERAL_NULL_CONVERSION = YES;
				CLANG_WARN_OBJC_LITERAL_CONVERSION = YES;
				CLANG_WARN_OBJC_ROOT_CLASS = YES_ERROR;
				CLANG_WARN_RANGE_LOOP_ANALYSIS = YES;
				CLANG_WARN_STRICT_PROTOTYPES = YES;
				CLANG_WARN_SUSPICIOUS_MOVE = YES;
				CLANG_WARN_UNREACHABLE_CODE = YES;
				CLANG_WARN__DUPLICATE_METHOD_MATCH = YES;
				COPY_PHASE_STRIP = NO;
				DEBUG_INFORMATION_FORMAT = dwarf;
				ENABLE_STRICT_OBJC_MSGSEND = YES;
				ENABLE_TESTABILITY = YES;
				GCC_C_LANGUAGE_STANDARD = gnu99;
				GCC_DYNAMIC_NO_PIC = NO;
				GCC_NO_COMMON_BLOCKS = YES;
				GCC_OPTIMIZATION_LEVEL = 0;
				GCC_PREPROCESSOR_DEFINITIONS = (
					"DEBUG=1",
					"$(inherited)",
				);
				GCC_WARN_64_TO_32_BIT_CONVERSION = YES;
				GCC_WARN_ABOUT_RETURN_TYPE = YES_ERROR;
				GCC_WARN_UNDECLARED_SELECTOR = YES;
				GCC_WARN_UNINITIALIZED_AUTOS = YES_AGGRESSIVE;
				GCC_WARN_UNUSED_FUNCTION = YES;
				GCC_WARN_UNUSED_VARIABLE = YES;
				MACOSX_DEPLOYMENT_TARGET = 10.9;
				MTL_ENABLE_DEBUG_INFO = YES;
				ONLY_ACTIVE_ARCH = YES;
				SDKROOT = macosx;
				SWIFT_OPTIMIZATION_LEVEL = "-Onone";
			};
			name = Debug;
		};
		E87836761B93B26500555EC2 /* Release */ = {
			isa = XCBuildConfiguration;
			buildSettings = {
				ALWAYS_SEARCH_USER_PATHS = NO;
				CLANG_CXX_LANGUAGE_STANDARD = "gnu++0x";
				CLANG_CXX_LIBRARY = "libc++";
				CLANG_ENABLE_MODULES = YES;
				CLANG_ENABLE_OBJC_ARC = YES;
				CLANG_WARN_BLOCK_CAPTURE_AUTORELEASING = YES;
				CLANG_WARN_BOOL_CONVERSION = YES;
				CLANG_WARN_COMMA = YES;
				CLANG_WARN_CONSTANT_CONVERSION = YES;
				CLANG_WARN_DIRECT_OBJC_ISA_USAGE = YES_ERROR;
				CLANG_WARN_EMPTY_BODY = YES;
				CLANG_WARN_ENUM_CONVERSION = YES;
				CLANG_WARN_INFINITE_RECURSION = YES;
				CLANG_WARN_INT_CONVERSION = YES;
				CLANG_WARN_NON_LITERAL_NULL_CONVERSION = YES;
				CLANG_WARN_OBJC_LITERAL_CONVERSION = YES;
				CLANG_WARN_OBJC_ROOT_CLASS = YES_ERROR;
				CLANG_WARN_RANGE_LOOP_ANALYSIS = YES;
				CLANG_WARN_STRICT_PROTOTYPES = YES;
				CLANG_WARN_SUSPICIOUS_MOVE = YES;
				CLANG_WARN_UNREACHABLE_CODE = YES;
				CLANG_WARN__DUPLICATE_METHOD_MATCH = YES;
				COPY_PHASE_STRIP = NO;
				DEBUG_INFORMATION_FORMAT = "dwarf-with-dsym";
				ENABLE_NS_ASSERTIONS = NO;
				ENABLE_STRICT_OBJC_MSGSEND = YES;
				GCC_C_LANGUAGE_STANDARD = gnu99;
				GCC_NO_COMMON_BLOCKS = YES;
				GCC_WARN_64_TO_32_BIT_CONVERSION = YES;
				GCC_WARN_ABOUT_RETURN_TYPE = YES_ERROR;
				GCC_WARN_UNDECLARED_SELECTOR = YES;
				GCC_WARN_UNINITIALIZED_AUTOS = YES_AGGRESSIVE;
				GCC_WARN_UNUSED_FUNCTION = YES;
				GCC_WARN_UNUSED_VARIABLE = YES;
				MACOSX_DEPLOYMENT_TARGET = 10.9;
				MTL_ENABLE_DEBUG_INFO = NO;
				SDKROOT = macosx;
				SWIFT_OPTIMIZATION_LEVEL = "-Owholemodule";
			};
			name = Release;
		};
		E87836781B93B26500555EC2 /* Debug */ = {
			isa = XCBuildConfiguration;
			buildSettings = {
				ASSETCATALOG_COMPILER_APPICON_NAME = AppIcon;
				CLANG_ENABLE_MODULES = YES;
				COMBINE_HIDPI_IMAGES = YES;
				FRAMEWORK_SEARCH_PATHS = "\"$(PROJECT_DIR)/../External/cef_binary/${CONFIGURATION}\"";
				HEADER_SEARCH_PATHS = "\"$(PROJECT_DIR)/../External/cef_binary/${CONFIGURATION}/Chromium Embedded Framework.framework/Headers\"";
				INFOPLIST_FILE = "$(SRCROOT)/Info.plist";
				LD_RUNPATH_SEARCH_PATHS = "$(inherited) @executable_path/../Frameworks";
				PRODUCT_BUNDLE_IDENTIFIER = me.cocoagrinder.CEFDemo;
				PRODUCT_NAME = CEFDemo;
				SWIFT_OBJC_BRIDGING_HEADER = "CEFDemo-Bridging-Header.h";
				SWIFT_OPTIMIZATION_LEVEL = "-Onone";
				SWIFT_VERSION = 4.0;
				WARNING_CFLAGS = "-Wpartial-availability";
			};
			name = Debug;
		};
		E87836791B93B26500555EC2 /* Release */ = {
			isa = XCBuildConfiguration;
			buildSettings = {
				ASSETCATALOG_COMPILER_APPICON_NAME = AppIcon;
				CLANG_ENABLE_MODULES = YES;
				COMBINE_HIDPI_IMAGES = YES;
				FRAMEWORK_SEARCH_PATHS = "\"$(PROJECT_DIR)/../External/cef_binary/${CONFIGURATION}\"";
				HEADER_SEARCH_PATHS = "\"$(PROJECT_DIR)/../External/cef_binary/${CONFIGURATION}/Chromium Embedded Framework.framework/Headers\"";
				INFOPLIST_FILE = "$(SRCROOT)/Info.plist";
				LD_RUNPATH_SEARCH_PATHS = "$(inherited) @executable_path/../Frameworks";
				PRODUCT_BUNDLE_IDENTIFIER = me.cocoagrinder.CEFDemo;
				PRODUCT_NAME = CEFDemo;
				SWIFT_OBJC_BRIDGING_HEADER = "CEFDemo-Bridging-Header.h";
				SWIFT_VERSION = 4.0;
				WARNING_CFLAGS = "-Wpartial-availability";
			};
			name = Release;
		};
/* End XCBuildConfiguration section */

/* Begin XCConfigurationList section */
		E87836651B93B26400555EC2 /* Build configuration list for PBXProject "CEFDemo" */ = {
			isa = XCConfigurationList;
			buildConfigurations = (
				E87836751B93B26500555EC2 /* Debug */,
				E87836761B93B26500555EC2 /* Release */,
			);
			defaultConfigurationIsVisible = 0;
			defaultConfigurationName = Release;
		};
		E87836771B93B26500555EC2 /* Build configuration list for PBXNativeTarget "CEFDemo" */ = {
			isa = XCConfigurationList;
			buildConfigurations = (
				E87836781B93B26500555EC2 /* Debug */,
				E87836791B93B26500555EC2 /* Release */,
			);
			defaultConfigurationIsVisible = 0;
			defaultConfigurationName = Release;
		};
/* End XCConfigurationList section */
	};
	rootObject = E87836621B93B26400555EC2 /* Project object */;
}
