// !$*UTF8*$!
{
	archiveVersion = 1;
	classes = {
	};
	objectVersion = 46;
	objects = {

/* Begin PBXBuildFile section */
		E86341771FB7AD0F00D6DEDF /* CEFswift.framework in Frameworks */ = {isa = PBXBuildFile; fileRef = E8727E2F1FB78EC000CE0E66 /* CEFswift.framework */; };
		E86341791FB7AE1800D6DEDF /* CEFswift.framework in Frameworks */ = {isa = PBXBuildFile; fileRef = E8727E2F1FB78EC000CE0E66 /* CEFswift.framework */; };
		E871EC9B1FB398D200ADFF77 /* main.swift in Sources */ = {isa = PBXBuildFile; fileRef = E871EC7D1FB3920700ADFF77 /* main.swift */; };
		E871EC9E1FB399F800ADFF77 /* CEFDemo Helper.app in CopyFiles */ = {isa = PBXBuildFile; fileRef = E871EC8D1FB398AF00ADFF77 /* CEFDemo Helper.app */; settings = {ATTRIBUTES = (RemoveHeadersOnCopy, ); }; };
		E878366E1B93B26400555EC2 /* AppDelegate.swift in Sources */ = {isa = PBXBuildFile; fileRef = E878366D1B93B26400555EC2 /* AppDelegate.swift */; };
		E87836701B93B26400555EC2 /* Assets.xcassets in Resources */ = {isa = PBXBuildFile; fileRef = E878366F1B93B26400555EC2 /* Assets.xcassets */; };
		E87836731B93B26500555EC2 /* MainMenu.xib in Resources */ = {isa = PBXBuildFile; fileRef = E87836711B93B26500555EC2 /* MainMenu.xib */; };
		E878367B1B93B29B00555EC2 /* main.swift in Sources */ = {isa = PBXBuildFile; fileRef = E878367A1B93B29B00555EC2 /* main.swift */; };
		E8A9A6DE1FB83A1B00F41676 /* main.c in Sources */ = {isa = PBXBuildFile; fileRef = E8A9A6DD1FB83A1B00F41676 /* main.c */; };
		E8A9A6DF1FB83BA700F41676 /* Chromium Embedded Framework.framework in Frameworks */ = {isa = PBXBuildFile; fileRef = E86341741FB7A6CC00D6DEDF /* Chromium Embedded Framework.framework */; };
/* End PBXBuildFile section */

/* Begin PBXContainerItemProxy section */
		E8A9A6E01FB83C2500F41676 /* PBXContainerItemProxy */ = {
			isa = PBXContainerItemProxy;
			containerPortal = E87836621B93B26400555EC2 /* Project object */;
			proxyType = 1;
			remoteGlobalIDString = E8A9A6D31FB839D400F41676;
			remoteInfo = "CEFDemo Helper (C)";
		};
/* End PBXContainerItemProxy section */

/* Begin PBXCopyFilesBuildPhase section */
		E87836811B94E45600555EC2 /* CopyFiles */ = {
			isa = PBXCopyFilesBuildPhase;
			buildActionMask = 2147483647;
			dstPath = "";
			dstSubfolderSpec = 10;
			files = (
				E871EC9E1FB399F800ADFF77 /* CEFDemo Helper.app in CopyFiles */,
			);
			runOnlyForDeploymentPostprocessing = 0;
		};
/* End PBXCopyFilesBuildPhase section */

/* Begin PBXFileReference section */
		E86341741FB7A6CC00D6DEDF /* Chromium Embedded Framework.framework */ = {isa = PBXFileReference; lastKnownFileType = wrapper.framework; name = "Chromium Embedded Framework.framework"; path = "../../../../External/cef_binary_3.3202.1683.gb095524_macosx64/Release/Chromium Embedded Framework.framework"; sourceTree = "<group>"; };
		E871EC7D1FB3920700ADFF77 /* main.swift */ = {isa = PBXFileReference; lastKnownFileType = sourcecode.swift; path = main.swift; sourceTree = "<group>"; };
		E871EC8D1FB398AF00ADFF77 /* CEFDemo Helper.app */ = {isa = PBXFileReference; explicitFileType = wrapper.application; includeInIndex = 0; path = "CEFDemo Helper.app"; sourceTree = BUILT_PRODUCTS_DIR; };
		E871EC961FB398AF00ADFF77 /* Info.plist */ = {isa = PBXFileReference; lastKnownFileType = text.plist.xml; path = Info.plist; sourceTree = "<group>"; };
		E8727E2F1FB78EC000CE0E66 /* CEFswift.framework */ = {isa = PBXFileReference; lastKnownFileType = wrapper.framework; path = CEFswift.framework; sourceTree = "<group>"; };
		E878366A1B93B26400555EC2 /* CEFDemo.app */ = {isa = PBXFileReference; explicitFileType = wrapper.application; includeInIndex = 0; path = CEFDemo.app; sourceTree = BUILT_PRODUCTS_DIR; };
		E878366D1B93B26400555EC2 /* AppDelegate.swift */ = {isa = PBXFileReference; lastKnownFileType = sourcecode.swift; path = AppDelegate.swift; sourceTree = "<group>"; };
		E878366F1B93B26400555EC2 /* Assets.xcassets */ = {isa = PBXFileReference; lastKnownFileType = folder.assetcatalog; path = Assets.xcassets; sourceTree = "<group>"; };
		E87836721B93B26500555EC2 /* Base */ = {isa = PBXFileReference; lastKnownFileType = file.xib; name = Base; path = Base.lproj/MainMenu.xib; sourceTree = "<group>"; };
		E87836741B93B26500555EC2 /* Info.plist */ = {isa = PBXFileReference; lastKnownFileType = text.plist.xml; path = Info.plist; sourceTree = "<group>"; };
		E878367A1B93B29B00555EC2 /* main.swift */ = {isa = PBXFileReference; fileEncoding = 4; lastKnownFileType = sourcecode.swift; path = main.swift; sourceTree = "<group>"; };
		E8A9A6DB1FB839D500F41676 /* CEFDemo Helper.app */ = {isa = PBXFileReference; explicitFileType = wrapper.application; includeInIndex = 0; path = "CEFDemo Helper.app"; sourceTree = BUILT_PRODUCTS_DIR; };
		E8A9A6DD1FB83A1B00F41676 /* main.c */ = {isa = PBXFileReference; lastKnownFileType = sourcecode.c.c; path = main.c; sourceTree = "<group>"; };
/* End PBXFileReference section */

/* Begin PBXFrameworksBuildPhase section */
		E871EC8A1FB398AF00ADFF77 /* Frameworks */ = {
			isa = PBXFrameworksBuildPhase;
			buildActionMask = 2147483647;
			files = (
				E86341791FB7AE1800D6DEDF /* CEFswift.framework in Frameworks */,
			);
			runOnlyForDeploymentPostprocessing = 0;
		};
		E87836671B93B26400555EC2 /* Frameworks */ = {
			isa = PBXFrameworksBuildPhase;
			buildActionMask = 2147483647;
			files = (
				E86341771FB7AD0F00D6DEDF /* CEFswift.framework in Frameworks */,
			);
			runOnlyForDeploymentPostprocessing = 0;
		};
		E8A9A6D61FB839D400F41676 /* Frameworks */ = {
			isa = PBXFrameworksBuildPhase;
			buildActionMask = 2147483647;
			files = (
				E8A9A6DF1FB83BA700F41676 /* Chromium Embedded Framework.framework in Frameworks */,
			);
			runOnlyForDeploymentPostprocessing = 0;
		};
/* End PBXFrameworksBuildPhase section */

/* Begin PBXGroup section */
		E84545CF1B965075005CC3D0 /* Library */ = {
			isa = PBXGroup;
			children = (
				E8727E2E1FB78EC000CE0E66 /* Release */,
			);
			path = Library;
			sourceTree = "<group>";
		};
		E871EC711FB3909800ADFF77 /* Frameworks */ = {
			isa = PBXGroup;
			children = (
			);
			name = Frameworks;
			sourceTree = "<group>";
		};
		E871EC8E1FB398AF00ADFF77 /* CEFDemo Helper */ = {
			isa = PBXGroup;
			children = (
				E871EC7D1FB3920700ADFF77 /* main.swift */,
				E871EC961FB398AF00ADFF77 /* Info.plist */,
				E8A9A6DD1FB83A1B00F41676 /* main.c */,
			);
			path = "CEFDemo Helper";
			sourceTree = "<group>";
		};
		E8727E2E1FB78EC000CE0E66 /* Release */ = {
			isa = PBXGroup;
			children = (
				E86341741FB7A6CC00D6DEDF /* Chromium Embedded Framework.framework */,
				E8727E2F1FB78EC000CE0E66 /* CEFswift.framework */,
			);
			path = Release;
			sourceTree = "<group>";
		};
		E87836611B93B26400555EC2 = {
			isa = PBXGroup;
			children = (
				E84545CF1B965075005CC3D0 /* Library */,
				E878366C1B93B26400555EC2 /* CEFDemo */,
				E871EC8E1FB398AF00ADFF77 /* CEFDemo Helper */,
				E878366B1B93B26400555EC2 /* Products */,
				E871EC711FB3909800ADFF77 /* Frameworks */,
			);
			sourceTree = "<group>";
		};
		E878366B1B93B26400555EC2 /* Products */ = {
			isa = PBXGroup;
			children = (
				E878366A1B93B26400555EC2 /* CEFDemo.app */,
				E871EC8D1FB398AF00ADFF77 /* CEFDemo Helper.app */,
				E8A9A6DB1FB839D500F41676 /* CEFDemo Helper.app */,
			);
			name = Products;
			sourceTree = "<group>";
		};
		E878366C1B93B26400555EC2 /* CEFDemo */ = {
			isa = PBXGroup;
			children = (
				E878366D1B93B26400555EC2 /* AppDelegate.swift */,
				E878367A1B93B29B00555EC2 /* main.swift */,
				E878366F1B93B26400555EC2 /* Assets.xcassets */,
				E87836711B93B26500555EC2 /* MainMenu.xib */,
				E87836741B93B26500555EC2 /* Info.plist */,
			);
			path = CEFDemo;
			sourceTree = "<group>";
		};
/* End PBXGroup section */

/* Begin PBXNativeTarget section */
		E871EC8C1FB398AF00ADFF77 /* CEFDemo Helper (Swift) */ = {
			isa = PBXNativeTarget;
			buildConfigurationList = E871EC981FB398AF00ADFF77 /* Build configuration list for PBXNativeTarget "CEFDemo Helper (Swift)" */;
			buildPhases = (
				E871EC891FB398AF00ADFF77 /* Sources */,
				E871EC8A1FB398AF00ADFF77 /* Frameworks */,
			);
			buildRules = (
			);
			dependencies = (
			);
			name = "CEFDemo Helper (Swift)";
			productName = "CEFDemo Helper";
			productReference = E871EC8D1FB398AF00ADFF77 /* CEFDemo Helper.app */;
			productType = "com.apple.product-type.application";
		};
		E87836691B93B26400555EC2 /* CEFDemo */ = {
			isa = PBXNativeTarget;
			buildConfigurationList = E87836771B93B26500555EC2 /* Build configuration list for PBXNativeTarget "CEFDemo" */;
			buildPhases = (
				E87836661B93B26400555EC2 /* Sources */,
				E87836671B93B26400555EC2 /* Frameworks */,
				E87836681B93B26400555EC2 /* Resources */,
				E87836811B94E45600555EC2 /* CopyFiles */,
				E8727E311FB7924700CE0E66 /* Copy frameworks */,
			);
			buildRules = (
			);
			dependencies = (
				E8A9A6E11FB83C2500F41676 /* PBXTargetDependency */,
			);
			name = CEFDemo;
			productName = CEFDemoExt;
			productReference = E878366A1B93B26400555EC2 /* CEFDemo.app */;
			productType = "com.apple.product-type.application";
		};
		E8A9A6D31FB839D400F41676 /* CEFDemo Helper (C) */ = {
			isa = PBXNativeTarget;
			buildConfigurationList = E8A9A6D81FB839D400F41676 /* Build configuration list for PBXNativeTarget "CEFDemo Helper (C)" */;
			buildPhases = (
				E8A9A6D41FB839D400F41676 /* Sources */,
				E8A9A6D61FB839D400F41676 /* Frameworks */,
			);
			buildRules = (
			);
			dependencies = (
			);
			name = "CEFDemo Helper (C)";
			productName = "CEFDemo Helper";
			productReference = E8A9A6DB1FB839D500F41676 /* CEFDemo Helper.app */;
			productType = "com.apple.product-type.application";
		};
/* End PBXNativeTarget section */

/* Begin PBXProject section */
		E87836621B93B26400555EC2 /* Project object */ = {
			isa = PBXProject;
			attributes = {
				LastSwiftUpdateCheck = 0910;
				LastUpgradeCheck = 0900;
				ORGANIZATIONNAME = "Tamas Lustyik";
				TargetAttributes = {
					E871EC8C1FB398AF00ADFF77 = {
						CreatedOnToolsVersion = 9.1;
					};
					E87836691B93B26400555EC2 = {
						CreatedOnToolsVersion = 7.0;
					};
					E8A9A6D31FB839D400F41676 = {
						LastSwiftMigration = 0910;
					};
				};
			};
			buildConfigurationList = E87836651B93B26400555EC2 /* Build configuration list for PBXProject "CEFDemo" */;
			compatibilityVersion = "Xcode 3.2";
			developmentRegion = English;
			hasScannedForEncodings = 0;
			knownRegions = (
				en,
				Base,
			);
			mainGroup = E87836611B93B26400555EC2;
			productRefGroup = E878366B1B93B26400555EC2 /* Products */;
			projectDirPath = "";
			projectRoot = "";
			targets = (
				E87836691B93B26400555EC2 /* CEFDemo */,
				E871EC8C1FB398AF00ADFF77 /* CEFDemo Helper (Swift) */,
				E8A9A6D31FB839D400F41676 /* CEFDemo Helper (C) */,
			);
		};
/* End PBXProject section */

/* Begin PBXResourcesBuildPhase section */
		E87836681B93B26400555EC2 /* Resources */ = {
			isa = PBXResourcesBuildPhase;
			buildActionMask = 2147483647;
			files = (
				E87836701B93B26400555EC2 /* Assets.xcassets in Resources */,
				E87836731B93B26500555EC2 /* MainMenu.xib in Resources */,
			);
			runOnlyForDeploymentPostprocessing = 0;
		};
/* End PBXResourcesBuildPhase section */

/* Begin PBXShellScriptBuildPhase section */
		E8727E311FB7924700CE0E66 /* Copy frameworks */ = {
			isa = PBXShellScriptBuildPhase;
			buildActionMask = 2147483647;
			files = (
			);
			inputPaths = (
			);
			name = "Copy frameworks";
			outputPaths = (
			);
			runOnlyForDeploymentPostprocessing = 0;
			shellPath = /bin/sh;
			shellScript = "set -e\n\nfor FW in CEFswift \"Chromium Embedded Framework\"\ndo\n    rm -rf \"${BUILT_PRODUCTS_DIR}/CEFDemo.app/Contents/Frameworks/${FW}.framework\"\n    cp -R \"${PROJECT_DIR}/Library/Release/${FW}.framework\" \"${BUILT_PRODUCTS_DIR}/CEFDemo.app/Contents/Frameworks/\"\ndone\n";
		};
/* End PBXShellScriptBuildPhase section */

/* Begin PBXSourcesBuildPhase section */
		E871EC891FB398AF00ADFF77 /* Sources */ = {
			isa = PBXSourcesBuildPhase;
			buildActionMask = 2147483647;
			files = (
				E871EC9B1FB398D200ADFF77 /* main.swift in Sources */,
			);
			runOnlyForDeploymentPostprocessing = 0;
		};
		E87836661B93B26400555EC2 /* Sources */ = {
			isa = PBXSourcesBuildPhase;
			buildActionMask = 2147483647;
			files = (
				E878367B1B93B29B00555EC2 /* main.swift in Sources */,
				E878366E1B93B26400555EC2 /* AppDelegate.swift in Sources */,
			);
			runOnlyForDeploymentPostprocessing = 0;
		};
		E8A9A6D41FB839D400F41676 /* Sources */ = {
			isa = PBXSourcesBuildPhase;
			buildActionMask = 2147483647;
			files = (
				E8A9A6DE1FB83A1B00F41676 /* main.c in Sources */,
			);
			runOnlyForDeploymentPostprocessing = 0;
		};
/* End PBXSourcesBuildPhase section */

/* Begin PBXTargetDependency section */
		E8A9A6E11FB83C2500F41676 /* PBXTargetDependency */ = {
			isa = PBXTargetDependency;
			target = E8A9A6D31FB839D400F41676 /* CEFDemo Helper (C) */;
			targetProxy = E8A9A6E01FB83C2500F41676 /* PBXContainerItemProxy */;
		};
/* End PBXTargetDependency section */

/* Begin PBXVariantGroup section */
		E87836711B93B26500555EC2 /* MainMenu.xib */ = {
			isa = PBXVariantGroup;
			children = (
				E87836721B93B26500555EC2 /* Base */,
			);
			name = MainMenu.xib;
			sourceTree = "<group>";
		};
/* End PBXVariantGroup section */

/* Begin XCBuildConfiguration section */
		E871EC991FB398AF00ADFF77 /* Debug */ = {
			isa = XCBuildConfiguration;
			buildSettings = {
				ASSETCATALOG_COMPILER_APPICON_NAME = AppIcon;
				CLANG_ANALYZER_NONNULL = YES;
				CLANG_ANALYZER_NUMBER_OBJECT_CONVERSION = YES_AGGRESSIVE;
				CLANG_CXX_LANGUAGE_STANDARD = "gnu++14";
				CLANG_WARN_DOCUMENTATION_COMMENTS = YES;
				CLANG_WARN_UNGUARDED_AVAILABILITY = YES_AGGRESSIVE;
				COMBINE_HIDPI_IMAGES = YES;
				FRAMEWORK_SEARCH_PATHS = (
					"$(inherited)",
					"$(PROJECT_DIR)/Library/Release",
				);
				GCC_C_LANGUAGE_STANDARD = gnu11;
				HEADER_SEARCH_PATHS = "\"$(PROJECT_DIR)/Library/Release/Chromium Embedded Framework.framework/Headers\"";
				INFOPLIST_FILE = "CEFDemo Helper/Info.plist";
				LD_RUNPATH_SEARCH_PATHS = "@executable_path/../../..";
				PRODUCT_BUNDLE_IDENTIFIER = "me.cocoagrinder.CEFDemo-Helper";
				PRODUCT_NAME = "CEFDemo Helper";
				SWIFT_ACTIVE_COMPILATION_CONDITIONS = DEBUG;
				SWIFT_VERSION = 4.0;
			};
			name = Debug;
		};
		E871EC9A1FB398AF00ADFF77 /* Release */ = {
			isa = XCBuildConfiguration;
			buildSettings = {
				ASSETCATALOG_COMPILER_APPICON_NAME = AppIcon;
				CLANG_ANALYZER_NONNULL = YES;
				CLANG_ANALYZER_NUMBER_OBJECT_CONVERSION = YES_AGGRESSIVE;
				CLANG_CXX_LANGUAGE_STANDARD = "gnu++14";
				CLANG_WARN_DOCUMENTATION_COMMENTS = YES;
				CLANG_WARN_UNGUARDED_AVAILABILITY = YES_AGGRESSIVE;
				COMBINE_HIDPI_IMAGES = YES;
				FRAMEWORK_SEARCH_PATHS = (
					"$(inherited)",
					"$(PROJECT_DIR)/Library/Release",
				);
				GCC_C_LANGUAGE_STANDARD = gnu11;
				HEADER_SEARCH_PATHS = "\"$(PROJECT_DIR)/Library/Release/Chromium Embedded Framework.framework/Headers\"";
				INFOPLIST_FILE = "CEFDemo Helper/Info.plist";
				LD_RUNPATH_SEARCH_PATHS = "@executable_path/../../..";
				PRODUCT_BUNDLE_IDENTIFIER = "me.cocoagrinder.CEFDemo-Helper";
				PRODUCT_NAME = "CEFDemo Helper";
				SWIFT_VERSION = 4.0;
			};
			name = Release;
		};
		E87836751B93B26500555EC2 /* Debug */ = {
			isa = XCBuildConfiguration;
			buildSettings = {
				ALWAYS_SEARCH_USER_PATHS = NO;
				CLANG_CXX_LANGUAGE_STANDARD = "gnu++0x";
				CLANG_CXX_LIBRARY = "libc++";
				CLANG_ENABLE_MODULES = YES;
				CLANG_ENABLE_OBJC_ARC = YES;
				CLANG_WARN_BLOCK_CAPTURE_AUTORELEASING = YES;
				CLANG_WARN_BOOL_CONVERSION = YES;
				CLANG_WARN_COMMA = YES;
				CLANG_WARN_CONSTANT_CONVERSION = YES;
				CLANG_WARN_DIRECT_OBJC_ISA_USAGE = YES_ERROR;
				CLANG_WARN_EMPTY_BODY = YES;
				CLANG_WARN_ENUM_CONVERSION = YES;
				CLANG_WARN_INFINITE_RECURSION = YES;
				CLANG_WARN_INT_CONVERSION = YES;
				CLANG_WARN_NON_LITERAL_NULL_CONVERSION = YES;
				CLANG_WARN_OBJC_LITERAL_CONVERSION = YES;
				CLANG_WARN_OBJC_ROOT_CLASS = YES_ERROR;
				CLANG_WARN_RANGE_LOOP_ANALYSIS = YES;
				CLANG_WARN_STRICT_PROTOTYPES = YES;
				CLANG_WARN_SUSPICIOUS_MOVE = YES;
				CLANG_WARN_UNREACHABLE_CODE = YES;
				CLANG_WARN__DUPLICATE_METHOD_MATCH = YES;
				COPY_PHASE_STRIP = NO;
				DEBUG_INFORMATION_FORMAT = dwarf;
				ENABLE_STRICT_OBJC_MSGSEND = YES;
				ENABLE_TESTABILITY = YES;
				GCC_C_LANGUAGE_STANDARD = gnu99;
				GCC_DYNAMIC_NO_PIC = NO;
				GCC_NO_COMMON_BLOCKS = YES;
				GCC_OPTIMIZATION_LEVEL = 0;
				GCC_PREPROCESSOR_DEFINITIONS = (
					"DEBUG=1",
					"$(inherited)",
				);
				GCC_WARN_64_TO_32_BIT_CONVERSION = YES;
				GCC_WARN_ABOUT_RETURN_TYPE = YES_ERROR;
				GCC_WARN_UNDECLARED_SELECTOR = YES;
				GCC_WARN_UNINITIALIZED_AUTOS = YES_AGGRESSIVE;
				GCC_WARN_UNUSED_FUNCTION = YES;
				GCC_WARN_UNUSED_VARIABLE = YES;
				MACOSX_DEPLOYMENT_TARGET = 10.9;
				MTL_ENABLE_DEBUG_INFO = YES;
				ONLY_ACTIVE_ARCH = YES;
				SDKROOT = macosx;
				SWIFT_OPTIMIZATION_LEVEL = "-Onone";
			};
			name = Debug;
		};
		E87836761B93B26500555EC2 /* Release */ = {
			isa = XCBuildConfiguration;
			buildSettings = {
				ALWAYS_SEARCH_USER_PATHS = NO;
				CLANG_CXX_LANGUAGE_STANDARD = "gnu++0x";
				CLANG_CXX_LIBRARY = "libc++";
				CLANG_ENABLE_MODULES = YES;
				CLANG_ENABLE_OBJC_ARC = YES;
				CLANG_WARN_BLOCK_CAPTURE_AUTORELEASING = YES;
				CLANG_WARN_BOOL_CONVERSION = YES;
				CLANG_WARN_COMMA = YES;
				CLANG_WARN_CONSTANT_CONVERSION = YES;
				CLANG_WARN_DIRECT_OBJC_ISA_USAGE = YES_ERROR;
				CLANG_WARN_EMPTY_BODY = YES;
				CLANG_WARN_ENUM_CONVERSION = YES;
				CLANG_WARN_INFINITE_RECURSION = YES;
				CLANG_WARN_INT_CONVERSION = YES;
				CLANG_WARN_NON_LITERAL_NULL_CONVERSION = YES;
				CLANG_WARN_OBJC_LITERAL_CONVERSION = YES;
				CLANG_WARN_OBJC_ROOT_CLASS = YES_ERROR;
				CLANG_WARN_RANGE_LOOP_ANALYSIS = YES;
				CLANG_WARN_STRICT_PROTOTYPES = YES;
				CLANG_WARN_SUSPICIOUS_MOVE = YES;
				CLANG_WARN_UNREACHABLE_CODE = YES;
				CLANG_WARN__DUPLICATE_METHOD_MATCH = YES;
				COPY_PHASE_STRIP = NO;
				DEBUG_INFORMATION_FORMAT = "dwarf-with-dsym";
				ENABLE_NS_ASSERTIONS = NO;
				ENABLE_STRICT_OBJC_MSGSEND = YES;
				GCC_C_LANGUAGE_STANDARD = gnu99;
				GCC_NO_COMMON_BLOCKS = YES;
				GCC_WARN_64_TO_32_BIT_CONVERSION = YES;
				GCC_WARN_ABOUT_RETURN_TYPE = YES_ERROR;
				GCC_WARN_UNDECLARED_SELECTOR = YES;
				GCC_WARN_UNINITIALIZED_AUTOS = YES_AGGRESSIVE;
				GCC_WARN_UNUSED_FUNCTION = YES;
				GCC_WARN_UNUSED_VARIABLE = YES;
				MACOSX_DEPLOYMENT_TARGET = 10.9;
				MTL_ENABLE_DEBUG_INFO = NO;
				SDKROOT = macosx;
				SWIFT_OPTIMIZATION_LEVEL = "-Owholemodule";
			};
			name = Release;
		};
		E87836781B93B26500555EC2 /* Debug */ = {
			isa = XCBuildConfiguration;
			buildSettings = {
				ASSETCATALOG_COMPILER_APPICON_NAME = AppIcon;
				COMBINE_HIDPI_IMAGES = YES;
				FRAMEWORK_SEARCH_PATHS = "$(PROJECT_DIR)/Library/Release";
				HEADER_SEARCH_PATHS = "\"$(PROJECT_DIR)/Library/Release/Chromium Embedded Framework.framework/Headers\"";
				INFOPLIST_FILE = CEFDemo/Info.plist;
				LD_RUNPATH_SEARCH_PATHS = "$(inherited) @executable_path/../Frameworks";
				PRODUCT_BUNDLE_IDENTIFIER = me.cocoagrinder.CEFDemo;
				PRODUCT_NAME = CEFDemo;
				SWIFT_VERSION = 4.0;
				WARNING_CFLAGS = "-Wpartial-availability";
			};
			name = Debug;
		};
		E87836791B93B26500555EC2 /* Release */ = {
			isa = XCBuildConfiguration;
			buildSettings = {
				ASSETCATALOG_COMPILER_APPICON_NAME = AppIcon;
				COMBINE_HIDPI_IMAGES = YES;
				FRAMEWORK_SEARCH_PATHS = "$(PROJECT_DIR)/Library/Release";
				HEADER_SEARCH_PATHS = "\"$(PROJECT_DIR)/Library/Release/Chromium Embedded Framework.framework/Headers\"";
				INFOPLIST_FILE = CEFDemo/Info.plist;
				LD_RUNPATH_SEARCH_PATHS = "$(inherited) @executable_path/../Frameworks";
				PRODUCT_BUNDLE_IDENTIFIER = me.cocoagrinder.CEFDemo;
				PRODUCT_NAME = CEFDemo;
				SWIFT_VERSION = 4.0;
				WARNING_CFLAGS = "-Wpartial-availability";
			};
			name = Release;
		};
		E8A9A6D91FB839D400F41676 /* Debug */ = {
			isa = XCBuildConfiguration;
			buildSettings = {
				ASSETCATALOG_COMPILER_APPICON_NAME = AppIcon;
				CLANG_ANALYZER_NONNULL = YES;
				CLANG_ANALYZER_NUMBER_OBJECT_CONVERSION = YES_AGGRESSIVE;
				CLANG_CXX_LANGUAGE_STANDARD = "gnu++14";
				CLANG_WARN_DOCUMENTATION_COMMENTS = YES;
				CLANG_WARN_STRICT_PROTOTYPES = NO;
				CLANG_WARN_UNGUARDED_AVAILABILITY = YES_AGGRESSIVE;
				COMBINE_HIDPI_IMAGES = YES;
				FRAMEWORK_SEARCH_PATHS = "$(PROJECT_DIR)/Library/Release";
				GCC_C_LANGUAGE_STANDARD = gnu11;
				HEADER_SEARCH_PATHS = "\"$(PROJECT_DIR)/Library/Release/Chromium Embedded Framework.framework/Headers\"";
				INFOPLIST_FILE = "CEFDemo Helper/Info.plist";
				LD_RUNPATH_SEARCH_PATHS = "@executable_path/../../..";
				PRODUCT_BUNDLE_IDENTIFIER = "me.cocoagrinder.CEFDemo-Helper";
				PRODUCT_NAME = "CEFDemo Helper";
			};
			name = Debug;
		};
		E8A9A6DA1FB839D400F41676 /* Release */ = {
			isa = XCBuildConfiguration;
			buildSettings = {
				ASSETCATALOG_COMPILER_APPICON_NAME = AppIcon;
				CLANG_ANALYZER_NONNULL = YES;
				CLANG_ANALYZER_NUMBER_OBJECT_CONVERSION = YES_AGGRESSIVE;
				CLANG_CXX_LANGUAGE_STANDARD = "gnu++14";
				CLANG_WARN_DOCUMENTATION_COMMENTS = YES;
				CLANG_WARN_STRICT_PROTOTYPES = NO;
				CLANG_WARN_UNGUARDED_AVAILABILITY = YES_AGGRESSIVE;
				COMBINE_HIDPI_IMAGES = YES;
				FRAMEWORK_SEARCH_PATHS = "$(PROJECT_DIR)/Library/Release";
				GCC_C_LANGUAGE_STANDARD = gnu11;
				HEADER_SEARCH_PATHS = "\"$(PROJECT_DIR)/Library/Release/Chromium Embedded Framework.framework/Headers\"";
				INFOPLIST_FILE = "CEFDemo Helper/Info.plist";
				LD_RUNPATH_SEARCH_PATHS = "@executable_path/../../..";
				PRODUCT_BUNDLE_IDENTIFIER = "me.cocoagrinder.CEFDemo-Helper";
				PRODUCT_NAME = "CEFDemo Helper";
			};
			name = Release;
		};
/* End XCBuildConfiguration section */

/* Begin XCConfigurationList section */
		E871EC981FB398AF00ADFF77 /* Build configuration list for PBXNativeTarget "CEFDemo Helper (Swift)" */ = {
			isa = XCConfigurationList;
			buildConfigurations = (
				E871EC991FB398AF00ADFF77 /* Debug */,
				E871EC9A1FB398AF00ADFF77 /* Release */,
			);
			defaultConfigurationIsVisible = 0;
			defaultConfigurationName = Release;
		};
		E87836651B93B26400555EC2 /* Build configuration list for PBXProject "CEFDemo" */ = {
			isa = XCConfigurationList;
			buildConfigurations = (
				E87836751B93B26500555EC2 /* Debug */,
				E87836761B93B26500555EC2 /* Release */,
			);
			defaultConfigurationIsVisible = 0;
			defaultConfigurationName = Release;
		};
		E87836771B93B26500555EC2 /* Build configuration list for PBXNativeTarget "CEFDemo" */ = {
			isa = XCConfigurationList;
			buildConfigurations = (
				E87836781B93B26500555EC2 /* Debug */,
				E87836791B93B26500555EC2 /* Release */,
			);
			defaultConfigurationIsVisible = 0;
			defaultConfigurationName = Release;
		};
		E8A9A6D81FB839D400F41676 /* Build configuration list for PBXNativeTarget "CEFDemo Helper (C)" */ = {
			isa = XCConfigurationList;
			buildConfigurations = (
				E8A9A6D91FB839D400F41676 /* Debug */,
				E8A9A6DA1FB839D400F41676 /* Release */,
			);
			defaultConfigurationIsVisible = 0;
			defaultConfigurationName = Release;
		};
/* End XCConfigurationList section */
	};
	rootObject = E87836621B93B26400555EC2 /* Project object */;
}
